{
	"name": "@msrvida/vega-deck.gl",
	"version": "3.0.0-alpha.2",
	"lockfileVersion": 1,
	"requires": true,
	"dependencies": {
		"@babel/runtime": {
			"version": "7.9.6",
			"resolved": "https://registry.npmjs.org/@babel/runtime/-/runtime-7.9.6.tgz",
			"integrity": "sha512-64AF1xY3OAkFHqOb9s4jpgk1Mm5vDZ4L3acHvAml+53nO1XbXLuDodsVpO4OIUsmemlUHMxNdYMNJmsvOwLrvQ==",
			"dev": true,
			"requires": {
				"regenerator-runtime": "^0.13.4"
			}
		},
		"@danmarshall/deckgl-typings": {
			"version": "4.1.5",
			"resolved": "https://registry.npmjs.org/@danmarshall/deckgl-typings/-/deckgl-typings-4.1.5.tgz",
			"integrity": "sha512-wxUnbIP+8ZKdSN1NWoaAm+mTHZn2/jZY4zw3VW+j5MnvHoDtl3HaJRGcbtjTiKOuKD2xJ3YAcT1vuSZScCjDXw==",
			"requires": {
				"@types/hammerjs": "^2.0.36",
				"@types/react": "*",
				"indefinitely-typed": "^1.1.0"
			}
		},
		"@deck.gl/core": {
			"version": "8.1.4",
			"resolved": "https://registry.npmjs.org/@deck.gl/core/-/core-8.1.4.tgz",
			"integrity": "sha512-7BduTC5WHBq6nC2zQnb4CPE5L2VBEw8rEsLzJO/VtUrg3jGg1zhptt20NDYi5vLtWkr+K2Z6vuMExSuK3+tdtQ==",
			"dev": true,
			"requires": {
				"@loaders.gl/core": "^2.1.1",
				"@loaders.gl/images": "^2.1.1",
				"@luma.gl/core": "^8.1.2",
				"@math.gl/web-mercator": "^3.1.3",
				"gl-matrix": "^3.0.0",
				"math.gl": "^3.1.2",
				"mjolnir.js": "^2.3.0",
				"probe.gl": "^3.2.1"
			},
			"dependencies": {
				"@loaders.gl/core": {
					"version": "2.1.3",
					"resolved": "https://registry.npmjs.org/@loaders.gl/core/-/core-2.1.3.tgz",
					"integrity": "sha512-wm5NejtvHtGTbphfz/8WBUQGIVfZQus/yniKc1QJAYQ887/jdy+5b7bdbFnaCSScyNE6N28H/wwvNBIJntmbLg==",
					"dev": true,
					"requires": {
						"@babel/runtime": "^7.3.1",
						"@loaders.gl/loader-utils": "2.1.3"
					}
				},
				"@loaders.gl/images": {
					"version": "2.1.3",
					"resolved": "https://registry.npmjs.org/@loaders.gl/images/-/images-2.1.3.tgz",
					"integrity": "sha512-IggmcXDO1YVn6QgYQ5xbv4RG8TDfSmPG5hD8hf5/cjkKa1zCrR9cmeIJISET82Fp56zF/gbAxO5WGRgI3azrhQ==",
					"dev": true,
					"requires": {
						"@loaders.gl/loader-utils": "2.1.3"
					}
				},
				"@loaders.gl/loader-utils": {
					"version": "2.1.3",
					"resolved": "https://registry.npmjs.org/@loaders.gl/loader-utils/-/loader-utils-2.1.3.tgz",
					"integrity": "sha512-k/YBcVfjW2mXwjKRmlhE9aA4ql6Jpeaj95dHQGimExVVqwtSvnd/qk3ScGHMsMxqSL9lUhTy6r9RTzDEnytDuw==",
					"dev": true,
					"requires": {
						"@babel/runtime": "^7.3.1",
						"@probe.gl/stats": "^3.2.1"
					}
				}
			}
		},
		"@deck.gl/layers": {
			"version": "8.1.4",
			"resolved": "https://registry.npmjs.org/@deck.gl/layers/-/layers-8.1.4.tgz",
			"integrity": "sha512-2PB43Qxgln1cqv4qtxZYEergghC4LiqTt56JN/6bVHI61sd3UonRA0RP4iMqUquIwwu0PfyuntFwFdJ0C5hLkg==",
			"dev": true,
			"requires": {
				"@loaders.gl/core": "^2.1.1",
				"@loaders.gl/images": "^2.1.1",
				"@mapbox/tiny-sdf": "^1.1.0",
				"earcut": "^2.0.6"
			},
			"dependencies": {
				"@loaders.gl/core": {
					"version": "2.1.3",
					"resolved": "https://registry.npmjs.org/@loaders.gl/core/-/core-2.1.3.tgz",
					"integrity": "sha512-wm5NejtvHtGTbphfz/8WBUQGIVfZQus/yniKc1QJAYQ887/jdy+5b7bdbFnaCSScyNE6N28H/wwvNBIJntmbLg==",
					"dev": true,
					"requires": {
						"@babel/runtime": "^7.3.1",
						"@loaders.gl/loader-utils": "2.1.3"
					}
				},
				"@loaders.gl/images": {
					"version": "2.1.3",
					"resolved": "https://registry.npmjs.org/@loaders.gl/images/-/images-2.1.3.tgz",
					"integrity": "sha512-IggmcXDO1YVn6QgYQ5xbv4RG8TDfSmPG5hD8hf5/cjkKa1zCrR9cmeIJISET82Fp56zF/gbAxO5WGRgI3azrhQ==",
					"dev": true,
					"requires": {
						"@loaders.gl/loader-utils": "2.1.3"
					}
				},
				"@loaders.gl/loader-utils": {
					"version": "2.1.3",
					"resolved": "https://registry.npmjs.org/@loaders.gl/loader-utils/-/loader-utils-2.1.3.tgz",
					"integrity": "sha512-k/YBcVfjW2mXwjKRmlhE9aA4ql6Jpeaj95dHQGimExVVqwtSvnd/qk3ScGHMsMxqSL9lUhTy6r9RTzDEnytDuw==",
					"dev": true,
					"requires": {
						"@babel/runtime": "^7.3.1",
						"@probe.gl/stats": "^3.2.1"
					}
				}
			}
		},
		"@luma.gl/constants": {
			"version": "8.1.2",
			"resolved": "https://registry.npmjs.org/@luma.gl/constants/-/constants-8.1.2.tgz",
			"integrity": "sha512-xhEPc4U8HFo8qDtPqu8wB9/HuYOqMYH9JfEWouj4wn7CXbGApoOpmJemwHwQtnoEQ+XLwsDy9ihHK+2uwYt+fQ==",
			"dev": true
		},
		"@luma.gl/core": {
			"version": "8.1.2",
			"resolved": "https://registry.npmjs.org/@luma.gl/core/-/core-8.1.2.tgz",
			"integrity": "sha512-l3yovFtqpY4LCRj0LRJFXv4fnC8tVGoEYpTPbt+wAW2yal8CGfAlODpd7h176yl+R/upq5PqX108/2G2NBk22Q==",
			"dev": true,
			"requires": {
				"@babel/runtime": "^7.0.0",
				"@luma.gl/constants": "8.1.2",
				"@luma.gl/engine": "8.1.2",
				"@luma.gl/shadertools": "8.1.2",
				"@luma.gl/webgl": "8.1.2"
			}
		},
		"@luma.gl/engine": {
			"version": "8.1.2",
			"resolved": "https://registry.npmjs.org/@luma.gl/engine/-/engine-8.1.2.tgz",
			"integrity": "sha512-uEJQSpZfQvR3pSgS9/7aXKAFOa46NYHpUBByTO0JK719t/+412q9wqi+cYe79A02QzYuwRFdojOQ1PuoVpNN/Q==",
			"dev": true,
			"requires": {
				"@babel/runtime": "^7.0.0",
				"@luma.gl/constants": "8.1.2",
				"@luma.gl/gltools": "8.1.2",
				"@luma.gl/shadertools": "8.1.2",
				"@luma.gl/webgl": "8.1.2",
				"math.gl": "^3.1.3",
				"probe.gl": "^3.2.1"
			}
		},
		"@luma.gl/gltools": {
			"version": "8.1.2",
			"resolved": "https://registry.npmjs.org/@luma.gl/gltools/-/gltools-8.1.2.tgz",
			"integrity": "sha512-I8J+7bEm8ucfhoKlHtQhyaYF3NyGmTeYYMRNq9h8hbGQko4ztJBUWYKzBaEk49RxcejXhCv1RDaPCFLevXM2sQ==",
			"dev": true,
			"requires": {
				"@babel/runtime": "^7.0.0",
				"@luma.gl/constants": "8.1.2",
				"probe.gl": "^3.2.1"
			}
		},
		"@luma.gl/shadertools": {
			"version": "8.1.2",
			"resolved": "https://registry.npmjs.org/@luma.gl/shadertools/-/shadertools-8.1.2.tgz",
			"integrity": "sha512-8CCKs7PMP7vYg9RbNmfBUqYrAyWTrEnUJz481/npeGVjKKuGN8tSksht//sSKmryEcT/WqairOBxpgaVPDFf+w==",
			"dev": true,
			"requires": {
				"@babel/runtime": "^7.0.0",
				"math.gl": "^3.1.3"
			}
		},
		"@luma.gl/webgl": {
			"version": "8.1.2",
			"resolved": "https://registry.npmjs.org/@luma.gl/webgl/-/webgl-8.1.2.tgz",
			"integrity": "sha512-XK26eOX1nkH3D/dubSxJTX/nHfIugOm4a4zT4jHKnyWQNi0WU07S1KBnYVXRRWvu3KaHR4wsT/O5R573CiyDGw==",
			"dev": true,
			"requires": {
				"@babel/runtime": "^7.0.0",
				"@luma.gl/constants": "8.1.2",
				"@luma.gl/gltools": "8.1.2",
				"probe.gl": "^3.2.1"
			}
		},
		"@mapbox/tiny-sdf": {
			"version": "1.1.1",
			"resolved": "https://registry.npmjs.org/@mapbox/tiny-sdf/-/tiny-sdf-1.1.1.tgz",
			"integrity": "sha512-Ihn1nZcGIswJ5XGbgFAvVumOgWpvIjBX9jiRlIl46uQG9vJOF51ViBYHF95rEZupuyQbEmhLaDPLQlU7fUTsBg=="
		},
		"@math.gl/core": {
			"version": "3.1.3",
			"resolved": "https://registry.npmjs.org/@math.gl/core/-/core-3.1.3.tgz",
			"integrity": "sha512-vpYyUYaE9h5KhJC4BJp4CeWThB7rrfs40d36dKkn45Vgzuj2lVCJ8FeU0S5XWYa495DLxxECED0IZt9ROvlwcg==",
			"dev": true,
			"requires": {
				"@babel/runtime": "^7.0.0",
				"gl-matrix": "^3.0.0"
			}
		},
		"@math.gl/web-mercator": {
			"version": "3.1.3",
			"resolved": "https://registry.npmjs.org/@math.gl/web-mercator/-/web-mercator-3.1.3.tgz",
			"integrity": "sha512-aU+3upxkdA9yObA7EudfEKfN/QH4o5impyc7s/a34J2hZKPsihgREphxnKzl2RknXD/KoL7MnQv589LToAJGMQ==",
			"dev": true,
			"requires": {
				"@babel/runtime": "^7.0.0",
				"gl-matrix": "^3.0.0"
			}
		},
		"@probe.gl/stats": {
			"version": "3.2.1",
			"resolved": "https://registry.npmjs.org/@probe.gl/stats/-/stats-3.2.1.tgz",
			"integrity": "sha512-tXe5krgbodxtVdUVWG4oIicMoCHNGp7QYkaHSDrUeTfJVqYuZz99T6r7qmn0bCo4wQlzn936jJ+QiAltHxatig==",
			"dev": true,
			"requires": {
				"@babel/runtime": "^7.0.0"
			}
		},
		"@types/hammerjs": {
			"version": "2.0.36",
			"resolved": "https://registry.npmjs.org/@types/hammerjs/-/hammerjs-2.0.36.tgz",
			"integrity": "sha512-7TUK/k2/QGpEAv/BCwSHlYu3NXZhQ9ZwBYpzr9tjlPIL2C5BeGhH3DmVavRx3ZNyELX5TLC91JTz/cen6AAtIQ=="
		},
		"@types/react": {
			"version": "16.4.7",
			"resolved": "https://registry.npmjs.org/@types/react/-/react-16.4.7.tgz",
			"integrity": "sha512-tHpSs7HMyjnpyfzka1G0pYh7rBNdpwGgcIDT4vfV6jUaR69yOHo/vNH2H+d9iYHo9xnX4qDe7UalPe9HiGRkLw==",
			"requires": {
				"csstype": "^2.2.0"
			}
		},
		"csstype": {
			"version": "2.6.10",
			"resolved": "https://registry.npmjs.org/csstype/-/csstype-2.6.10.tgz",
			"integrity": "sha512-D34BqZU4cIlMCY93rZHbrq9pjTAQJ3U8S8rfBqjwHxkGPThWFjzZDQpgMJY0QViLxth6ZKYiwFBo14RdN44U/w=="
		},
		"d3-color": {
			"version": "1.4.0",
			"resolved": "https://registry.npmjs.org/d3-color/-/d3-color-1.4.0.tgz",
			"integrity": "sha512-TzNPeJy2+iEepfiL92LAAB7fvnp/dV2YwANPVHdDWmYMm23qIJBYww3qT8I8C1wXrmrg4UWs7BKc2tKIgyjzHg=="
		},
		"d3-ease": {
			"version": "1.0.6",
			"resolved": "https://registry.npmjs.org/d3-ease/-/d3-ease-1.0.6.tgz",
			"integrity": "sha512-SZ/lVU7LRXafqp7XtIcBdxnWl8yyLpgOmzAk0mWBI9gXNzLDx5ybZgnRbH9dN/yY5tzVBqCQ9avltSnqVwessQ=="
		},
		"deepmerge": {
			"version": "2.2.1",
			"resolved": "https://registry.npmjs.org/deepmerge/-/deepmerge-2.2.1.tgz",
			"integrity": "sha512-R9hc1Xa/NOBi9WRVUWg19rl1UB7Tt4kuPd+thNJgFZoxXsTz7ncaPaeIm+40oSGuP33DfMb4sZt1QIGiJzC4EA=="
		},
		"earcut": {
			"version": "2.2.2",
			"resolved": "https://registry.npmjs.org/earcut/-/earcut-2.2.2.tgz",
			"integrity": "sha512-eZoZPPJcUHnfRZ0PjLvx2qBordSiO8ofC3vt+qACLM95u+4DovnbYNpQtJh0DNsWj8RnxrQytD4WA8gj5cRIaQ==",
			"dev": true
		},
		"fs-extra": {
			"version": "7.0.1",
			"resolved": "https://registry.npmjs.org/fs-extra/-/fs-extra-7.0.1.tgz",
			"integrity": "sha512-YJDaCJZEnBmcbw13fvdAM9AwNOJwOzrE4pqMqBq5nFiEqXUqHwlK4B+3pUw6JNvfSPtX05xFHtYy/1ni01eGCw==",
			"requires": {
				"graceful-fs": "^4.1.2",
				"jsonfile": "^4.0.0",
				"universalify": "^0.1.0"
			}
		},
		"gl-matrix": {
			"version": "3.3.0",
			"resolved": "https://registry.npmjs.org/gl-matrix/-/gl-matrix-3.3.0.tgz",
			"integrity": "sha512-COb7LDz+SXaHtl/h4LeaFcNdJdAQSDeVqjiIihSXNrkWObZLhDI4hIkZC11Aeqp7bcE72clzB0BnDXr2SmslRA==",
			"dev": true
		},
		"graceful-fs": {
			"version": "4.2.4",
			"resolved": "https://registry.npmjs.org/graceful-fs/-/graceful-fs-4.2.4.tgz",
			"integrity": "sha512-WjKPNJF79dtJAVniUlGGWHYGz2jWxT6VhN/4m1NdkbZ2nOsEF+cI1Edgql5zCRhs/VsQYRvrXctxktVXZUkixw=="
		},
		"hammerjs": {
			"version": "2.0.8",
			"resolved": "https://registry.npmjs.org/hammerjs/-/hammerjs-2.0.8.tgz",
			"integrity": "sha1-BO93hiz/K7edMPdpIJWTAiK/YPE=",
			"dev": true
		},
		"html-tags": {
			"version": "2.0.0",
			"resolved": "https://registry.npmjs.org/html-tags/-/html-tags-2.0.0.tgz",
			"integrity": "sha1-ELMKOGCF9Dzt41PMj6fLDe7qZos="
		},
		"indefinitely-typed": {
			"version": "1.1.0",
			"resolved": "https://registry.npmjs.org/indefinitely-typed/-/indefinitely-typed-1.1.0.tgz",
			"integrity": "sha512-giaI0hCj+wWZIZZLsmWHI+LrM4Hwc+rEZ/VrgCafKePcnE42fLnQTFt4xspqLin8fCjI5WnQr2fep/0EFqjaxw==",
			"requires": {
				"fs-extra": "^7.0.0",
				"minimist": "^1.2.5"
			}
		},
		"jsonfile": {
			"version": "4.0.0",
			"resolved": "https://registry.npmjs.org/jsonfile/-/jsonfile-4.0.0.tgz",
			"integrity": "sha1-h3Gq4HmbZAdrdmQPygWPnBDjPss=",
			"requires": {
				"graceful-fs": "^4.1.6"
			}
		},
		"math.gl": {
			"version": "3.1.3",
			"resolved": "https://registry.npmjs.org/math.gl/-/math.gl-3.1.3.tgz",
			"integrity": "sha512-3OYCtzTOW1wkZufjsxk8g1D77+z+x7QehOZcMFPGgw1QjVEFNcyy3ql6hdrZpUlkyE3pX4lYak7WOIE+n0obYg==",
			"dev": true,
			"requires": {
				"@math.gl/core": "3.1.3"
			}
		},
		"minimist": {
			"version": "1.2.5",
			"resolved": "https://registry.npmjs.org/minimist/-/minimist-1.2.5.tgz",
			"integrity": "sha512-FM9nNUYrRBAELZQT3xeZQ7fmMOBg6nWNmJKTcgsJeaLstP/UODVpGsr5OhXhhXg6f+qtJ8uiZ+PUxkDWcgIXLw=="
		},
		"mjolnir.js": {
			"version": "2.4.1",
			"resolved": "https://registry.npmjs.org/mjolnir.js/-/mjolnir.js-2.4.1.tgz",
			"integrity": "sha512-bpqKc70aNlijeQCapJ8529EmjVj8VSfYdzh1WsbhWp0XEQSm9hAB6X350OyRVDpH5oTdAyX/NeYFqtwyuO4ZKA==",
			"dev": true,
			"requires": {
				"@babel/runtime": "^7.0.0",
				"hammerjs": "^2.0.8"
			}
		},
		"probe.gl": {
			"version": "3.2.1",
			"resolved": "https://registry.npmjs.org/probe.gl/-/probe.gl-3.2.1.tgz",
			"integrity": "sha512-ax0flZWVcrw3FF9MMt84mqfIckjkB7ItGer9rr8zlUbkIyzt66ypeJVLQlC28dJ/RBZtriflt2sVAhjENFohQA==",
			"dev": true,
			"requires": {
				"@babel/runtime": "^7.0.0",
				"@probe.gl/stats": "3.2.1"
			}
		},
		"regenerator-runtime": {
			"version": "0.13.5",
			"resolved": "https://registry.npmjs.org/regenerator-runtime/-/regenerator-runtime-0.13.5.tgz",
			"integrity": "sha512-ZS5w8CpKFinUzOwW3c83oPeVXoNsrLsaCoLtJvAClH135j/R77RuymhiSErhm2lKcwSCIpmvIWSbDkIfAqKQlA==",
			"dev": true
		},
		"svg-tags": {
			"version": "1.0.0",
			"resolved": "https://registry.npmjs.org/svg-tags/-/svg-tags-1.0.0.tgz",
			"integrity": "sha1-WPcc7jvVGbWdSyqEO2x95krAR2Q="
		},
		"tsx-create-element": {
			"version": "2.1.0",
			"resolved": "https://registry.npmjs.org/tsx-create-element/-/tsx-create-element-2.1.0.tgz",
			"integrity": "sha512-UQpsVjYdU28vW8FiliostikTALczIiD0MUN6tIMV0OPehky4dbfboTPm9qEz0V4zCr2A9Qz0jLCtHxpw2Sx2JA==",
			"requires": {
				"html-tags": "^2.0.0",
				"svg-tags": "^1.0.0"
			}
		},
		"universalify": {
			"version": "0.1.2",
			"resolved": "https://registry.npmjs.org/universalify/-/universalify-0.1.2.tgz",
			"integrity": "sha512-rBJeI5CXAlmy1pV+617WB9J63U6XcazHHF2f2dbJix4XzpUF0RS3Zbj0FGIOCAva5P/d/GBOYaACQ1w+0azUkg=="
		},
		"vega-typings": {
			"version": "0.14.2",
			"resolved": "https://registry.npmjs.org/vega-typings/-/vega-typings-0.14.2.tgz",
			"integrity": "sha512-mx+CaMBk2n8CfCFk0yVYqlBetzyQ7qXaq4l3OzaMO3GOjatkeccD9Gn5dEoemnjrKbVTZOacR+jjURNipsLkdQ==",
			"requires": {
				"vega-util": "^1.13.1"
			}
		},
		"vega-util": {
			"version": "1.13.1",
			"resolved": "https://registry.npmjs.org/vega-util/-/vega-util-1.13.1.tgz",
			"integrity": "sha512-TmvZSMKqhGlS7eAXphqJUhq+NZVYbvXX2ahargTRkVckGWjEUpWhMC7T13vYihrU2Lf/OevKbrruSXKOBxke2w=="
		}
	}
}
