{
	"name": "common-extensions",
	"version": "1.0.0",
	"lockfileVersion": 1,
	"requires": true,
	"dependencies": {
		"@types/react": {
			"version": "16.4.7",
			"resolved": "https://registry.npmjs.org/@types/react/-/react-16.4.7.tgz",
			"integrity": "sha512-tHpSs7HMyjnpyfzka1G0pYh7rBNdpwGgcIDT4vfV6jUaR69yOHo/vNH2H+d9iYHo9xnX4qDe7UalPe9HiGRkLw==",
			"dev": true,
			"requires": {
				"csstype": "^2.2.0"
			}
		},
		"@types/react-dom": {
			"version": "16.9.4",
			"resolved": "https://registry.npmjs.org/@types/react-dom/-/react-dom-16.9.4.tgz",
			"integrity": "sha512-fya9xteU/n90tda0s+FtN5Ym4tbgxpq/hb/Af24dvs6uYnYn+fspaxw5USlw0R8apDNwxsqumdRoCoKitckQqw==",
			"dev": true,
			"requires": {
				"@types/react": "*"
			}
		},
		"csstype": {
			"version": "2.6.8",
			"resolved": "https://registry.npmjs.org/csstype/-/csstype-2.6.8.tgz",
			"integrity": "sha512-msVS9qTuMT5zwAGCVm4mxfrZ18BNc6Csd0oJAtiFMZ1FAx1CCvy2+5MDmYoix63LM/6NDbNtodCiGYGmFgO0dA==",
			"dev": true
		}
	}
}
