{
	"name": "common-extensions",
	"version": "1.0.0",
	"lockfileVersion": 1,
	"requires": true,
	"dependencies": {
		"@babel/runtime": {
			"version": "7.9.6",
			"resolved": "https://registry.npmjs.org/@babel/runtime/-/runtime-7.9.6.tgz",
			"integrity": "sha512-64AF1xY3OAkFHqOb9s4jpgk1Mm5vDZ4L3acHvAml+53nO1XbXLuDodsVpO4OIUsmemlUHMxNdYMNJmsvOwLrvQ==",
			"requires": {
				"regenerator-runtime": "^0.13.4"
			}
		},
		"@deck.gl/aggregation-layers": {
			"version": "8.1.5",
			"resolved": "https://registry.npmjs.org/@deck.gl/aggregation-layers/-/aggregation-layers-8.1.5.tgz",
			"integrity": "sha512-0/xeW0VhM6HhUya7CUvWg+W5N4dS1uFEZICDscl5ssNpm/rCP353jGYZFsL/lpotlEnZb3cjAkGGxGa2iq9Bvw==",
			"requires": {
				"@luma.gl/shadertools": "^8.1.2",
				"@math.gl/web-mercator": "^3.1.3",
				"d3-hexbin": "^0.2.1"
			}
		},
		"@deck.gl/core": {
			"version": "8.1.5",
			"resolved": "https://registry.npmjs.org/@deck.gl/core/-/core-8.1.5.tgz",
			"integrity": "sha512-hgRE2lhJaDml5DTbrOS5roCR/jncqb/f0/1ujVR7JB5HrNwWOmdr7t/ms5dsy9KuAnXs6KAJtTTkw/zqL85kqQ==",
			"requires": {
				"@loaders.gl/core": "^2.1.1",
				"@loaders.gl/images": "^2.1.1",
				"@luma.gl/core": "^8.1.2",
				"@math.gl/web-mercator": "^3.1.3",
				"gl-matrix": "^3.0.0",
				"math.gl": "^3.1.2",
				"mjolnir.js": "^2.3.0",
				"probe.gl": "^3.2.1"
			}
		},
		"@deck.gl/extensions": {
			"version": "8.1.5",
			"resolved": "https://registry.npmjs.org/@deck.gl/extensions/-/extensions-8.1.5.tgz",
			"integrity": "sha512-moRQ2yG1jbxCITu9eF0Dd9/IVWJcI4UnyjdeeKckgMjXJYg6CTAbLjPgkZPojQywl+Udn41e2rZRkMu6j+aBkQ==",
			"requires": {
				"@luma.gl/shadertools": "^8.1.2"
			}
		},
		"@deck.gl/geo-layers": {
			"version": "8.1.5",
			"resolved": "https://registry.npmjs.org/@deck.gl/geo-layers/-/geo-layers-8.1.5.tgz",
			"integrity": "sha512-inZL5uT4fMT3UoxhpFxAr3uyQjIQBLJN7mqt9uQAZtEsEkkWNBCBdzWYzN8/6mtRMwngWVsLB5c2dO4uH+DX3A==",
			"requires": {
				"@loaders.gl/3d-tiles": "^2.1.1",
				"@loaders.gl/core": "^2.1.1",
				"@loaders.gl/mvt": "^2.1.1",
				"@loaders.gl/terrain": "^2.1.1",
				"@loaders.gl/tiles": "^2.1.1",
				"@math.gl/core": "^3.1.3",
				"@math.gl/web-mercator": "^3.1.3",
				"h3-js": "^3.6.0",
				"long": "^3.2.0",
				"math.gl": "^3.1.3"
			}
		},
		"@deck.gl/google-maps": {
			"version": "8.1.5",
			"resolved": "https://registry.npmjs.org/@deck.gl/google-maps/-/google-maps-8.1.5.tgz",
			"integrity": "sha512-Iy9p/A2EmfC3a5McOMxoSIPYMNfqvtyisWAaZyrA+MqByTtiJQLQfCKokIlzT2e/DrxzEGE/xlmB7kciwdwRfQ=="
		},
		"@deck.gl/json": {
			"version": "8.1.5",
			"resolved": "https://registry.npmjs.org/@deck.gl/json/-/json-8.1.5.tgz",
			"integrity": "sha512-DqqYNqbECMgoi+Z7ZwSJ2V3msmJCvjIXyeZjiG4nBvtUUasXIH3bppso/NOtMdjlx40SP7JPl6+6L0t2viF/DA==",
			"requires": {
				"d3-dsv": "^1.0.8",
				"expression-eval": "^2.0.0"
			}
		},
		"@deck.gl/layers": {
			"version": "8.1.5",
			"resolved": "https://registry.npmjs.org/@deck.gl/layers/-/layers-8.1.5.tgz",
			"integrity": "sha512-l4zML7gwsQY2J00C1lhOSJ6VU4BJ0q4Q0ln90FvTucEyIj1EUD8XUIgjYyh0ZR3o33y3ub793jqvSyf4R5Wy5w==",
			"requires": {
				"@loaders.gl/core": "^2.1.1",
				"@loaders.gl/images": "^2.1.1",
				"@mapbox/tiny-sdf": "^1.1.0",
				"earcut": "^2.0.6"
			}
		},
		"@deck.gl/mapbox": {
			"version": "8.1.5",
			"resolved": "https://registry.npmjs.org/@deck.gl/mapbox/-/mapbox-8.1.5.tgz",
			"integrity": "sha512-ZMZ1RJpgIiGTBYRmzAVDtB7YTUUe6nYNM00RCbND3m2q6AdtJEgJFvnpKM3ojidTNFn7Y4dvu9J+sm5KcPBhMw=="
		},
		"@deck.gl/mesh-layers": {
			"version": "8.1.5",
			"resolved": "https://registry.npmjs.org/@deck.gl/mesh-layers/-/mesh-layers-8.1.5.tgz",
			"integrity": "sha512-uUcz7k7VkdTqUyKQ9bfB5xVhepCi/BzKgyc29YGdE4VeY1mbuF3aNT0uKxoAc6eDPRBOxCBKiz+1AyxwTeOQkg==",
			"requires": {
				"@luma.gl/experimental": "^8.1.2",
				"@luma.gl/shadertools": "^8.1.2"
			}
		},
		"@deck.gl/react": {
			"version": "8.1.5",
			"resolved": "https://registry.npmjs.org/@deck.gl/react/-/react-8.1.5.tgz",
			"integrity": "sha512-HUkaSqxOrTevjmYuASV/EN4vx1/5CuOKp6nCRrlyeUSTRiwOLq6ZWL3+/WCDgF3EP0x5YaNJc8ayrpfyFpFhsg==",
			"requires": {
				"prop-types": "^15.6.0"
			}
		},
		"@fluentui/react": {
			"version": "7.111.0",
			"resolved": "https://registry.npmjs.org/@fluentui/react/-/react-7.111.0.tgz",
			"integrity": "sha512-7PUWREm3uByk9PryvmCXjuq+FXpOPMIWG+Q/SsnIld2Fp8wB/CpgJBB7ch4MGfCniR7EyZD6EIslWOHA2pIlig==",
			"requires": {
				"@uifabric/set-version": "^7.0.12",
				"office-ui-fabric-react": "^7.111.0",
				"tslib": "^1.10.0"
			},
			"dependencies": {
				"@uifabric/foundation": {
					"version": "7.7.11",
					"resolved": "https://registry.npmjs.org/@uifabric/foundation/-/foundation-7.7.11.tgz",
					"integrity": "sha512-lzo2u+qi8tX0iNYYVrcwGRp5cE7l0wHV06tYZKVB29u8vcEN4u8u/9kov0YCt41r8BAIgu1MrB53I/qNFOdrYg==",
					"requires": {
						"@uifabric/merge-styles": "^7.11.4",
						"@uifabric/set-version": "^7.0.12",
						"@uifabric/styling": "^7.12.4",
						"@uifabric/utilities": "^7.16.3",
						"tslib": "^1.10.0"
					}
				},
				"@uifabric/icons": {
					"version": "7.3.37",
					"resolved": "https://registry.npmjs.org/@uifabric/icons/-/icons-7.3.37.tgz",
					"integrity": "sha512-XF6A9hfeYlCyLmBS9CZgMDiEPlfBhF51awMScBlbjtdJFjUNGDGJd7N5BprVZrwI9tVQ6lUBYZT6anOwqUerZg==",
					"requires": {
						"@uifabric/set-version": "^7.0.12",
						"@uifabric/styling": "^7.12.4",
						"tslib": "^1.10.0"
					}
				},
				"@uifabric/merge-styles": {
					"version": "7.11.4",
					"resolved": "https://registry.npmjs.org/@uifabric/merge-styles/-/merge-styles-7.11.4.tgz",
					"integrity": "sha512-jUv9Pj7jLWvK88b/swGhMDLZWOqyq/HJ54e7UJuQdJeUYEUfGd/anpoJipmzmGdFm8owkkqUf99ZDSdaoj/O3A==",
					"requires": {
						"@uifabric/set-version": "^7.0.12",
						"tslib": "^1.10.0"
					}
				},
				"@uifabric/set-version": {
					"version": "7.0.12",
					"resolved": "https://registry.npmjs.org/@uifabric/set-version/-/set-version-7.0.12.tgz",
					"integrity": "sha512-XNqfKwNUoHnkW5sj15Zd0cNf5ga9fFjbTUrvc/ix74tkUPc2vrV3qBteW61IaNTNKWOFns5kewvhCK2jU4LnRg==",
					"requires": {
						"tslib": "^1.10.0"
					}
				},
				"@uifabric/styling": {
					"version": "7.12.4",
					"resolved": "https://registry.npmjs.org/@uifabric/styling/-/styling-7.12.4.tgz",
					"integrity": "sha512-RdDiumUL5p4FQ9YfWOHtK3+1DMox2j5+Q2aR6fo/4KQiMdMbpz7lj7uSeo+BcanP+jNQdbD+mw1CoohgI4fVyg==",
					"requires": {
						"@microsoft/load-themed-styles": "^1.10.26",
						"@uifabric/merge-styles": "^7.11.4",
						"@uifabric/set-version": "^7.0.12",
						"@uifabric/utilities": "^7.16.3",
						"tslib": "^1.10.0"
					}
				},
				"@uifabric/utilities": {
					"version": "7.16.3",
					"resolved": "https://registry.npmjs.org/@uifabric/utilities/-/utilities-7.16.3.tgz",
					"integrity": "sha512-R0pWxBR5YVlTR0vqgQV2l/7/0M7X59f/tGm5EDDH0hmxuL09n4bOFWEW2rEq23qg3WYWq3mvHLiBCaPy4NHWOg==",
					"requires": {
						"@uifabric/merge-styles": "^7.11.4",
						"@uifabric/set-version": "^7.0.12",
						"prop-types": "^15.7.2",
						"tslib": "^1.10.0"
					}
				},
				"office-ui-fabric-react": {
					"version": "7.111.0",
					"resolved": "https://registry.npmjs.org/office-ui-fabric-react/-/office-ui-fabric-react-7.111.0.tgz",
					"integrity": "sha512-glCnanmxAhtK6vv7s8m0Sj5RZHJqhF2n7dpWEG7DibUtokpyyQX8bWJo3AmZ4A7vT3f3dlwZ2D08lmKwVBjg1w==",
					"requires": {
						"@fluentui/react-focus": "^7.11.0",
						"@fluentui/react-icons": "^0.1.13",
						"@microsoft/load-themed-styles": "^1.10.26",
						"@uifabric/foundation": "^7.7.11",
						"@uifabric/icons": "^7.3.37",
						"@uifabric/merge-styles": "^7.11.4",
						"@uifabric/react-hooks": "^7.3.2",
						"@uifabric/set-version": "^7.0.12",
						"@uifabric/styling": "^7.12.4",
						"@uifabric/utilities": "^7.16.3",
						"prop-types": "^15.7.2",
						"tslib": "^1.10.0"
					}
				}
			}
		},
		"@fluentui/react-focus": {
			"version": "7.11.0",
			"resolved": "https://registry.npmjs.org/@fluentui/react-focus/-/react-focus-7.11.0.tgz",
			"integrity": "sha512-5Ae20f7A38+tItzFgV4Hu/etz+8Dagralszg74GIBzyRSNLn4NQ1Q8rLhBQqFKOsSWt7+6iIg6cmTPiW+Y/GKQ==",
			"requires": {
				"@uifabric/merge-styles": "^7.11.4",
				"@uifabric/set-version": "^7.0.12",
				"@uifabric/styling": "^7.12.4",
				"@uifabric/utilities": "^7.16.3",
				"tslib": "^1.10.0"
			},
			"dependencies": {
				"@uifabric/merge-styles": {
					"version": "7.11.4",
					"resolved": "https://registry.npmjs.org/@uifabric/merge-styles/-/merge-styles-7.11.4.tgz",
					"integrity": "sha512-jUv9Pj7jLWvK88b/swGhMDLZWOqyq/HJ54e7UJuQdJeUYEUfGd/anpoJipmzmGdFm8owkkqUf99ZDSdaoj/O3A==",
					"requires": {
						"@uifabric/set-version": "^7.0.12",
						"tslib": "^1.10.0"
					}
				},
				"@uifabric/set-version": {
					"version": "7.0.12",
					"resolved": "https://registry.npmjs.org/@uifabric/set-version/-/set-version-7.0.12.tgz",
					"integrity": "sha512-XNqfKwNUoHnkW5sj15Zd0cNf5ga9fFjbTUrvc/ix74tkUPc2vrV3qBteW61IaNTNKWOFns5kewvhCK2jU4LnRg==",
					"requires": {
						"tslib": "^1.10.0"
					}
				},
				"@uifabric/styling": {
					"version": "7.12.4",
					"resolved": "https://registry.npmjs.org/@uifabric/styling/-/styling-7.12.4.tgz",
					"integrity": "sha512-RdDiumUL5p4FQ9YfWOHtK3+1DMox2j5+Q2aR6fo/4KQiMdMbpz7lj7uSeo+BcanP+jNQdbD+mw1CoohgI4fVyg==",
					"requires": {
						"@microsoft/load-themed-styles": "^1.10.26",
						"@uifabric/merge-styles": "^7.11.4",
						"@uifabric/set-version": "^7.0.12",
						"@uifabric/utilities": "^7.16.3",
						"tslib": "^1.10.0"
					}
				},
				"@uifabric/utilities": {
					"version": "7.16.3",
					"resolved": "https://registry.npmjs.org/@uifabric/utilities/-/utilities-7.16.3.tgz",
					"integrity": "sha512-R0pWxBR5YVlTR0vqgQV2l/7/0M7X59f/tGm5EDDH0hmxuL09n4bOFWEW2rEq23qg3WYWq3mvHLiBCaPy4NHWOg==",
					"requires": {
						"@uifabric/merge-styles": "^7.11.4",
						"@uifabric/set-version": "^7.0.12",
						"prop-types": "^15.7.2",
						"tslib": "^1.10.0"
					}
				}
			}
		},
		"@fluentui/react-icons": {
			"version": "0.1.13",
			"resolved": "https://registry.npmjs.org/@fluentui/react-icons/-/react-icons-0.1.13.tgz",
			"integrity": "sha512-KOKHIq4tSJCgVujFaTropKBdEf0nL1RiqvtyeNKxmsDr3em8rexQ8oU8+KXXS7D0PPuRFJYTCI3iK+nJ+cC3PQ==",
			"requires": {
				"@uifabric/set-version": "^7.0.12",
				"@uifabric/styling": "^7.12.4",
				"@uifabric/utilities": "^7.16.3",
				"tslib": "^1.10.0"
			},
			"dependencies": {
				"@uifabric/merge-styles": {
					"version": "7.11.4",
					"resolved": "https://registry.npmjs.org/@uifabric/merge-styles/-/merge-styles-7.11.4.tgz",
					"integrity": "sha512-jUv9Pj7jLWvK88b/swGhMDLZWOqyq/HJ54e7UJuQdJeUYEUfGd/anpoJipmzmGdFm8owkkqUf99ZDSdaoj/O3A==",
					"requires": {
						"@uifabric/set-version": "^7.0.12",
						"tslib": "^1.10.0"
					}
				},
				"@uifabric/set-version": {
					"version": "7.0.12",
					"resolved": "https://registry.npmjs.org/@uifabric/set-version/-/set-version-7.0.12.tgz",
					"integrity": "sha512-XNqfKwNUoHnkW5sj15Zd0cNf5ga9fFjbTUrvc/ix74tkUPc2vrV3qBteW61IaNTNKWOFns5kewvhCK2jU4LnRg==",
					"requires": {
						"tslib": "^1.10.0"
					}
				},
				"@uifabric/styling": {
					"version": "7.12.4",
					"resolved": "https://registry.npmjs.org/@uifabric/styling/-/styling-7.12.4.tgz",
					"integrity": "sha512-RdDiumUL5p4FQ9YfWOHtK3+1DMox2j5+Q2aR6fo/4KQiMdMbpz7lj7uSeo+BcanP+jNQdbD+mw1CoohgI4fVyg==",
					"requires": {
						"@microsoft/load-themed-styles": "^1.10.26",
						"@uifabric/merge-styles": "^7.11.4",
						"@uifabric/set-version": "^7.0.12",
						"@uifabric/utilities": "^7.16.3",
						"tslib": "^1.10.0"
					}
				},
				"@uifabric/utilities": {
					"version": "7.16.3",
					"resolved": "https://registry.npmjs.org/@uifabric/utilities/-/utilities-7.16.3.tgz",
					"integrity": "sha512-R0pWxBR5YVlTR0vqgQV2l/7/0M7X59f/tGm5EDDH0hmxuL09n4bOFWEW2rEq23qg3WYWq3mvHLiBCaPy4NHWOg==",
					"requires": {
						"@uifabric/merge-styles": "^7.11.4",
						"@uifabric/set-version": "^7.0.12",
						"prop-types": "^15.7.2",
						"tslib": "^1.10.0"
					}
				}
			}
		},
		"@loaders.gl/3d-tiles": {
			"version": "2.1.5",
			"resolved": "https://registry.npmjs.org/@loaders.gl/3d-tiles/-/3d-tiles-2.1.5.tgz",
			"integrity": "sha512-whUkHECnKrPQjzeFNUpZBMlAs+qPcCtxUSnrbaR5nHSdt+rpHIXMzVJ51UkCwPKNCaIC2fbf+QLd0CyCqL22ug==",
			"requires": {
				"@loaders.gl/core": "2.1.5",
				"@loaders.gl/gltf": "2.1.5",
				"@loaders.gl/loader-utils": "2.1.5",
				"@loaders.gl/math": "2.1.5",
				"@loaders.gl/tiles": "2.1.5",
				"@math.gl/core": "^3.1.3",
				"@math.gl/geospatial": "^3.1.3",
				"@probe.gl/stats": "^3.2.1"
			}
		},
		"@loaders.gl/core": {
			"version": "2.1.5",
			"resolved": "https://registry.npmjs.org/@loaders.gl/core/-/core-2.1.5.tgz",
			"integrity": "sha512-EGnatfAq3ZJnE9g706ZVPf/6m3EcnkLY/dhqybbYUu0uEhnFamLoN6BrUATjac3YujHZofVhxhYBZuiA7G11cQ==",
			"requires": {
				"@babel/runtime": "^7.3.1",
				"@loaders.gl/loader-utils": "2.1.5"
			}
		},
		"@loaders.gl/gltf": {
			"version": "2.1.5",
			"resolved": "https://registry.npmjs.org/@loaders.gl/gltf/-/gltf-2.1.5.tgz",
			"integrity": "sha512-J2/ppplTdietK0maOp0M2a1dZGfVdKArusER7fbqYHC1U/AHTB3L0+F22SGXg42LCltE1ot8kwmIfHL615MNeg==",
			"requires": {
				"@loaders.gl/core": "2.1.5",
				"@loaders.gl/images": "2.1.5",
				"@loaders.gl/loader-utils": "2.1.5"
			}
		},
		"@loaders.gl/images": {
			"version": "2.1.5",
			"resolved": "https://registry.npmjs.org/@loaders.gl/images/-/images-2.1.5.tgz",
			"integrity": "sha512-uiEEqf2y7G2NHsWNRI6xc6nItAtHLbRmKdx27PvzHJAutoTTlBkWh7/htqm4ISCBSj766hnpouemAgbLoCfTdw==",
			"requires": {
				"@loaders.gl/loader-utils": "2.1.5"
			}
		},
		"@loaders.gl/loader-utils": {
			"version": "2.1.5",
			"resolved": "https://registry.npmjs.org/@loaders.gl/loader-utils/-/loader-utils-2.1.5.tgz",
			"integrity": "sha512-kOxPvUn1S5t/xkXr3RO4ANLcXD2U56s8TJ4GkwA58qUQ0TPiqPNZIyFj0LbfRI8OwheReUw2GzxxVoe5G+OCTw==",
			"requires": {
				"@babel/runtime": "^7.3.1",
				"@probe.gl/stats": "^3.2.1"
			}
		},
		"@loaders.gl/math": {
			"version": "2.1.5",
			"resolved": "https://registry.npmjs.org/@loaders.gl/math/-/math-2.1.5.tgz",
			"integrity": "sha512-E5cpbN2qQIwVaAdqAQxj+eXik5V0cSSIx4fEnH3D/9UpdIDDTOoLZsgrDexM3McxKEK+o6zOSTeJMKhwVmp6BQ==",
			"requires": {
				"@loaders.gl/images": "2.1.5",
				"@loaders.gl/loader-utils": "2.1.5",
				"math.gl": "^3.1.3"
			}
		},
		"@loaders.gl/mvt": {
			"version": "2.1.5",
			"resolved": "https://registry.npmjs.org/@loaders.gl/mvt/-/mvt-2.1.5.tgz",
			"integrity": "sha512-okobCPSrpfO4yBe+4ayPPRSTsIoQHvpuJdj14++TQ6mKVm9bsDiVuR/6h/Yk0uNYPswkERjX/wWlfofc2ID2nw==",
			"requires": {
				"@loaders.gl/loader-utils": "2.1.5",
				"@mapbox/vector-tile": "^1.3.1",
				"pbf": "^3.2.1"
			}
		},
		"@loaders.gl/terrain": {
			"version": "2.1.5",
			"resolved": "https://registry.npmjs.org/@loaders.gl/terrain/-/terrain-2.1.5.tgz",
			"integrity": "sha512-IabltsSn1imuoPVY1yWPmnhR9gwYtMmvoVZ3jiZmf3Lgj0XibNFOqkUtri361USmpGLhbIlzAxfIEYsWhvJ9Sg==",
			"requires": {
				"@babel/runtime": "^7.3.1",
				"@loaders.gl/loader-utils": "2.1.5",
				"@mapbox/martini": "^0.2.0"
			}
		},
		"@loaders.gl/tiles": {
			"version": "2.1.5",
			"resolved": "https://registry.npmjs.org/@loaders.gl/tiles/-/tiles-2.1.5.tgz",
			"integrity": "sha512-mNfFFW1zVlrnXtTc6cijC86dlA6Qa4MfgBQZ5ZmMLrK/Yt7BvVj6JjLpNNiSIx5VwUcK/BssVU4RNg7rcPJi0Q==",
			"requires": {
				"@loaders.gl/core": "2.1.5",
				"@loaders.gl/loader-utils": "2.1.5",
				"@loaders.gl/math": "2.1.5",
				"@math.gl/core": "^3.1.3",
				"@math.gl/culling": "^3.1.2",
				"@math.gl/geospatial": "^3.1.2",
				"@probe.gl/stats": "^3.2.1"
			}
		},
		"@luma.gl/constants": {
			"version": "8.1.2",
			"resolved": "https://registry.npmjs.org/@luma.gl/constants/-/constants-8.1.2.tgz",
			"integrity": "sha512-xhEPc4U8HFo8qDtPqu8wB9/HuYOqMYH9JfEWouj4wn7CXbGApoOpmJemwHwQtnoEQ+XLwsDy9ihHK+2uwYt+fQ=="
		},
		"@luma.gl/core": {
			"version": "8.1.2",
			"resolved": "https://registry.npmjs.org/@luma.gl/core/-/core-8.1.2.tgz",
			"integrity": "sha512-l3yovFtqpY4LCRj0LRJFXv4fnC8tVGoEYpTPbt+wAW2yal8CGfAlODpd7h176yl+R/upq5PqX108/2G2NBk22Q==",
			"requires": {
				"@babel/runtime": "^7.0.0",
				"@luma.gl/constants": "8.1.2",
				"@luma.gl/engine": "8.1.2",
				"@luma.gl/shadertools": "8.1.2",
				"@luma.gl/webgl": "8.1.2"
			}
		},
		"@luma.gl/engine": {
			"version": "8.1.2",
			"resolved": "https://registry.npmjs.org/@luma.gl/engine/-/engine-8.1.2.tgz",
			"integrity": "sha512-uEJQSpZfQvR3pSgS9/7aXKAFOa46NYHpUBByTO0JK719t/+412q9wqi+cYe79A02QzYuwRFdojOQ1PuoVpNN/Q==",
			"requires": {
				"@babel/runtime": "^7.0.0",
				"@luma.gl/constants": "8.1.2",
				"@luma.gl/gltools": "8.1.2",
				"@luma.gl/shadertools": "8.1.2",
				"@luma.gl/webgl": "8.1.2",
				"math.gl": "^3.1.3",
				"probe.gl": "^3.2.1"
			}
		},
		"@luma.gl/experimental": {
			"version": "8.1.2",
			"resolved": "https://registry.npmjs.org/@luma.gl/experimental/-/experimental-8.1.2.tgz",
			"integrity": "sha512-HLDvr30PC1J4UBmeOLFFdNp9DSAX/mMHW64euno4P2ojfngU9BKzI0lHz36A5c+yXogrenD2WqO5VK/TrhQOYw==",
			"requires": {
				"@loaders.gl/images": "^2.1.1",
				"@luma.gl/constants": "8.1.2",
				"earcut": "^2.0.6",
				"math.gl": "^3.1.3"
			}
		},
		"@luma.gl/gltools": {
			"version": "8.1.2",
			"resolved": "https://registry.npmjs.org/@luma.gl/gltools/-/gltools-8.1.2.tgz",
			"integrity": "sha512-I8J+7bEm8ucfhoKlHtQhyaYF3NyGmTeYYMRNq9h8hbGQko4ztJBUWYKzBaEk49RxcejXhCv1RDaPCFLevXM2sQ==",
			"requires": {
				"@babel/runtime": "^7.0.0",
				"@luma.gl/constants": "8.1.2",
				"probe.gl": "^3.2.1"
			}
		},
		"@luma.gl/shadertools": {
			"version": "8.1.2",
			"resolved": "https://registry.npmjs.org/@luma.gl/shadertools/-/shadertools-8.1.2.tgz",
			"integrity": "sha512-8CCKs7PMP7vYg9RbNmfBUqYrAyWTrEnUJz481/npeGVjKKuGN8tSksht//sSKmryEcT/WqairOBxpgaVPDFf+w==",
			"requires": {
				"@babel/runtime": "^7.0.0",
				"math.gl": "^3.1.3"
			}
		},
		"@luma.gl/webgl": {
			"version": "8.1.2",
			"resolved": "https://registry.npmjs.org/@luma.gl/webgl/-/webgl-8.1.2.tgz",
			"integrity": "sha512-XK26eOX1nkH3D/dubSxJTX/nHfIugOm4a4zT4jHKnyWQNi0WU07S1KBnYVXRRWvu3KaHR4wsT/O5R573CiyDGw==",
			"requires": {
				"@babel/runtime": "^7.0.0",
				"@luma.gl/constants": "8.1.2",
				"@luma.gl/gltools": "8.1.2",
				"probe.gl": "^3.2.1"
			}
		},
		"@mapbox/martini": {
			"version": "0.2.0",
			"resolved": "https://registry.npmjs.org/@mapbox/martini/-/martini-0.2.0.tgz",
			"integrity": "sha512-7hFhtkb0KTLEls+TRw/rWayq5EeHtTaErgm/NskVoXmtgAQu/9D299aeyj6mzAR/6XUnYRp2lU+4IcrYRFjVsQ=="
		},
		"@mapbox/point-geometry": {
			"version": "0.1.0",
			"resolved": "https://registry.npmjs.org/@mapbox/point-geometry/-/point-geometry-0.1.0.tgz",
			"integrity": "sha1-ioP5M1x4YO/6Lu7KJUMyqgru2PI="
		},
		"@mapbox/tiny-sdf": {
			"version": "1.1.1",
			"resolved": "https://registry.npmjs.org/@mapbox/tiny-sdf/-/tiny-sdf-1.1.1.tgz",
			"integrity": "sha512-Ihn1nZcGIswJ5XGbgFAvVumOgWpvIjBX9jiRlIl46uQG9vJOF51ViBYHF95rEZupuyQbEmhLaDPLQlU7fUTsBg=="
		},
		"@mapbox/vector-tile": {
			"version": "1.3.1",
			"resolved": "https://registry.npmjs.org/@mapbox/vector-tile/-/vector-tile-1.3.1.tgz",
			"integrity": "sha512-MCEddb8u44/xfQ3oD+Srl/tNcQoqTw3goGk2oLsrFxOTc3dUp+kAnby3PvAeeBYSMSjSPD1nd1AJA6W49WnoUw==",
			"requires": {
				"@mapbox/point-geometry": "~0.1.0"
			}
		},
		"@math.gl/core": {
			"version": "3.1.4",
			"resolved": "https://registry.npmjs.org/@math.gl/core/-/core-3.1.4.tgz",
			"integrity": "sha512-hSXP+F34xFhs+h8uqU6r9F9v4sxJVx55ELDTNoSW1ZCy/2Qn+4lvCHb2H+Tkb7a0xNm+WhGTBRKhJ/gN+PsI9w==",
			"requires": {
				"@babel/runtime": "^7.0.0",
				"gl-matrix": "^3.0.0"
			}
		},
		"@math.gl/culling": {
			"version": "3.1.4",
			"resolved": "https://registry.npmjs.org/@math.gl/culling/-/culling-3.1.4.tgz",
			"integrity": "sha512-kfRs1qY51O2zV/qC+d6mDqrIwN5LWH8A6qE+Z+J+kVmkXoOhaXWjGY77xRzusS9mxTU6uMxqdFOUwianLZ2IvA==",
			"requires": {
				"@babel/runtime": "^7.0.0",
				"@math.gl/core": "3.1.4",
				"gl-matrix": "^3.0.0"
			}
		},
		"@math.gl/geospatial": {
			"version": "3.1.4",
			"resolved": "https://registry.npmjs.org/@math.gl/geospatial/-/geospatial-3.1.4.tgz",
			"integrity": "sha512-lav7icWy4JLiZk443fwBb1powYv9SB53qHMd67uyyHHJqIcZ6yzrvIPcxVhXpiepbLFinC4vKk5CtyOK5kKYbA==",
			"requires": {
				"@babel/runtime": "^7.0.0",
				"@math.gl/core": "3.1.4",
				"gl-matrix": "^3.0.0"
			}
		},
		"@math.gl/web-mercator": {
			"version": "3.1.4",
			"resolved": "https://registry.npmjs.org/@math.gl/web-mercator/-/web-mercator-3.1.4.tgz",
			"integrity": "sha512-TFM9xdmN+275+FCOkUVFTFMpHiofamCfEzMS1mnBO2b9jGte+xorD2eDEjyJiuW1uStTnS6UmSlw2q5DHkoVdQ==",
			"requires": {
				"@babel/runtime": "^7.0.0",
				"gl-matrix": "^3.0.0"
			}
		},
		"@microsoft/load-themed-styles": {
			"version": "1.10.45",
			"resolved": "https://registry.npmjs.org/@microsoft/load-themed-styles/-/load-themed-styles-1.10.45.tgz",
			"integrity": "sha512-JdwSqtXfkJXRzHfQT5gjYt9Xhoon56uQtbY6gOaLiIyzabvuv5ttzAvQceMsFowm8+Tsod8JjVjYnXRg2U6zJA=="
		},
		"@probe.gl/stats": {
			"version": "3.2.1",
			"resolved": "https://registry.npmjs.org/@probe.gl/stats/-/stats-3.2.1.tgz",
			"integrity": "sha512-tXe5krgbodxtVdUVWG4oIicMoCHNGp7QYkaHSDrUeTfJVqYuZz99T6r7qmn0bCo4wQlzn936jJ+QiAltHxatig==",
			"requires": {
				"@babel/runtime": "^7.0.0"
			}
		},
		"@types/prop-types": {
			"version": "15.7.3",
			"resolved": "https://registry.npmjs.org/@types/prop-types/-/prop-types-15.7.3.tgz",
			"integrity": "sha512-KfRL3PuHmqQLOG+2tGpRO26Ctg+Cq1E01D2DMriKEATHgWLfeNDmq9e29Q9WIky0dQ3NPkd1mzYH8Lm936Z9qw==",
			"dev": true
		},
		"@types/react": {
			"version": "16.9.34",
			"resolved": "https://registry.npmjs.org/@types/react/-/react-16.9.34.tgz",
			"integrity": "sha512-8AJlYMOfPe1KGLKyHpflCg5z46n0b5DbRfqDksxBLBTUpB75ypDBAO9eCUcjNwE6LCUslwTz00yyG/X9gaVtow==",
			"dev": true,
			"requires": {
				"@types/prop-types": "*",
				"csstype": "^2.2.0"
			}
		},
		"@types/react-dom": {
			"version": "16.9.7",
			"resolved": "https://registry.npmjs.org/@types/react-dom/-/react-dom-16.9.7.tgz",
			"integrity": "sha512-GHTYhM8/OwUCf254WO5xqR/aqD3gC9kSTLpopWGpQLpnw23jk44RvMHsyUSEplvRJZdHxhJGMMLF0kCPYHPhQA==",
			"dev": true,
			"requires": {
				"@types/react": "*"
			}
		},
		"@uifabric/react-hooks": {
			"version": "7.3.2",
			"resolved": "https://registry.npmjs.org/@uifabric/react-hooks/-/react-hooks-7.3.2.tgz",
			"integrity": "sha512-iEnsHla2KQIsgYLnuT5zNQFkCzIl/ssi6cfohWdMd/By2gDKImVTqbWL2cdKgIAoqDQioDtpSnj5ePB9Kg0/Qg==",
			"requires": {
				"@uifabric/set-version": "^7.0.12",
				"@uifabric/utilities": "^7.16.3",
				"tslib": "^1.10.0"
			},
			"dependencies": {
				"@uifabric/merge-styles": {
					"version": "7.11.4",
					"resolved": "https://registry.npmjs.org/@uifabric/merge-styles/-/merge-styles-7.11.4.tgz",
					"integrity": "sha512-jUv9Pj7jLWvK88b/swGhMDLZWOqyq/HJ54e7UJuQdJeUYEUfGd/anpoJipmzmGdFm8owkkqUf99ZDSdaoj/O3A==",
					"requires": {
						"@uifabric/set-version": "^7.0.12",
						"tslib": "^1.10.0"
					}
				},
				"@uifabric/set-version": {
					"version": "7.0.12",
					"resolved": "https://registry.npmjs.org/@uifabric/set-version/-/set-version-7.0.12.tgz",
					"integrity": "sha512-XNqfKwNUoHnkW5sj15Zd0cNf5ga9fFjbTUrvc/ix74tkUPc2vrV3qBteW61IaNTNKWOFns5kewvhCK2jU4LnRg==",
					"requires": {
						"tslib": "^1.10.0"
					}
				},
				"@uifabric/utilities": {
					"version": "7.16.3",
					"resolved": "https://registry.npmjs.org/@uifabric/utilities/-/utilities-7.16.3.tgz",
					"integrity": "sha512-R0pWxBR5YVlTR0vqgQV2l/7/0M7X59f/tGm5EDDH0hmxuL09n4bOFWEW2rEq23qg3WYWq3mvHLiBCaPy4NHWOg==",
					"requires": {
						"@uifabric/merge-styles": "^7.11.4",
						"@uifabric/set-version": "^7.0.12",
						"prop-types": "^15.7.2",
						"tslib": "^1.10.0"
					}
				}
			}
		},
		"commander": {
			"version": "2.20.3",
			"resolved": "https://registry.npmjs.org/commander/-/commander-2.20.3.tgz",
			"integrity": "sha512-GpVkmM8vF2vQUkj2LvZmD35JxeJOLCwJ9cUkugyk2nuhbv3+mJvpLYYt+0+USMxE+oj+ey/lJEnhZw75x/OMcQ=="
		},
		"csstype": {
			"version": "2.6.10",
			"resolved": "https://registry.npmjs.org/csstype/-/csstype-2.6.10.tgz",
			"integrity": "sha512-D34BqZU4cIlMCY93rZHbrq9pjTAQJ3U8S8rfBqjwHxkGPThWFjzZDQpgMJY0QViLxth6ZKYiwFBo14RdN44U/w==",
			"dev": true
		},
		"d3-dsv": {
			"version": "1.2.0",
			"resolved": "https://registry.npmjs.org/d3-dsv/-/d3-dsv-1.2.0.tgz",
			"integrity": "sha512-9yVlqvZcSOMhCYzniHE7EVUws7Fa1zgw+/EAV2BxJoG3ME19V6BQFBwI855XQDsxyOuG7NibqRMTtiF/Qup46g==",
			"requires": {
				"commander": "2",
				"iconv-lite": "0.4",
				"rw": "1"
			}
		},
		"d3-hexbin": {
			"version": "0.2.2",
			"resolved": "https://registry.npmjs.org/d3-hexbin/-/d3-hexbin-0.2.2.tgz",
			"integrity": "sha1-nFg32s/UcasFM3qeke8Qv8T5iDE="
		},
		"deck.gl": {
			"version": "8.1.5",
			"resolved": "https://registry.npmjs.org/deck.gl/-/deck.gl-8.1.5.tgz",
			"integrity": "sha512-nj3Jp04QLrGRrQsC/6dw7+iIGocRnxvfMhkMsz3UUy/aSAORcf+acCuzKNecXYZcijY3D5v3TAEYdwzMnQzeMQ==",
			"requires": {
				"@deck.gl/aggregation-layers": "8.1.5",
				"@deck.gl/core": "8.1.5",
				"@deck.gl/extensions": "8.1.5",
				"@deck.gl/geo-layers": "8.1.5",
				"@deck.gl/google-maps": "8.1.5",
				"@deck.gl/json": "8.1.5",
				"@deck.gl/layers": "8.1.5",
				"@deck.gl/mapbox": "8.1.5",
				"@deck.gl/mesh-layers": "8.1.5",
				"@deck.gl/react": "8.1.5"
			}
		},
		"earcut": {
			"version": "2.2.2",
			"resolved": "https://registry.npmjs.org/earcut/-/earcut-2.2.2.tgz",
			"integrity": "sha512-eZoZPPJcUHnfRZ0PjLvx2qBordSiO8ofC3vt+qACLM95u+4DovnbYNpQtJh0DNsWj8RnxrQytD4WA8gj5cRIaQ=="
		},
		"expression-eval": {
			"version": "2.1.0",
			"resolved": "https://registry.npmjs.org/expression-eval/-/expression-eval-2.1.0.tgz",
			"integrity": "sha512-FUJO/Akvl/JOWkvlqZaqbkhsEWlCJWDeZG4tzX96UH68D9FeRgYgtb55C2qtqbORC0Q6x5419EDjWu4IT9kQfg==",
			"requires": {
				"jsep": "^0.3.0"
			}
		},
		"gl-matrix": {
			"version": "3.3.0",
			"resolved": "https://registry.npmjs.org/gl-matrix/-/gl-matrix-3.3.0.tgz",
			"integrity": "sha512-COb7LDz+SXaHtl/h4LeaFcNdJdAQSDeVqjiIihSXNrkWObZLhDI4hIkZC11Aeqp7bcE72clzB0BnDXr2SmslRA=="
		},
		"h3-js": {
			"version": "3.6.3",
			"resolved": "https://registry.npmjs.org/h3-js/-/h3-js-3.6.3.tgz",
			"integrity": "sha512-sSfUD4WrqKDoGsGjeY/ih2kbl/HqunGzdAr4NL8Q1qHSAyGMvev3jABbsMvK9wJGmnGuGhIzgxX9kCbUsYcnwg=="
		},
		"hammerjs": {
			"version": "2.0.8",
			"resolved": "https://registry.npmjs.org/hammerjs/-/hammerjs-2.0.8.tgz",
			"integrity": "sha1-BO93hiz/K7edMPdpIJWTAiK/YPE="
		},
		"iconv-lite": {
			"version": "0.4.24",
			"resolved": "https://registry.npmjs.org/iconv-lite/-/iconv-lite-0.4.24.tgz",
			"integrity": "sha512-v3MXnZAcvnywkTUEZomIActle7RXXeedOR31wwl7VlyoXO4Qi9arvSenNQWne1TcRwhCL1HwLI21bEqdpj8/rA==",
			"requires": {
				"safer-buffer": ">= 2.1.2 < 3"
			}
		},
		"ieee754": {
			"version": "1.1.13",
			"resolved": "https://registry.npmjs.org/ieee754/-/ieee754-1.1.13.tgz",
			"integrity": "sha512-4vf7I2LYV/HaWerSo3XmlMkp5eZ83i+/CDluXi/IGTs/O1sejBNhTtnxzmRZfvOUqj7lZjqHkeTvpgSFDlWZTg=="
		},
		"js-tokens": {
			"version": "4.0.0",
			"resolved": "https://registry.npmjs.org/js-tokens/-/js-tokens-4.0.0.tgz",
			"integrity": "sha512-RdJUflcE3cUzKiMqQgsCu06FPu9UdIJO0beYbPhHN4k6apgJtifcoCtT9bcxOpYBtpD2kCM6Sbzg4CausW/PKQ=="
		},
		"jsep": {
			"version": "0.3.4",
			"resolved": "https://registry.npmjs.org/jsep/-/jsep-0.3.4.tgz",
			"integrity": "sha512-ovGD9wE+wvudIIYxZGrRcZCxNyZ3Cl1N7Bzyp7/j4d/tA0BaUwcVM9bu0oZaSrefMiNwv6TwZ9X15gvZosteCQ=="
		},
		"long": {
			"version": "3.2.0",
			"resolved": "https://registry.npmjs.org/long/-/long-3.2.0.tgz",
			"integrity": "sha1-2CG3E4yhy1gcFymQ7xTbIAtcR0s="
		},
		"loose-envify": {
			"version": "1.4.0",
			"resolved": "https://registry.npmjs.org/loose-envify/-/loose-envify-1.4.0.tgz",
			"integrity": "sha512-lyuxPGr/Wfhrlem2CL/UcnUc1zcqKAImBDzukY7Y5F/yQiNdko6+fRLevlw1HgMySw7f611UIY408EtxRSoK3Q==",
			"requires": {
				"js-tokens": "^3.0.0 || ^4.0.0"
			}
		},
		"math.gl": {
			"version": "3.1.4",
			"resolved": "https://registry.npmjs.org/math.gl/-/math.gl-3.1.4.tgz",
			"integrity": "sha512-4ftVi8UrbOwW2iflv+8EGSPhhGod8tFk11RH3RF9ba0VbxRfxCXmCbwZ8GThycjIgD64S1xtyIc6g4m68NKQhA==",
			"requires": {
				"@math.gl/core": "3.1.4"
			}
		},
		"mjolnir.js": {
			"version": "2.4.1",
			"resolved": "https://registry.npmjs.org/mjolnir.js/-/mjolnir.js-2.4.1.tgz",
			"integrity": "sha512-bpqKc70aNlijeQCapJ8529EmjVj8VSfYdzh1WsbhWp0XEQSm9hAB6X350OyRVDpH5oTdAyX/NeYFqtwyuO4ZKA==",
			"requires": {
				"@babel/runtime": "^7.0.0",
				"hammerjs": "^2.0.8"
			}
		},
		"object-assign": {
			"version": "4.1.1",
			"resolved": "https://registry.npmjs.org/object-assign/-/object-assign-4.1.1.tgz",
			"integrity": "sha1-IQmtx5ZYh8/AXLvUQsrIv7s2CGM="
		},
		"pbf": {
			"version": "3.2.1",
			"resolved": "https://registry.npmjs.org/pbf/-/pbf-3.2.1.tgz",
			"integrity": "sha512-ClrV7pNOn7rtmoQVF4TS1vyU0WhYRnP92fzbfF75jAIwpnzdJXf8iTd4CMEqO4yUenH6NDqLiwjqlh6QgZzgLQ==",
			"requires": {
				"ieee754": "^1.1.12",
				"resolve-protobuf-schema": "^2.1.0"
			}
		},
		"probe.gl": {
			"version": "3.2.1",
			"resolved": "https://registry.npmjs.org/probe.gl/-/probe.gl-3.2.1.tgz",
			"integrity": "sha512-ax0flZWVcrw3FF9MMt84mqfIckjkB7ItGer9rr8zlUbkIyzt66ypeJVLQlC28dJ/RBZtriflt2sVAhjENFohQA==",
			"requires": {
				"@babel/runtime": "^7.0.0",
				"@probe.gl/stats": "3.2.1"
			}
		},
		"prop-types": {
			"version": "15.7.2",
			"resolved": "https://registry.npmjs.org/prop-types/-/prop-types-15.7.2.tgz",
			"integrity": "sha512-8QQikdH7//R2vurIJSutZ1smHYTcLpRWEOlHnzcWHmBYrOGUysKwSsrC89BCiFj3CbrfJ/nXFdJepOVrY1GCHQ==",
			"requires": {
				"loose-envify": "^1.4.0",
				"object-assign": "^4.1.1",
				"react-is": "^16.8.1"
			}
		},
		"protocol-buffers-schema": {
			"version": "3.4.0",
			"resolved": "https://registry.npmjs.org/protocol-buffers-schema/-/protocol-buffers-schema-3.4.0.tgz",
			"integrity": "sha512-G/2kcamPF2S49W5yaMGdIpkG6+5wZF0fzBteLKgEHjbNzqjZQ85aAs1iJGto31EJaSTkNvHs5IXuHSaTLWBAiA=="
		},
		"react-is": {
			"version": "16.13.1",
			"resolved": "https://registry.npmjs.org/react-is/-/react-is-16.13.1.tgz",
			"integrity": "sha512-24e6ynE2H+OKt4kqsOvNd8kBpV65zoxbA4BVsEOB3ARVWQki/DHzaUoC5KuON/BiccDaCCTZBuOcfZs70kR8bQ=="
		},
		"regenerator-runtime": {
			"version": "0.13.5",
			"resolved": "https://registry.npmjs.org/regenerator-runtime/-/regenerator-runtime-0.13.5.tgz",
			"integrity": "sha512-ZS5w8CpKFinUzOwW3c83oPeVXoNsrLsaCoLtJvAClH135j/R77RuymhiSErhm2lKcwSCIpmvIWSbDkIfAqKQlA=="
		},
		"resolve-protobuf-schema": {
			"version": "2.1.0",
			"resolved": "https://registry.npmjs.org/resolve-protobuf-schema/-/resolve-protobuf-schema-2.1.0.tgz",
			"integrity": "sha512-kI5ffTiZWmJaS/huM8wZfEMer1eRd7oJQhDuxeCLe3t7N7mX3z94CN0xPxBQxFYQTSNz9T0i+v6inKqSdK8xrQ==",
			"requires": {
				"protocol-buffers-schema": "^3.3.1"
			}
		},
		"rw": {
			"version": "1.3.3",
			"resolved": "https://registry.npmjs.org/rw/-/rw-1.3.3.tgz",
			"integrity": "sha1-P4Yt+pGrdmsUiF700BEkv9oHT7Q="
		},
		"safer-buffer": {
			"version": "2.1.2",
			"resolved": "https://registry.npmjs.org/safer-buffer/-/safer-buffer-2.1.2.tgz",
			"integrity": "sha512-YZo3K82SD7Riyi0E1EQPojLz7kpepnSQI9IyPbHHg1XXXevb5dJI7tpyN2ADxGcQbHG7vcyRHk0cbwqcQriUtg=="
		},
		"tslib": {
			"version": "1.11.2",
			"resolved": "https://registry.npmjs.org/tslib/-/tslib-1.11.2.tgz",
			"integrity": "sha512-tTSkux6IGPnUGUd1XAZHcpu85MOkIl5zX49pO+jfsie3eP0B6pyhOlLXm3cAC6T7s+euSDDUUV+Acop5WmtkVg=="
		}
	}
}
