{
  "name": "@msrvida/chart-types",
  "version": "1.0.5",
  "lockfileVersion": 2,
  "requires": true,
  "packages": {
    "": {
      "name": "@msrvida/chart-types",
      "version": "1.0.5",
      "license": "MIT",
      "dependencies": {
        "vega-typings": "~0.24.0"
      }
    },
    "node_modules/@types/estree": {
      "version": "1.0.0",
      "resolved": "https://registry.npmjs.org/@types/estree/-/estree-1.0.0.tgz",
      "integrity": "sha512-WulqXMDUTYAXCjZnk6JtIHPigp55cVtDgDrO2gHRwhyJto21+1zbVCtOYB2L1F9w4qCQ0rOGWBnBe0FNTiEJIQ=="
    },
    "node_modules/@types/geojson": {
      "version": "7946.0.10",
      "resolved": "https://registry.npmjs.org/@types/geojson/-/geojson-7946.0.10.tgz",
      "integrity": "sha512-Nmh0K3iWQJzniTuPRcJn5hxXkfB1T1pgB89SBig5PlJQU5yocazeu4jATJlaA0GYFKWMqDdvYemoSnF2pXgLVA=="
    },
    "node_modules/vega-event-selector": {
      "version": "3.0.1",
      "resolved": "https://registry.npmjs.org/vega-event-selector/-/vega-event-selector-3.0.1.tgz",
      "integrity": "sha512-K5zd7s5tjr1LiOOkjGpcVls8GsH/f2CWCrWcpKy74gTCp+llCdwz0Enqo013ZlGaRNjfgD/o1caJRt3GSaec4A=="
    },
    "node_modules/vega-expression": {
      "version": "5.0.1",
      "resolved": "https://registry.npmjs.org/vega-expression/-/vega-expression-5.0.1.tgz",
      "integrity": "sha512-atfzrMekrcsuyUgZCMklI5ki8cV763aeo1Y6YrfYU7FBwcQEoFhIV/KAJ1vae51aPDGtfzvwbtVIo3WShFCP2Q==",
      "dependencies": {
        "@types/estree": "^1.0.0",
        "vega-util": "^1.17.1"
      }
    },
    "node_modules/vega-typings": {
      "version": "0.24.0",
      "resolved": "https://registry.npmjs.org/vega-typings/-/vega-typings-0.24.0.tgz",
      "integrity": "sha512-FFYf67Dn5VNPbYoYHgO2T9Z1I81qcwrXjwKEe0rlJk0MX7CNWPJr9Y3VZEWfxyEx7J9anAm69hGIv0Ehb2G85A==",
      "dependencies": {
        "@types/geojson": "^7946.0.10",
        "vega-event-selector": "^3.0.1",
        "vega-expression": "^5.0.1",
        "vega-util": "^1.17.1"
      }
    },
    "node_modules/vega-util": {
      "version": "1.17.1",
      "resolved": "https://registry.npmjs.org/vega-util/-/vega-util-1.17.1.tgz",
      "integrity": "sha512-ToPkWoBdP6awoK+bnYaFhgdqZhsNwKxWbuMnFell+4K/Cb6Q1st5Pi9I7iI5Y6n5ZICDDsd6eL7/IhBjEg1NUQ=="
    }
  },
  "dependencies": {
    "@types/estree": {
      "version": "1.0.0",
      "resolved": "https://registry.npmjs.org/@types/estree/-/estree-1.0.0.tgz",
      "integrity": "sha512-WulqXMDUTYAXCjZnk6JtIHPigp55cVtDgDrO2gHRwhyJto21+1zbVCtOYB2L1F9w4qCQ0rOGWBnBe0FNTiEJIQ=="
    },
    "@types/geojson": {
      "version": "7946.0.10",
      "resolved": "https://registry.npmjs.org/@types/geojson/-/geojson-7946.0.10.tgz",
      "integrity": "sha512-Nmh0K3iWQJzniTuPRcJn5hxXkfB1T1pgB89SBig5PlJQU5yocazeu4jATJlaA0GYFKWMqDdvYemoSnF2pXgLVA=="
    },
    "vega-event-selector": {
      "version": "3.0.1",
      "resolved": "https://registry.npmjs.org/vega-event-selector/-/vega-event-selector-3.0.1.tgz",
      "integrity": "sha512-K5zd7s5tjr1LiOOkjGpcVls8GsH/f2CWCrWcpKy74gTCp+llCdwz0Enqo013ZlGaRNjfgD/o1caJRt3GSaec4A=="
    },
    "vega-expression": {
      "version": "5.0.1",
      "resolved": "https://registry.npmjs.org/vega-expression/-/vega-expression-5.0.1.tgz",
      "integrity": "sha512-atfzrMekrcsuyUgZCMklI5ki8cV763aeo1Y6YrfYU7FBwcQEoFhIV/KAJ1vae51aPDGtfzvwbtVIo3WShFCP2Q==",
      "requires": {
        "@types/estree": "^1.0.0",
        "vega-util": "^1.17.1"
      }
    },
    "vega-typings": {
      "version": "0.24.0",
      "resolved": "https://registry.npmjs.org/vega-typings/-/vega-typings-0.24.0.tgz",
      "integrity": "sha512-FFYf67Dn5VNPbYoYHgO2T9Z1I81qcwrXjwKEe0rlJk0MX7CNWPJr9Y3VZEWfxyEx7J9anAm69hGIv0Ehb2G85A==",
      "requires": {
        "@types/geojson": "^7946.0.10",
        "vega-event-selector": "^3.0.1",
        "vega-expression": "^5.0.1",
        "vega-util": "^1.17.1"
      }
    },
    "vega-util": {
      "version": "1.17.1",
      "resolved": "https://registry.npmjs.org/vega-util/-/vega-util-1.17.1.tgz",
      "integrity": "sha512-ToPkWoBdP6awoK+bnYaFhgdqZhsNwKxWbuMnFell+4K/Cb6Q1st5Pi9I7iI5Y6n5ZICDDsd6eL7/IhBjEg1NUQ=="
    }
  }
}
