{
  "name": "common-backend",
  "version": "1.0.0",
  "lockfileVersion": 2,
  "requires": true,
  "packages": {
    "": {
      "name": "common-backend",
      "version": "1.0.0",
      "license": "MIT",
      "devDependencies": {
        "@types/vscode": "^1.45.1"
      }
    },
    "node_modules/@types/vscode": {
      "version": "1.74.0",
      "resolved": "https://registry.npmjs.org/@types/vscode/-/vscode-1.74.0.tgz",
      "integrity": "sha512-LyeCIU3jb9d38w0MXFwta9r0Jx23ugujkAxdwLTNCyspdZTKUc43t7ppPbCiPoQ/Ivd/pnDFZrb4hWd45wrsgA==",
      "dev": true
    }
  },
  "dependencies": {
    "@types/vscode": {
      "version": "1.74.0",
      "resolved": "https://registry.npmjs.org/@types/vscode/-/vscode-1.74.0.tgz",
      "integrity": "sha512-LyeCIU3jb9d38w0MXFwta9r0Jx23ugujkAxdwLTNCyspdZTKUc43t7ppPbCiPoQ/Ivd/pnDFZrb4hWd45wrsgA==",
      "dev": true
    }
  }
}
