{
	"name": "common-backend",
	"version": "1.0.0",
	"lockfileVersion": 2,
	"requires": true,
	"packages": {
		"": {
			"name": "common-backend",
			"version": "1.0.0",
			"license": "MIT",
			"devDependencies": {
				"@types/vscode": "^1.45.1"
			}
		},
		"node_modules/@types/vscode": {
			"version": "1.51.0",
			"resolved": "https://registry.npmjs.org/@types/vscode/-/vscode-1.51.0.tgz",
			"integrity": "sha512-C/jZ35OT5k/rsJyAK8mS1kM++vMcm89oSWegkzxRCvHllIq0cToZAkIDs6eCY4SKrvik3nrhELizyLcM0onbQA==",
			"dev": true
		}
	},
	"dependencies": {
		"@types/vscode": {
			"version": "1.51.0",
			"resolved": "https://registry.npmjs.org/@types/vscode/-/vscode-1.51.0.tgz",
			"integrity": "sha512-C/jZ35OT5k/rsJyAK8mS1kM++vMcm89oSWegkzxRCvHllIq0cToZAkIDs6eCY4SKrvik3nrhELizyLcM0onbQA==",
			"dev": true
		}
	}
}
