{
  "name": "common-backend",
  "version": "1.0.0",
  "lockfileVersion": 2,
  "requires": true,
  "packages": {
    "": {
      "name": "common-backend",
      "version": "1.0.0",
      "license": "MIT",
      "devDependencies": {
        "@types/vscode": "^1.45.1"
      }
    },
    "node_modules/@types/vscode": {
      "version": "1.68.1",
      "resolved": "https://registry.npmjs.org/@types/vscode/-/vscode-1.68.1.tgz",
      "integrity": "sha512-fXlaq13NT5yHh6yZ3c+UxXloTSk34mIvsNFYyQCeO5Po2BLFAwz7EZT4kQ43B64/aPcnAenyWy3QasrTofBOnQ==",
      "dev": true
    }
  },
  "dependencies": {
    "@types/vscode": {
      "version": "1.68.1",
      "resolved": "https://registry.npmjs.org/@types/vscode/-/vscode-1.68.1.tgz",
      "integrity": "sha512-fXlaq13NT5yHh6yZ3c+UxXloTSk34mIvsNFYyQCeO5Po2BLFAwz7EZT4kQ43B64/aPcnAenyWy3QasrTofBOnQ==",
      "dev": true
    }
  }
}
