{
	"name": "@msrvida/sanddance-explorer",
	"version": "3.2.0",
	"lockfileVersion": 1,
	"requires": true,
	"dependencies": {
		"@types/d3-format": {
			"version": "1.4.1",
			"resolved": "https://registry.npmjs.org/@types/d3-format/-/d3-format-1.4.1.tgz",
			"integrity": "sha512-ss9G2snEKmp2In5Z3T0Jpqv8QaDBc2xHltBw83KjnV5B5w+Iwphbvq5ph/Xnu4d03fmmsdt+o1aWch379rxIbA==",
			"dev": true
		},
		"d3-format": {
			"version": "1.4.5",
			"resolved": "https://registry.npmjs.org/d3-format/-/d3-format-1.4.5.tgz",
			"integrity": "sha512-J0piedu6Z8iB6TbIGfZgDzfXxUFN3qQRMofy2oPdXzQibYGqPB/9iMcxr/TGalU+2RsyDO+U4f33id8tbnSRMQ=="
		},
		"vega-typings": {
			"version": "0.19.1",
			"resolved": "https://registry.npmjs.org/vega-typings/-/vega-typings-0.19.1.tgz",
			"integrity": "sha512-OSyNYwMJ8FayTTNU/gohprbt1EFQBpoiMPP9p2vqo1O9z45XVnotQ92jYHAhraI6gWiMIIfo4OjPbSe/GX7etg==",
			"dev": true,
			"requires": {
				"vega-util": "^1.15.2"
			}
		},
		"vega-util": {
			"version": "1.16.0",
			"resolved": "https://registry.npmjs.org/vega-util/-/vega-util-1.16.0.tgz",
			"integrity": "sha512-6mmz6mI+oU4zDMeKjgvE2Fjz0Oh6zo6WGATcvCfxH2gXBzhBHmy5d25uW5Zjnkc6QBXSWPLV9Xa6SiqMsrsKog==",
			"dev": true
		}
	}
}
