{
	"name": "@msrvida/sanddance-explorer",
	"version": "3.0.1",
	"lockfileVersion": 1,
	"requires": true,
	"dependencies": {
		"@types/d3-format": {
			"version": "1.3.1",
			"resolved": "https://registry.npmjs.org/@types/d3-format/-/d3-format-1.3.1.tgz",
			"integrity": "sha512-KAWvReOKMDreaAwOjdfQMm0HjcUMlQG47GwqdVKgmm20vTd2pucj0a70c3gUSHrnsmo6H2AMrkBsZU2UhJLq8A==",
			"dev": true
		},
		"d3-format": {
			"version": "1.4.4",
			"resolved": "https://registry.npmjs.org/d3-format/-/d3-format-1.4.4.tgz",
			"integrity": "sha512-TWks25e7t8/cqctxCmxpUuzZN11QxIA7YrMbram94zMQ0PXjE4LVIMe/f6a4+xxL8HQ3OsAFULOINQi1pE62Aw=="
		},
		"vega-typings": {
			"version": "0.16.0",
			"resolved": "https://registry.npmjs.org/vega-typings/-/vega-typings-0.16.0.tgz",
			"integrity": "sha512-cRvEt2JicJs17eDlL8Dr+Wh55gvtTuyyWiBjp37/ewR8i3tZ9ZZEg7bTS600Z27jX9Ylkc4zINz5FibbrhWvng==",
			"dev": true,
			"requires": {
				"vega-util": "^1.13.1"
			}
		},
		"vega-util": {
			"version": "1.14.1",
			"resolved": "https://registry.npmjs.org/vega-util/-/vega-util-1.14.1.tgz",
			"integrity": "sha512-pSKJ8OCkgfgHZDTljyj+gmGltgulceWbk1BV6LWrXqp6P3J8qPA/oZA8+a93YNApYxXZ3yzIVUDOo5O27xk0jw==",
			"dev": true
		}
	}
}
