{
  "name": "@msrvida/sanddance-explorer",
  "version": "4.1.6",
  "lockfileVersion": 2,
  "requires": true,
  "packages": {
    "": {
      "name": "@msrvida/sanddance-explorer",
      "version": "4.1.6",
      "license": "MIT",
      "dependencies": {
        "d3-format": "^1.3.2"
      },
      "devDependencies": {
        "@types/d3-format": "^1.3.1",
        "vega-typings": "~0.24.1"
      },
      "peerDependencies": {
        "@types/react": ">=16.8.0 <18.0.0",
        "@types/react-dom": ">=16.8.0 <18.0.0",
        "react": ">=16.8.0 <18.0.0",
        "react-dom": ">=16.8.0 <18.0.0"
      }
    },
    "node_modules/@types/d3-format": {
      "version": "1.4.3",
      "resolved": "https://registry.npmjs.org/@types/d3-format/-/d3-format-1.4.3.tgz",
      "integrity": "sha512-Rp3dUYGqPSn4RY+GDW1GfY++JoFvnXU2E+5pU0/4iYLVgdwt029lRlAsAeHk9lJvq3UXl10l09Cmmj2G1wnNlA==",
      "dev": true
    },
    "node_modules/@types/estree": {
      "version": "1.0.2",
      "resolved": "https://registry.npmjs.org/@types/estree/-/estree-1.0.2.tgz",
      "integrity": "sha512-VeiPZ9MMwXjO32/Xu7+OwflfmeoRwkE/qzndw42gGtgJwZopBnzy2gD//NN1+go1mADzkDcqf/KnFRSjTJ8xJA==",
      "dev": true
    },
    "node_modules/@types/geojson": {
      "version": "7946.0.4",
      "resolved": "https://registry.npmjs.org/@types/geojson/-/geojson-7946.0.4.tgz",
      "integrity": "sha512-MHmwBtCb7OCv1DSivz2UNJXPGU/1btAWRKlqJ2saEhVJkpkvqHMMaOpKg0v4sAbDWSQekHGvPVMM8nQ+Jen03Q==",
      "dev": true
    },
    "node_modules/@types/prop-types": {
      "version": "15.7.8",
      "resolved": "https://registry.npmjs.org/@types/prop-types/-/prop-types-15.7.8.tgz",
      "integrity": "sha512-kMpQpfZKSCBqltAJwskgePRaYRFukDkm1oItcAbC3gNELR20XIBcN9VRgg4+m8DKsTfkWeA4m4Imp4DDuWy7FQ==",
      "peer": true
    },
    "node_modules/@types/react": {
      "version": "17.0.68",
      "resolved": "https://registry.npmjs.org/@types/react/-/react-17.0.68.tgz",
      "integrity": "sha512-y8heXejd/Gi43S28GOqIFmr6BzhLa3anMlPojRu4rHh3MtRrrpB+BtLEcqP3XPO1urXByzBdkOLU7sodYWnpkA==",
      "peer": true,
      "dependencies": {
        "@types/prop-types": "*",
        "@types/scheduler": "*",
        "csstype": "^3.0.2"
      }
    },
    "node_modules/@types/react-dom": {
      "version": "17.0.21",
      "resolved": "https://registry.npmjs.org/@types/react-dom/-/react-dom-17.0.21.tgz",
      "integrity": "sha512-3rQEFUNUUz2MYiRwJJj6UekcW7rFLOtmK7ajQP7qJpjNdggInl3I/xM4I3Hq1yYPdCGVMgax1gZsB7BBTtayXg==",
      "peer": true,
      "dependencies": {
        "@types/react": "^17"
      }
    },
    "node_modules/@types/scheduler": {
      "version": "0.16.4",
      "resolved": "https://registry.npmjs.org/@types/scheduler/-/scheduler-0.16.4.tgz",
      "integrity": "sha512-2L9ifAGl7wmXwP4v3pN4p2FLhD0O1qsJpvKmNin5VA8+UvNVb447UDaAEV6UdrkA+m/Xs58U1RFps44x6TFsVQ==",
      "peer": true
    },
    "node_modules/csstype": {
      "version": "3.1.2",
      "resolved": "https://registry.npmjs.org/csstype/-/csstype-3.1.2.tgz",
      "integrity": "sha512-I7K1Uu0MBPzaFKg4nI5Q7Vs2t+3gWWW648spaF+Rg7pI9ds18Ugn+lvg4SHczUdKlHI5LWBXyqfS8+DufyBsgQ==",
      "peer": true
    },
    "node_modules/d3-format": {
      "version": "1.4.5",
      "resolved": "https://registry.npmjs.org/d3-format/-/d3-format-1.4.5.tgz",
      "integrity": "sha512-J0piedu6Z8iB6TbIGfZgDzfXxUFN3qQRMofy2oPdXzQibYGqPB/9iMcxr/TGalU+2RsyDO+U4f33id8tbnSRMQ=="
    },
    "node_modules/js-tokens": {
      "version": "4.0.0",
      "resolved": "https://registry.npmjs.org/js-tokens/-/js-tokens-4.0.0.tgz",
      "integrity": "sha512-RdJUflcE3cUzKiMqQgsCu06FPu9UdIJO0beYbPhHN4k6apgJtifcoCtT9bcxOpYBtpD2kCM6Sbzg4CausW/PKQ==",
      "peer": true
    },
    "node_modules/loose-envify": {
      "version": "1.4.0",
      "resolved": "https://registry.npmjs.org/loose-envify/-/loose-envify-1.4.0.tgz",
      "integrity": "sha512-lyuxPGr/Wfhrlem2CL/UcnUc1zcqKAImBDzukY7Y5F/yQiNdko6+fRLevlw1HgMySw7f611UIY408EtxRSoK3Q==",
      "peer": true,
      "dependencies": {
        "js-tokens": "^3.0.0 || ^4.0.0"
      },
      "bin": {
        "loose-envify": "cli.js"
      }
    },
    "node_modules/object-assign": {
      "version": "4.1.1",
      "resolved": "https://registry.npmjs.org/object-assign/-/object-assign-4.1.1.tgz",
      "integrity": "sha512-rJgTQnkUnH1sFw8yT6VSU3zD3sWmu6sZhIseY8VX+GRu3P6F7Fu+JNDoXfklElbLJSnc3FUQHVe4cU5hj+BcUg==",
      "peer": true,
      "engines": {
        "node": ">=0.10.0"
      }
    },
    "node_modules/react": {
      "version": "17.0.2",
      "resolved": "https://registry.npmjs.org/react/-/react-17.0.2.tgz",
      "integrity": "sha512-gnhPt75i/dq/z3/6q/0asP78D0u592D5L1pd7M8P+dck6Fu/jJeL6iVVK23fptSUZj8Vjf++7wXA8UNclGQcbA==",
      "peer": true,
      "dependencies": {
        "loose-envify": "^1.1.0",
        "object-assign": "^4.1.1"
      },
      "engines": {
        "node": ">=0.10.0"
      }
    },
    "node_modules/react-dom": {
      "version": "17.0.2",
      "resolved": "https://registry.npmjs.org/react-dom/-/react-dom-17.0.2.tgz",
      "integrity": "sha512-s4h96KtLDUQlsENhMn1ar8t2bEa+q/YAtj8pPPdIjPDGBDIVNsrD9aXNWqspUe6AzKCIG0C1HZZLqLV7qpOBGA==",
      "peer": true,
      "dependencies": {
        "loose-envify": "^1.1.0",
        "object-assign": "^4.1.1",
        "scheduler": "^0.20.2"
      },
      "peerDependencies": {
        "react": "17.0.2"
      }
    },
    "node_modules/scheduler": {
      "version": "0.20.2",
      "resolved": "https://registry.npmjs.org/scheduler/-/scheduler-0.20.2.tgz",
      "integrity": "sha512-2eWfGgAqqWFGqtdMmcL5zCMK1U8KlXv8SQFGglL3CEtd0aDVDWgeF/YoCmvln55m5zSk3J/20hTaSBeSObsQDQ==",
      "peer": true,
      "dependencies": {
        "loose-envify": "^1.1.0",
        "object-assign": "^4.1.1"
      }
    },
    "node_modules/vega-event-selector": {
      "version": "3.0.1",
      "resolved": "https://registry.npmjs.org/vega-event-selector/-/vega-event-selector-3.0.1.tgz",
      "integrity": "sha512-K5zd7s5tjr1LiOOkjGpcVls8GsH/f2CWCrWcpKy74gTCp+llCdwz0Enqo013ZlGaRNjfgD/o1caJRt3GSaec4A==",
      "dev": true
    },
    "node_modules/vega-expression": {
      "version": "5.1.0",
      "resolved": "https://registry.npmjs.org/vega-expression/-/vega-expression-5.1.0.tgz",
      "integrity": "sha512-u8Rzja/cn2PEUkhQN3zUj3REwNewTA92ExrcASNKUJPCciMkHJEjESwFYuI6DWMCq4hQElQ92iosOAtwzsSTqA==",
      "dev": true,
      "dependencies": {
        "@types/estree": "^1.0.0",
        "vega-util": "^1.17.1"
      }
    },
    "node_modules/vega-typings": {
      "version": "0.24.2",
      "resolved": "https://registry.npmjs.org/vega-typings/-/vega-typings-0.24.2.tgz",
      "integrity": "sha512-fW02GElYoqweCCaPqH6iH44UZnzXiX9kbm1qyecjU3k5s0vtufLI7Yuz/a/uL37mEAqTMQplBBAlk0T9e2e1Dw==",
      "dev": true,
      "dependencies": {
        "@types/geojson": "7946.0.4",
        "vega-event-selector": "^3.0.1",
        "vega-expression": "^5.0.1",
        "vega-util": "^1.17.1"
      }
    },
    "node_modules/vega-util": {
      "version": "1.17.2",
      "resolved": "https://registry.npmjs.org/vega-util/-/vega-util-1.17.2.tgz",
      "integrity": "sha512-omNmGiZBdjm/jnHjZlywyYqafscDdHaELHx1q96n5UOz/FlO9JO99P4B3jZg391EFG8dqhWjQilSf2JH6F1mIw==",
      "dev": true
    }
  },
  "dependencies": {
    "@types/d3-format": {
      "version": "1.4.3",
      "resolved": "https://registry.npmjs.org/@types/d3-format/-/d3-format-1.4.3.tgz",
      "integrity": "sha512-Rp3dUYGqPSn4RY+GDW1GfY++JoFvnXU2E+5pU0/4iYLVgdwt029lRlAsAeHk9lJvq3UXl10l09Cmmj2G1wnNlA==",
      "dev": true
    },
    "@types/estree": {
      "version": "1.0.2",
      "resolved": "https://registry.npmjs.org/@types/estree/-/estree-1.0.2.tgz",
      "integrity": "sha512-VeiPZ9MMwXjO32/Xu7+OwflfmeoRwkE/qzndw42gGtgJwZopBnzy2gD//NN1+go1mADzkDcqf/KnFRSjTJ8xJA==",
      "dev": true
    },
    "@types/geojson": {
      "version": "7946.0.4",
      "resolved": "https://registry.npmjs.org/@types/geojson/-/geojson-7946.0.4.tgz",
      "integrity": "sha512-MHmwBtCb7OCv1DSivz2UNJXPGU/1btAWRKlqJ2saEhVJkpkvqHMMaOpKg0v4sAbDWSQekHGvPVMM8nQ+Jen03Q==",
      "dev": true
    },
    "@types/prop-types": {
      "version": "15.7.8",
      "resolved": "https://registry.npmjs.org/@types/prop-types/-/prop-types-15.7.8.tgz",
      "integrity": "sha512-kMpQpfZKSCBqltAJwskgePRaYRFukDkm1oItcAbC3gNELR20XIBcN9VRgg4+m8DKsTfkWeA4m4Imp4DDuWy7FQ==",
      "peer": true
    },
    "@types/react": {
      "version": "17.0.68",
      "resolved": "https://registry.npmjs.org/@types/react/-/react-17.0.68.tgz",
      "integrity": "sha512-y8heXejd/Gi43S28GOqIFmr6BzhLa3anMlPojRu4rHh3MtRrrpB+BtLEcqP3XPO1urXByzBdkOLU7sodYWnpkA==",
      "peer": true,
      "requires": {
        "@types/prop-types": "*",
        "@types/scheduler": "*",
        "csstype": "^3.0.2"
      }
    },
    "@types/react-dom": {
      "version": "17.0.21",
      "resolved": "https://registry.npmjs.org/@types/react-dom/-/react-dom-17.0.21.tgz",
      "integrity": "sha512-3rQEFUNUUz2MYiRwJJj6UekcW7rFLOtmK7ajQP7qJpjNdggInl3I/xM4I3Hq1yYPdCGVMgax1gZsB7BBTtayXg==",
      "peer": true,
      "requires": {
        "@types/react": "^17"
      }
    },
    "@types/scheduler": {
      "version": "0.16.4",
      "resolved": "https://registry.npmjs.org/@types/scheduler/-/scheduler-0.16.4.tgz",
      "integrity": "sha512-2L9ifAGl7wmXwP4v3pN4p2FLhD0O1qsJpvKmNin5VA8+UvNVb447UDaAEV6UdrkA+m/Xs58U1RFps44x6TFsVQ==",
      "peer": true
    },
    "csstype": {
      "version": "3.1.2",
      "resolved": "https://registry.npmjs.org/csstype/-/csstype-3.1.2.tgz",
      "integrity": "sha512-I7K1Uu0MBPzaFKg4nI5Q7Vs2t+3gWWW648spaF+Rg7pI9ds18Ugn+lvg4SHczUdKlHI5LWBXyqfS8+DufyBsgQ==",
      "peer": true
    },
    "d3-format": {
      "version": "1.4.5",
      "resolved": "https://registry.npmjs.org/d3-format/-/d3-format-1.4.5.tgz",
      "integrity": "sha512-J0piedu6Z8iB6TbIGfZgDzfXxUFN3qQRMofy2oPdXzQibYGqPB/9iMcxr/TGalU+2RsyDO+U4f33id8tbnSRMQ=="
    },
    "js-tokens": {
      "version": "4.0.0",
      "resolved": "https://registry.npmjs.org/js-tokens/-/js-tokens-4.0.0.tgz",
      "integrity": "sha512-RdJUflcE3cUzKiMqQgsCu06FPu9UdIJO0beYbPhHN4k6apgJtifcoCtT9bcxOpYBtpD2kCM6Sbzg4CausW/PKQ==",
      "peer": true
    },
    "loose-envify": {
      "version": "1.4.0",
      "resolved": "https://registry.npmjs.org/loose-envify/-/loose-envify-1.4.0.tgz",
      "integrity": "sha512-lyuxPGr/Wfhrlem2CL/UcnUc1zcqKAImBDzukY7Y5F/yQiNdko6+fRLevlw1HgMySw7f611UIY408EtxRSoK3Q==",
      "peer": true,
      "requires": {
        "js-tokens": "^3.0.0 || ^4.0.0"
      }
    },
    "object-assign": {
      "version": "4.1.1",
      "resolved": "https://registry.npmjs.org/object-assign/-/object-assign-4.1.1.tgz",
      "integrity": "sha512-rJgTQnkUnH1sFw8yT6VSU3zD3sWmu6sZhIseY8VX+GRu3P6F7Fu+JNDoXfklElbLJSnc3FUQHVe4cU5hj+BcUg==",
      "peer": true
    },
    "react": {
      "version": "17.0.2",
      "resolved": "https://registry.npmjs.org/react/-/react-17.0.2.tgz",
      "integrity": "sha512-gnhPt75i/dq/z3/6q/0asP78D0u592D5L1pd7M8P+dck6Fu/jJeL6iVVK23fptSUZj8Vjf++7wXA8UNclGQcbA==",
      "peer": true,
      "requires": {
        "loose-envify": "^1.1.0",
        "object-assign": "^4.1.1"
      }
    },
    "react-dom": {
      "version": "17.0.2",
      "resolved": "https://registry.npmjs.org/react-dom/-/react-dom-17.0.2.tgz",
      "integrity": "sha512-s4h96KtLDUQlsENhMn1ar8t2bEa+q/YAtj8pPPdIjPDGBDIVNsrD9aXNWqspUe6AzKCIG0C1HZZLqLV7qpOBGA==",
      "peer": true,
      "requires": {
        "loose-envify": "^1.1.0",
        "object-assign": "^4.1.1",
        "scheduler": "^0.20.2"
      }
    },
    "scheduler": {
      "version": "0.20.2",
      "resolved": "https://registry.npmjs.org/scheduler/-/scheduler-0.20.2.tgz",
      "integrity": "sha512-2eWfGgAqqWFGqtdMmcL5zCMK1U8KlXv8SQFGglL3CEtd0aDVDWgeF/YoCmvln55m5zSk3J/20hTaSBeSObsQDQ==",
      "peer": true,
      "requires": {
        "loose-envify": "^1.1.0",
        "object-assign": "^4.1.1"
      }
    },
    "vega-event-selector": {
      "version": "3.0.1",
      "resolved": "https://registry.npmjs.org/vega-event-selector/-/vega-event-selector-3.0.1.tgz",
      "integrity": "sha512-K5zd7s5tjr1LiOOkjGpcVls8GsH/f2CWCrWcpKy74gTCp+llCdwz0Enqo013ZlGaRNjfgD/o1caJRt3GSaec4A==",
      "dev": true
    },
    "vega-expression": {
      "version": "5.1.0",
      "resolved": "https://registry.npmjs.org/vega-expression/-/vega-expression-5.1.0.tgz",
      "integrity": "sha512-u8Rzja/cn2PEUkhQN3zUj3REwNewTA92ExrcASNKUJPCciMkHJEjESwFYuI6DWMCq4hQElQ92iosOAtwzsSTqA==",
      "dev": true,
      "requires": {
        "@types/estree": "^1.0.0",
        "vega-util": "^1.17.1"
      }
    },
    "vega-typings": {
      "version": "0.24.2",
      "resolved": "https://registry.npmjs.org/vega-typings/-/vega-typings-0.24.2.tgz",
      "integrity": "sha512-fW02GElYoqweCCaPqH6iH44UZnzXiX9kbm1qyecjU3k5s0vtufLI7Yuz/a/uL37mEAqTMQplBBAlk0T9e2e1Dw==",
      "dev": true,
      "requires": {
        "@types/geojson": "7946.0.4",
        "vega-event-selector": "^3.0.1",
        "vega-expression": "^5.0.1",
        "vega-util": "^1.17.1"
      }
    },
    "vega-util": {
      "version": "1.17.2",
      "resolved": "https://registry.npmjs.org/vega-util/-/vega-util-1.17.2.tgz",
      "integrity": "sha512-omNmGiZBdjm/jnHjZlywyYqafscDdHaELHx1q96n5UOz/FlO9JO99P4B3jZg391EFG8dqhWjQilSf2JH6F1mIw==",
      "dev": true
    }
  }
}
