{
	"name": "@msrvida/sanddance-specs",
	"version": "1.1.2",
	"lockfileVersion": 1,
	"requires": true,
	"dependencies": {
		"commander": {
			"version": "2.20.3",
			"resolved": "https://registry.npmjs.org/commander/-/commander-2.20.3.tgz",
			"integrity": "sha512-GpVkmM8vF2vQUkj2LvZmD35JxeJOLCwJ9cUkugyk2nuhbv3+mJvpLYYt+0+USMxE+oj+ey/lJEnhZw75x/OMcQ==",
			"dev": true
		},
		"d3-array": {
			"version": "2.4.0",
			"resolved": "https://registry.npmjs.org/d3-array/-/d3-array-2.4.0.tgz",
			"integrity": "sha512-KQ41bAF2BMakf/HdKT865ALd4cgND6VcIztVQZUTt0+BH3RWy6ZYnHghVXf6NFjt2ritLr8H1T8LreAAlfiNcw==",
			"dev": true
		},
		"d3-color": {
			"version": "1.4.1",
			"resolved": "https://registry.npmjs.org/d3-color/-/d3-color-1.4.1.tgz",
			"integrity": "sha512-p2sTHSLCJI2QKunbGb7ocOh7DgTAn8IrLx21QRc/BSnodXM4sv6aLQlnfpvehFMLZEfBc6g9pH9SWQccFYfJ9Q=="
		},
		"d3-delaunay": {
			"version": "5.2.1",
			"resolved": "https://registry.npmjs.org/d3-delaunay/-/d3-delaunay-5.2.1.tgz",
			"integrity": "sha512-ZZdeJl6cKRyqYVFYK+/meXvWIrAvZsZTD7WSxl4OPXCmuXNgDyACAClAJHD63zL25TA+IJGURUNO7rFseNFCYw==",
			"dev": true,
			"requires": {
				"delaunator": "4"
			}
		},
		"d3-dispatch": {
			"version": "1.0.6",
			"resolved": "https://registry.npmjs.org/d3-dispatch/-/d3-dispatch-1.0.6.tgz",
			"integrity": "sha512-fVjoElzjhCEy+Hbn8KygnmMS7Or0a9sI2UzGwoB7cCtvI1XpVN9GpoYlnb3xt2YV66oXYb1fLJ8GMvP4hdU1RA==",
			"dev": true
		},
		"d3-dsv": {
			"version": "1.2.0",
			"resolved": "https://registry.npmjs.org/d3-dsv/-/d3-dsv-1.2.0.tgz",
			"integrity": "sha512-9yVlqvZcSOMhCYzniHE7EVUws7Fa1zgw+/EAV2BxJoG3ME19V6BQFBwI855XQDsxyOuG7NibqRMTtiF/Qup46g==",
			"dev": true,
			"requires": {
				"commander": "2",
				"iconv-lite": "0.4",
				"rw": "1"
			}
		},
		"d3-force": {
			"version": "2.0.1",
			"resolved": "https://registry.npmjs.org/d3-force/-/d3-force-2.0.1.tgz",
			"integrity": "sha512-zh73/N6+MElRojiUG7vmn+3vltaKon7iD5vB/7r9nUaBeftXMzRo5IWEG63DLBCto4/8vr9i3m9lwr1OTJNiCg==",
			"dev": true,
			"requires": {
				"d3-dispatch": "1",
				"d3-quadtree": "1",
				"d3-timer": "1"
			}
		},
		"d3-format": {
			"version": "1.4.4",
			"resolved": "https://registry.npmjs.org/d3-format/-/d3-format-1.4.4.tgz",
			"integrity": "sha512-TWks25e7t8/cqctxCmxpUuzZN11QxIA7YrMbram94zMQ0PXjE4LVIMe/f6a4+xxL8HQ3OsAFULOINQi1pE62Aw==",
			"dev": true
		},
		"d3-geo": {
			"version": "1.12.0",
			"resolved": "https://registry.npmjs.org/d3-geo/-/d3-geo-1.12.0.tgz",
			"integrity": "sha512-NalZVW+6/SpbKcnl+BCO67m8gX+nGeJdo6oGL9H6BRUGUL1e+AtPcP4vE4TwCQ/gl8y5KE7QvBzrLn+HsKIl+w==",
			"dev": true,
			"requires": {
				"d3-array": "1"
			},
			"dependencies": {
				"d3-array": {
					"version": "1.2.4",
					"resolved": "https://registry.npmjs.org/d3-array/-/d3-array-1.2.4.tgz",
					"integrity": "sha512-KHW6M86R+FUPYGb3R5XiYjXPq7VzwxZ22buHhAEVG5ztoEcZZMLov530mmccaqA1GghZArjQV46fuc8kUqhhHw==",
					"dev": true
				}
			}
		},
		"d3-geo-projection": {
			"version": "2.9.0",
			"resolved": "https://registry.npmjs.org/d3-geo-projection/-/d3-geo-projection-2.9.0.tgz",
			"integrity": "sha512-ZULvK/zBn87of5rWAfFMc9mJOipeSo57O+BBitsKIXmU4rTVAnX1kSsJkE0R+TxY8pGNoM1nbyRRE7GYHhdOEQ==",
			"dev": true,
			"requires": {
				"commander": "2",
				"d3-array": "1",
				"d3-geo": "^1.12.0",
				"resolve": "^1.1.10"
			},
			"dependencies": {
				"d3-array": {
					"version": "1.2.4",
					"resolved": "https://registry.npmjs.org/d3-array/-/d3-array-1.2.4.tgz",
					"integrity": "sha512-KHW6M86R+FUPYGb3R5XiYjXPq7VzwxZ22buHhAEVG5ztoEcZZMLov530mmccaqA1GghZArjQV46fuc8kUqhhHw==",
					"dev": true
				}
			}
		},
		"d3-hierarchy": {
			"version": "1.1.9",
			"resolved": "https://registry.npmjs.org/d3-hierarchy/-/d3-hierarchy-1.1.9.tgz",
			"integrity": "sha512-j8tPxlqh1srJHAtxfvOUwKNYJkQuBFdM1+JAUfq6xqH5eAqf93L7oG1NVqDa4CpFZNvnNKtCYEUC8KY9yEn9lQ==",
			"dev": true
		},
		"d3-interpolate": {
			"version": "1.4.0",
			"resolved": "https://registry.npmjs.org/d3-interpolate/-/d3-interpolate-1.4.0.tgz",
			"integrity": "sha512-V9znK0zc3jOPV4VD2zZn0sDhZU3WAE2bmlxdIwwQPPzPjvyLkd8B3JUVdS1IDUFDkWZ72c9qnv1GK2ZagTZ8EA==",
			"dev": true,
			"requires": {
				"d3-color": "1"
			}
		},
		"d3-path": {
			"version": "1.0.9",
			"resolved": "https://registry.npmjs.org/d3-path/-/d3-path-1.0.9.tgz",
			"integrity": "sha512-VLaYcn81dtHVTjEHd8B+pbe9yHWpXKZUC87PzoFmsFrJqgFwDe/qxfp5MlfsfM1V5E/iVt0MmEbWQ7FVIXh/bg==",
			"dev": true
		},
		"d3-quadtree": {
			"version": "1.0.7",
			"resolved": "https://registry.npmjs.org/d3-quadtree/-/d3-quadtree-1.0.7.tgz",
			"integrity": "sha512-RKPAeXnkC59IDGD0Wu5mANy0Q2V28L+fNe65pOCXVdVuTJS3WPKaJlFHer32Rbh9gIo9qMuJXio8ra4+YmIymA==",
			"dev": true
		},
		"d3-scale": {
			"version": "3.2.1",
			"resolved": "https://registry.npmjs.org/d3-scale/-/d3-scale-3.2.1.tgz",
			"integrity": "sha512-huz5byJO/6MPpz6Q8d4lg7GgSpTjIZW/l+1MQkzKfu2u8P6hjaXaStOpmyrD6ymKoW87d2QVFCKvSjLwjzx/rA==",
			"dev": true,
			"requires": {
				"d3-array": "1.2.0 - 2",
				"d3-format": "1",
				"d3-interpolate": "^1.2.0",
				"d3-time": "1",
				"d3-time-format": "2"
			}
		},
		"d3-shape": {
			"version": "1.3.7",
			"resolved": "https://registry.npmjs.org/d3-shape/-/d3-shape-1.3.7.tgz",
			"integrity": "sha512-EUkvKjqPFUAZyOlhY5gzCxCeI0Aep04LwIRpsZ/mLFelJiUfnK56jo5JMDSE7yyP2kLSb6LtF+S5chMk7uqPqw==",
			"dev": true,
			"requires": {
				"d3-path": "1"
			}
		},
		"d3-time": {
			"version": "1.1.0",
			"resolved": "https://registry.npmjs.org/d3-time/-/d3-time-1.1.0.tgz",
			"integrity": "sha512-Xh0isrZ5rPYYdqhAVk8VLnMEidhz5aP7htAADH6MfzgmmicPkTo8LhkLxci61/lCB7n7UmE3bN0leRt+qvkLxA==",
			"dev": true
		},
		"d3-time-format": {
			"version": "2.2.3",
			"resolved": "https://registry.npmjs.org/d3-time-format/-/d3-time-format-2.2.3.tgz",
			"integrity": "sha512-RAHNnD8+XvC4Zc4d2A56Uw0yJoM7bsvOlJR33bclxq399Rak/b9bhvu/InjxdWhPtkgU53JJcleJTGkNRnN6IA==",
			"dev": true,
			"requires": {
				"d3-time": "1"
			}
		},
		"d3-timer": {
			"version": "1.0.10",
			"resolved": "https://registry.npmjs.org/d3-timer/-/d3-timer-1.0.10.tgz",
			"integrity": "sha512-B1JDm0XDaQC+uvo4DT79H0XmBskgS3l6Ve+1SBCfxgmtIb1AVrPIoqd+nPSv+loMX8szQ0sVUhGngL7D5QPiXw==",
			"dev": true
		},
		"delaunator": {
			"version": "4.0.1",
			"resolved": "https://registry.npmjs.org/delaunator/-/delaunator-4.0.1.tgz",
			"integrity": "sha512-WNPWi1IRKZfCt/qIDMfERkDp93+iZEmOxN2yy4Jg+Xhv8SLk2UTqqbe1sfiipn0and9QrE914/ihdx82Y/Giag==",
			"dev": true
		},
		"iconv-lite": {
			"version": "0.4.24",
			"resolved": "https://registry.npmjs.org/iconv-lite/-/iconv-lite-0.4.24.tgz",
			"integrity": "sha512-v3MXnZAcvnywkTUEZomIActle7RXXeedOR31wwl7VlyoXO4Qi9arvSenNQWne1TcRwhCL1HwLI21bEqdpj8/rA==",
			"dev": true,
			"requires": {
				"safer-buffer": ">= 2.1.2 < 3"
			}
		},
		"node-fetch": {
			"version": "2.6.0",
			"resolved": "https://registry.npmjs.org/node-fetch/-/node-fetch-2.6.0.tgz",
			"integrity": "sha512-8dG4H5ujfvFiqDmVu9fQ5bOHUC15JMjMY/Zumv26oOvvVJjM67KF8koCWIabKQ1GJIa9r2mMZscBq/TbdOcmNA==",
			"dev": true
		},
		"path-parse": {
			"version": "1.0.6",
			"resolved": "https://registry.npmjs.org/path-parse/-/path-parse-1.0.6.tgz",
			"integrity": "sha512-GSmOT2EbHrINBf9SR7CDELwlJ8AENk3Qn7OikK4nFYAu3Ote2+JYNVvkpAEQm3/TLNEJFD/xZJjzyxg3KBWOzw==",
			"dev": true
		},
		"resolve": {
			"version": "1.17.0",
			"resolved": "https://registry.npmjs.org/resolve/-/resolve-1.17.0.tgz",
			"integrity": "sha512-ic+7JYiV8Vi2yzQGFWOkiZD5Z9z7O2Zhm9XMaTxdJExKasieFCr+yXZ/WmXsckHiKl12ar0y6XiXDx3m4RHn1w==",
			"dev": true,
			"requires": {
				"path-parse": "^1.0.6"
			}
		},
		"rw": {
			"version": "1.3.3",
			"resolved": "https://registry.npmjs.org/rw/-/rw-1.3.3.tgz",
			"integrity": "sha1-P4Yt+pGrdmsUiF700BEkv9oHT7Q=",
			"dev": true
		},
		"safer-buffer": {
			"version": "2.1.2",
			"resolved": "https://registry.npmjs.org/safer-buffer/-/safer-buffer-2.1.2.tgz",
			"integrity": "sha512-YZo3K82SD7Riyi0E1EQPojLz7kpepnSQI9IyPbHHg1XXXevb5dJI7tpyN2ADxGcQbHG7vcyRHk0cbwqcQriUtg==",
			"dev": true
		},
		"topojson-client": {
			"version": "3.1.0",
			"resolved": "https://registry.npmjs.org/topojson-client/-/topojson-client-3.1.0.tgz",
			"integrity": "sha512-605uxS6bcYxGXw9qi62XyrV6Q3xwbndjachmNxu8HWTtVPxZfEJN9fd/SZS1Q54Sn2y0TMyMxFj/cJINqGHrKw==",
			"dev": true,
			"requires": {
				"commander": "2"
			}
		},
		"vega": {
			"version": "5.11.1",
			"resolved": "https://registry.npmjs.org/vega/-/vega-5.11.1.tgz",
			"integrity": "sha512-Ihmaoh52nMO5k6SwUIKl5n1jJKkGPiWNSNPneyq7jHqpIGRvlE6AP5jdWXrtIWumRzEJ1TZqmSfuPOOvF1yq0A==",
			"dev": true,
			"requires": {
				"vega-crossfilter": "~4.0.2",
				"vega-dataflow": "~5.5.1",
				"vega-encode": "~4.6.0",
				"vega-event-selector": "~2.0.3",
				"vega-expression": "~2.6.4",
				"vega-force": "~4.0.4",
				"vega-functions": "~5.6.0",
				"vega-geo": "~4.3.1",
				"vega-hierarchy": "~4.0.5",
				"vega-loader": "~4.2.2",
				"vega-parser": "~5.14.0",
				"vega-projection": "~1.4.1",
				"vega-regression": "~1.0.6",
				"vega-runtime": "~5.0.3",
				"vega-scale": "~6.1.0",
				"vega-scenegraph": "~4.7.1",
				"vega-statistics": "~1.7.5",
				"vega-time": "~1.1.0",
				"vega-transforms": "~4.7.2",
				"vega-typings": "~0.16.0",
				"vega-util": "~1.13.2",
				"vega-view": "~5.6.0",
				"vega-view-transforms": "~4.5.4",
				"vega-voronoi": "~4.1.2",
				"vega-wordcloud": "~4.0.5"
			}
		},
		"vega-canvas": {
			"version": "1.2.2",
			"resolved": "https://registry.npmjs.org/vega-canvas/-/vega-canvas-1.2.2.tgz",
			"integrity": "sha512-39h8/fZp4kDwSeDGIEoyEiIgtP3mgY3D08InD1Ldm0FntePpSe1tXzC1zcvoLe/+f7Qprl6Jfwux/ksOXvpj2w==",
			"dev": true
		},
		"vega-crossfilter": {
			"version": "4.0.2",
			"resolved": "https://registry.npmjs.org/vega-crossfilter/-/vega-crossfilter-4.0.2.tgz",
			"integrity": "sha512-wlKpqBEUpDd/Y3aaC1u91lebXR+sS7LElYv2jGDDG5pA+RS8lRo3NmSClKVBM5NcY80IeMywG+0a/ogzVeBrPQ==",
			"dev": true,
			"requires": {
				"d3-array": "^2.4.0",
				"vega-dataflow": "^5.5.1",
				"vega-util": "^1.13.2"
			}
		},
		"vega-dataflow": {
			"version": "5.5.1",
			"resolved": "https://registry.npmjs.org/vega-dataflow/-/vega-dataflow-5.5.1.tgz",
			"integrity": "sha512-l8lIopoWl6q8L7TSg5YS2c2uBniPDgf5CuCzLyREbFR5Xp4+ZR/ioV6Ayzwn5+p3DyujyotngNOZ1FrVsrhz5g==",
			"dev": true,
			"requires": {
				"vega-loader": "^4.2.2",
				"vega-util": "^1.13.2"
			}
		},
		"vega-encode": {
			"version": "4.6.0",
			"resolved": "https://registry.npmjs.org/vega-encode/-/vega-encode-4.6.0.tgz",
			"integrity": "sha512-nXUpjoh3WMg5dPJLAFQd+L4Nx91ZDSctyaOzM6ap5+zAeyGPHulL/gdglBXMfiJvAU5lT4JPhY0riRBvHx6j3A==",
			"dev": true,
			"requires": {
				"d3-array": "^2.4.0",
				"d3-interpolate": "^1.4.0",
				"vega-dataflow": "^5.5.1",
				"vega-scale": "^6.1.0",
				"vega-util": "^1.13.2"
			}
		},
		"vega-event-selector": {
			"version": "2.0.3",
			"resolved": "https://registry.npmjs.org/vega-event-selector/-/vega-event-selector-2.0.3.tgz",
			"integrity": "sha512-rUnAvBSy5tkk+0MELY7qICTgjMNjH/DDNIH603q3GRi+bBRCd4MlJxWrPYBhwZIYpmr6XCe130lZ90/F5SgVfA==",
			"dev": true
		},
		"vega-expression": {
			"version": "2.6.4",
			"resolved": "https://registry.npmjs.org/vega-expression/-/vega-expression-2.6.4.tgz",
			"integrity": "sha512-wVpXbvRUUHKAsJIXQmiu4EAA3DvN0uXbGpGR+lg0y9kaFQIiiLzpouioGNgP6slyKmrjrLRty571etvlhsOm7A==",
			"dev": true,
			"requires": {
				"vega-util": "^1.13.2"
			}
		},
		"vega-force": {
			"version": "4.0.4",
			"resolved": "https://registry.npmjs.org/vega-force/-/vega-force-4.0.4.tgz",
			"integrity": "sha512-ETTezb3lpQIbrk8pdmv4WpoNlChWdIK1Hv5CHL8Q/oOT/lIop/NHnI+JZO4yuzaYv+o3UqNWPcjiY0U5/i51dw==",
			"dev": true,
			"requires": {
				"d3-force": "^2.0.1",
				"vega-dataflow": "^5.5.1",
				"vega-util": "^1.13.2"
			}
		},
		"vega-functions": {
			"version": "5.6.0",
			"resolved": "https://registry.npmjs.org/vega-functions/-/vega-functions-5.6.0.tgz",
			"integrity": "sha512-9OHdAohz428LkAK2+CeBjZ6WgsLGGcVsWNFqoTJhEOuBJNliOa9Jq6V+5QfriYEHZBk48ppLPRlYgKibz7dthQ==",
			"dev": true,
			"requires": {
				"d3-array": "^2.4.0",
				"d3-color": "^1.4.1",
				"d3-format": "^1.4.4",
				"d3-geo": "^1.12.0",
				"d3-time-format": "^2.2.3",
				"vega-dataflow": "^5.5.1",
				"vega-expression": "^2.6.4",
				"vega-scale": "^6.1.0",
				"vega-scenegraph": "^4.7.0",
				"vega-selections": "^5.1.1",
				"vega-statistics": "^1.7.4",
				"vega-time": "^1.1.0",
				"vega-util": "^1.13.2"
			}
		},
		"vega-geo": {
			"version": "4.3.1",
			"resolved": "https://registry.npmjs.org/vega-geo/-/vega-geo-4.3.1.tgz",
			"integrity": "sha512-bQQB6UgFM1NUSKeCMeb3an3cTEGqEj+DV+gE1/zq/5H7/iYJGY2tI/URy+pgBIaxwyhxUSm0QpzU+JXzh2CW8g==",
			"dev": true,
			"requires": {
				"d3-array": "^2.4.0",
				"d3-color": "^1.4.1",
				"d3-geo": "^1.12.0",
				"vega-canvas": "^1.2.2",
				"vega-dataflow": "^5.5.1",
				"vega-projection": "^1.4.1",
				"vega-statistics": "^1.7.4",
				"vega-util": "^1.13.2"
			}
		},
		"vega-hierarchy": {
			"version": "4.0.5",
			"resolved": "https://registry.npmjs.org/vega-hierarchy/-/vega-hierarchy-4.0.5.tgz",
			"integrity": "sha512-MLXbYq0GncfBLtd4A6zTXjE7Nh+dPQAbKyNghSZbHus2hiSjEC2uBECCaCiKidBxDsTcJBISaopSNFGVRFxJuw==",
			"dev": true,
			"requires": {
				"d3-hierarchy": "^1.1.9",
				"vega-dataflow": "^5.5.1",
				"vega-util": "^1.13.2"
			}
		},
		"vega-loader": {
			"version": "4.2.2",
			"resolved": "https://registry.npmjs.org/vega-loader/-/vega-loader-4.2.2.tgz",
			"integrity": "sha512-W5/Wd//W0E5b6TM+CQc2Ha7JkGIqXlPqL95H4QKdX8e7urm9OL+fKBvY7YoWld/h1IIbD0z/EnXYzYfWXaNXOA==",
			"dev": true,
			"requires": {
				"d3-dsv": "^1.2.0",
				"d3-time-format": "^2.2.3",
				"node-fetch": "^2.6.0",
				"topojson-client": "^3.1.0",
				"vega-util": "^1.13.2"
			}
		},
		"vega-parser": {
			"version": "5.14.0",
			"resolved": "https://registry.npmjs.org/vega-parser/-/vega-parser-5.14.0.tgz",
			"integrity": "sha512-9/327Mju6n38IDmlJX98R/kbIKB10MghmQ41rNvv/0x6aRV+tCPN02bEALf8GR7FnQSxt+CvftSb7RB7Qc6Dfg==",
			"dev": true,
			"requires": {
				"vega-dataflow": "^5.5.1",
				"vega-event-selector": "^2.0.3",
				"vega-expression": "^2.6.4",
				"vega-functions": "^5.6.0",
				"vega-scale": "^6.1.0",
				"vega-util": "^1.13.2"
			}
		},
		"vega-projection": {
			"version": "1.4.1",
			"resolved": "https://registry.npmjs.org/vega-projection/-/vega-projection-1.4.1.tgz",
			"integrity": "sha512-6Rfv/6gqhuEjWGoti9YNqCYLWXb3st+bytqIyiYMmTS8nEQLhH8UyOHwbq5eYOCT4Sn7Q4nsLz+i2I5vgIfUAw==",
			"dev": true,
			"requires": {
				"d3-geo": "^1.12.0",
				"d3-geo-projection": "^2.9.0"
			}
		},
		"vega-regression": {
			"version": "1.0.6",
			"resolved": "https://registry.npmjs.org/vega-regression/-/vega-regression-1.0.6.tgz",
			"integrity": "sha512-s4kjsKp23WvDJDHkpIrGNUaLI3/95k6nTURj9RDtM4C6CbUgO2snIaEfki4JfOCnBYtvotwDuZgXKmJInu9hVw==",
			"dev": true,
			"requires": {
				"d3-array": "^2.4.0",
				"vega-dataflow": "^5.5.1",
				"vega-statistics": "^1.7.4",
				"vega-util": "^1.13.2"
			}
		},
		"vega-runtime": {
			"version": "5.0.3",
			"resolved": "https://registry.npmjs.org/vega-runtime/-/vega-runtime-5.0.3.tgz",
			"integrity": "sha512-VHSM68yR+Bf+fY0hmDsMk4Qu4NH0pcpJXDJ2SDgUJozbTTAgWvLXPYYDVSLFZIyaQ7JFLCdYJdzMZuds5WFPjQ==",
			"dev": true,
			"requires": {
				"vega-dataflow": "^5.5.1",
				"vega-util": "^1.13.2"
			}
		},
		"vega-scale": {
			"version": "6.1.0",
			"resolved": "https://registry.npmjs.org/vega-scale/-/vega-scale-6.1.0.tgz",
			"integrity": "sha512-gpe+5JmVSloj70jJNw2aE1OES6+xERFjorRawk9xfD521AgThoFt1Dgs/afQwy/hz2mUG1t4MkpDKJ/Q3EAmIA==",
			"dev": true,
			"requires": {
				"d3-array": "^2.4.0",
				"d3-format": "^1.4.4",
				"d3-interpolate": "^1.4.0",
				"d3-scale": "^3.2.1",
				"vega-time": "^1.1.0",
				"vega-util": "^1.13.2"
			}
		},
		"vega-scenegraph": {
			"version": "4.7.1",
			"resolved": "https://registry.npmjs.org/vega-scenegraph/-/vega-scenegraph-4.7.1.tgz",
			"integrity": "sha512-rO/7GshzgKR8vaPluN2wJqjNAu7EBejWDfGfytG/IJrpJ+z/MzvkeH6+VnCjh7cSFeiIIXzYAoyr2iSLFcWKfQ==",
			"dev": true,
			"requires": {
				"d3-path": "^1.0.9",
				"d3-shape": "^1.3.7",
				"vega-canvas": "^1.2.1",
				"vega-loader": "^4.2.2",
				"vega-scale": "^6.1.0",
				"vega-util": "^1.13.2"
			}
		},
		"vega-selections": {
			"version": "5.1.1",
			"resolved": "https://registry.npmjs.org/vega-selections/-/vega-selections-5.1.1.tgz",
			"integrity": "sha512-ztZUMfDicuIGJHZimSdVvMGzMvaa37ICzUHHvwxS51OhYv096dzKgoSypjx+tsmR7wnhY7ZL+iQgpT1/O29jlA==",
			"dev": true,
			"requires": {
				"vega-expression": "^2.6.4",
				"vega-util": "^1.13.2"
			}
		},
		"vega-statistics": {
			"version": "1.7.5",
			"resolved": "https://registry.npmjs.org/vega-statistics/-/vega-statistics-1.7.5.tgz",
			"integrity": "sha512-6yj2V8l7rU123RIvXKiXDMC6ZCJOuToeZcqzTv4VZCRBXilVQeYzam9/nhIVROzh+4KtRW1I5oayMQqrHzIIfw==",
			"dev": true,
			"requires": {
				"d3-array": "^2.4.0"
			}
		},
		"vega-time": {
			"version": "1.1.0",
			"resolved": "https://registry.npmjs.org/vega-time/-/vega-time-1.1.0.tgz",
			"integrity": "sha512-yQ4co3hN0/NiuPWHKm3uCIGMjzYBJFM5glhME8mb5mrrKnBUsany+HL/9a6aU/HBeLDsDPEhna/lFpj1Y5cW8A==",
			"dev": true,
			"requires": {
				"d3-array": "^2.4.0",
				"d3-time": "^1.1.0",
				"d3-time-format": "^2.2.3",
				"vega-util": "^1.13.2"
			}
		},
		"vega-transforms": {
			"version": "4.7.2",
			"resolved": "https://registry.npmjs.org/vega-transforms/-/vega-transforms-4.7.2.tgz",
			"integrity": "sha512-nV1r53Zs1a+zaMcInVZTIXqPdKzlwscVxkYgR8TcXxQ1VpfJreetDTmvCl89STC6GPHlDZqkn7KRGvSoXgyNbA==",
			"dev": true,
			"requires": {
				"d3-array": "^2.4.0",
				"vega-dataflow": "^5.5.1",
				"vega-statistics": "^1.7.4",
				"vega-time": "^1.1.0",
				"vega-util": "^1.13.2"
			}
		},
		"vega-typings": {
			"version": "0.16.0",
			"resolved": "https://registry.npmjs.org/vega-typings/-/vega-typings-0.16.0.tgz",
			"integrity": "sha512-cRvEt2JicJs17eDlL8Dr+Wh55gvtTuyyWiBjp37/ewR8i3tZ9ZZEg7bTS600Z27jX9Ylkc4zINz5FibbrhWvng==",
			"requires": {
				"vega-util": "^1.13.1"
			}
		},
		"vega-util": {
			"version": "1.13.2",
			"resolved": "https://registry.npmjs.org/vega-util/-/vega-util-1.13.2.tgz",
			"integrity": "sha512-cN/VaO8CjPb3ELfQb+IVi5NGoQpYhWSUFfH7K2ibwagO8obZlUFa9ze8fYiexi2Txf78HFgWm9MXNdV6PROrkw=="
		},
		"vega-view": {
			"version": "5.6.0",
			"resolved": "https://registry.npmjs.org/vega-view/-/vega-view-5.6.0.tgz",
			"integrity": "sha512-/w3R46lw11SXGRwuhZTvhDtQCPBPf21Svh1wiEjQ/f6M1DMhJySaPhdVdh9kIAucYAQtlrBJe1U82PG9j2wAdQ==",
			"dev": true,
			"requires": {
				"d3-array": "^2.4.0",
				"d3-timer": "^1.0.10",
				"vega-dataflow": "^5.5.1",
				"vega-functions": "^5.6.0",
				"vega-runtime": "^5.0.3",
				"vega-scenegraph": "^4.7.0",
				"vega-util": "^1.13.2"
			}
		},
		"vega-view-transforms": {
			"version": "4.5.4",
			"resolved": "https://registry.npmjs.org/vega-view-transforms/-/vega-view-transforms-4.5.4.tgz",
			"integrity": "sha512-sO7a160cEWjNTLACZVGIxnRcxC2suTOn6mxbKIVtk62Ce/Z93qITdwq05IsZ7JLDVQ9G+Az9rU5Se2Je4mxGwA==",
			"dev": true,
			"requires": {
				"vega-dataflow": "^5.5.1",
				"vega-scenegraph": "^4.7.0",
				"vega-util": "^1.13.2"
			}
		},
		"vega-voronoi": {
			"version": "4.1.2",
			"resolved": "https://registry.npmjs.org/vega-voronoi/-/vega-voronoi-4.1.2.tgz",
			"integrity": "sha512-XXp2UChi4/6jkEqWkLFbjDBVLMizQICWDv4RUkfMeDNhWmhEY/3kPHCU6taqfTVkbxfA7aN20ivbakJzoywiAQ==",
			"dev": true,
			"requires": {
				"d3-delaunay": "^5.2.1",
				"vega-dataflow": "^5.5.1",
				"vega-util": "^1.13.2"
			}
		},
		"vega-wordcloud": {
			"version": "4.0.5",
			"resolved": "https://registry.npmjs.org/vega-wordcloud/-/vega-wordcloud-4.0.5.tgz",
			"integrity": "sha512-k+EvuJuoxdfuHYiHdpj4AWi7T3gQO0M7p4NFLHjq6oOEzFBmivnvjfGGXoFZmh4uooF2djAVxtmCeuzUxG3qJg==",
			"dev": true,
			"requires": {
				"vega-canvas": "^1.2.1",
				"vega-dataflow": "^5.5.1",
				"vega-scale": "^6.1.0",
				"vega-statistics": "^1.7.4",
				"vega-util": "^1.13.2"
			}
		}
	}
}
