{
  "name": "@msrvida/sanddance",
  "version": "4.0.3",
  "lockfileVersion": 2,
  "requires": true,
  "packages": {
    "": {
      "name": "@msrvida/sanddance",
      "version": "4.0.3",
      "license": "MIT",
      "dependencies": {
        "d3-scale": "^4.0.2",
        "vega-typings": "0.22.3"
      },
      "devDependencies": {
        "@types/d3-scale": "^4.0.2"
      }
    },
    "node_modules/@types/d3-scale": {
      "version": "4.0.2",
      "resolved": "https://registry.npmjs.org/@types/d3-scale/-/d3-scale-4.0.2.tgz",
      "integrity": "sha512-Yk4htunhPAwN0XGlIwArRomOjdoBFXC3+kCxK2Ubg7I9shQlVSJy/pG/Ht5ASN+gdMIalpk8TJ5xV74jFsetLA==",
      "dev": true,
      "dependencies": {
        "@types/d3-time": "*"
      }
    },
    "node_modules/@types/d3-time": {
      "version": "3.0.0",
      "resolved": "https://registry.npmjs.org/@types/d3-time/-/d3-time-3.0.0.tgz",
      "integrity": "sha512-sZLCdHvBUcNby1cB6Fd3ZBrABbjz3v1Vm90nysCQ6Vt7vd6e/h9Lt7SiJUoEX0l4Dzc7P5llKyhqSi1ycSf1Hg==",
      "dev": true
    },
    "node_modules/@types/estree": {
      "version": "0.0.50",
      "resolved": "https://registry.npmjs.org/@types/estree/-/estree-0.0.50.tgz",
      "integrity": "sha512-C6N5s2ZFtuZRj54k2/zyRhNDjJwwcViAM3Nbm8zjBpbqAdZ00mr0CFxvSKeO8Y/e03WVFLpQMdHYVfUd6SB+Hw=="
    },
    "node_modules/d3-array": {
      "version": "3.2.0",
      "resolved": "https://registry.npmjs.org/d3-array/-/d3-array-3.2.0.tgz",
      "integrity": "sha512-3yXFQo0oG3QCxbF06rMPFyGRMGJNS7NvsV1+2joOjbBE+9xvWQ8+GcMJAjRCzw06zQ3/arXeJgbPYcjUCuC+3g==",
      "dependencies": {
        "internmap": "1 - 2"
      },
      "engines": {
        "node": ">=12"
      }
    },
    "node_modules/d3-color": {
      "version": "3.1.0",
      "resolved": "https://registry.npmjs.org/d3-color/-/d3-color-3.1.0.tgz",
      "integrity": "sha512-zg/chbXyeBtMQ1LbD/WSoW2DpC3I0mpmPdW+ynRTj/x2DAWYrIY7qeZIHidozwV24m4iavr15lNwIwLxRmOxhA==",
      "engines": {
        "node": ">=12"
      }
    },
    "node_modules/d3-format": {
      "version": "3.1.0",
      "resolved": "https://registry.npmjs.org/d3-format/-/d3-format-3.1.0.tgz",
      "integrity": "sha512-YyUI6AEuY/Wpt8KWLgZHsIU86atmikuoOmCfommt0LYHiQSPjvX2AcFc38PX0CBpr2RCyZhjex+NS/LPOv6YqA==",
      "engines": {
        "node": ">=12"
      }
    },
    "node_modules/d3-interpolate": {
      "version": "3.0.1",
      "resolved": "https://registry.npmjs.org/d3-interpolate/-/d3-interpolate-3.0.1.tgz",
      "integrity": "sha512-3bYs1rOD33uo8aqJfKP3JWPAibgw8Zm2+L9vBKEHJ2Rg+viTR7o5Mmv5mZcieN+FRYaAOWX5SJATX6k1PWz72g==",
      "dependencies": {
        "d3-color": "1 - 3"
      },
      "engines": {
        "node": ">=12"
      }
    },
    "node_modules/d3-scale": {
      "version": "4.0.2",
      "resolved": "https://registry.npmjs.org/d3-scale/-/d3-scale-4.0.2.tgz",
      "integrity": "sha512-GZW464g1SH7ag3Y7hXjf8RoUuAFIqklOAq3MRl4OaWabTFJY9PN/E1YklhXLh+OQ3fM9yS2nOkCoS+WLZ6kvxQ==",
      "dependencies": {
        "d3-array": "2.10.0 - 3",
        "d3-format": "1 - 3",
        "d3-interpolate": "1.2.0 - 3",
        "d3-time": "2.1.1 - 3",
        "d3-time-format": "2 - 4"
      },
      "engines": {
        "node": ">=12"
      }
    },
    "node_modules/d3-time": {
      "version": "3.0.0",
      "resolved": "https://registry.npmjs.org/d3-time/-/d3-time-3.0.0.tgz",
      "integrity": "sha512-zmV3lRnlaLI08y9IMRXSDshQb5Nj77smnfpnd2LrBa/2K281Jijactokeak14QacHs/kKq0AQ121nidNYlarbQ==",
      "dependencies": {
        "d3-array": "2 - 3"
      },
      "engines": {
        "node": ">=12"
      }
    },
    "node_modules/d3-time-format": {
      "version": "4.1.0",
      "resolved": "https://registry.npmjs.org/d3-time-format/-/d3-time-format-4.1.0.tgz",
      "integrity": "sha512-dJxPBlzC7NugB2PDLwo9Q8JiTR3M3e4/XANkreKSUxF8vvXKqm1Yfq4Q5dl8budlunRVlUUaDUgFt7eA8D6NLg==",
      "dependencies": {
        "d3-time": "1 - 3"
      },
      "engines": {
        "node": ">=12"
      }
    },
    "node_modules/internmap": {
      "version": "2.0.3",
      "resolved": "https://registry.npmjs.org/internmap/-/internmap-2.0.3.tgz",
      "integrity": "sha512-5Hh7Y1wQbvY5ooGgPbDaL5iYLAPzMTUrjMulskHLH6wnv/A+1q5rgEaiuqEjB+oxGXIVZs1FF+R/KPN3ZSQYYg==",
      "engines": {
        "node": ">=12"
      }
    },
    "node_modules/vega-event-selector": {
      "version": "3.0.0",
      "resolved": "https://registry.npmjs.org/vega-event-selector/-/vega-event-selector-3.0.0.tgz",
      "integrity": "sha512-Gls93/+7tEJGE3kUuUnxrBIxtvaNeF01VIFB2Q2Of2hBIBvtHX74jcAdDtkh5UhhoYGD8Q1J30P5cqEBEwtPoQ=="
    },
    "node_modules/vega-expression": {
      "version": "5.0.0",
      "resolved": "https://registry.npmjs.org/vega-expression/-/vega-expression-5.0.0.tgz",
      "integrity": "sha512-y5+c2frq0tGwJ7vYXzZcfVcIRF/QGfhf2e+bV1Z0iQs+M2lI1II1GPDdmOcMKimpoCVp/D61KUJDIGE1DSmk2w==",
      "dependencies": {
        "@types/estree": "^0.0.50",
        "vega-util": "^1.16.0"
      }
    },
    "node_modules/vega-typings": {
      "version": "0.22.3",
      "resolved": "https://registry.npmjs.org/vega-typings/-/vega-typings-0.22.3.tgz",
      "integrity": "sha512-PREcya3nXT9Tk7xU0IhEpOLVTlqizNtKXV55NhI6ApBjJtqVYbJL7IBh2ckKxGBy3YeUQ37BQZl56UqqiYVWBw==",
      "dependencies": {
        "vega-event-selector": "^3.0.0",
        "vega-expression": "^5.0.0",
        "vega-util": "^1.15.2"
      }
    },
    "node_modules/vega-util": {
      "version": "1.17.0",
      "resolved": "https://registry.npmjs.org/vega-util/-/vega-util-1.17.0.tgz",
      "integrity": "sha512-HTaydZd9De3yf+8jH66zL4dXJ1d1p5OIFyoBzFiOli4IJbwkL1jrefCKz6AHDm1kYBzDJ0X4bN+CzZSCTvNk1w=="
    }
  },
  "dependencies": {
    "@types/d3-scale": {
      "version": "4.0.2",
      "resolved": "https://registry.npmjs.org/@types/d3-scale/-/d3-scale-4.0.2.tgz",
      "integrity": "sha512-Yk4htunhPAwN0XGlIwArRomOjdoBFXC3+kCxK2Ubg7I9shQlVSJy/pG/Ht5ASN+gdMIalpk8TJ5xV74jFsetLA==",
      "dev": true,
      "requires": {
        "@types/d3-time": "*"
      }
    },
    "@types/d3-time": {
      "version": "3.0.0",
      "resolved": "https://registry.npmjs.org/@types/d3-time/-/d3-time-3.0.0.tgz",
      "integrity": "sha512-sZLCdHvBUcNby1cB6Fd3ZBrABbjz3v1Vm90nysCQ6Vt7vd6e/h9Lt7SiJUoEX0l4Dzc7P5llKyhqSi1ycSf1Hg==",
      "dev": true
    },
    "@types/estree": {
      "version": "0.0.50",
      "resolved": "https://registry.npmjs.org/@types/estree/-/estree-0.0.50.tgz",
      "integrity": "sha512-C6N5s2ZFtuZRj54k2/zyRhNDjJwwcViAM3Nbm8zjBpbqAdZ00mr0CFxvSKeO8Y/e03WVFLpQMdHYVfUd6SB+Hw=="
    },
    "d3-array": {
      "version": "3.2.0",
      "resolved": "https://registry.npmjs.org/d3-array/-/d3-array-3.2.0.tgz",
      "integrity": "sha512-3yXFQo0oG3QCxbF06rMPFyGRMGJNS7NvsV1+2joOjbBE+9xvWQ8+GcMJAjRCzw06zQ3/arXeJgbPYcjUCuC+3g==",
      "requires": {
        "internmap": "1 - 2"
      }
    },
    "d3-color": {
      "version": "3.1.0",
      "resolved": "https://registry.npmjs.org/d3-color/-/d3-color-3.1.0.tgz",
      "integrity": "sha512-zg/chbXyeBtMQ1LbD/WSoW2DpC3I0mpmPdW+ynRTj/x2DAWYrIY7qeZIHidozwV24m4iavr15lNwIwLxRmOxhA=="
    },
    "d3-format": {
      "version": "3.1.0",
      "resolved": "https://registry.npmjs.org/d3-format/-/d3-format-3.1.0.tgz",
      "integrity": "sha512-YyUI6AEuY/Wpt8KWLgZHsIU86atmikuoOmCfommt0LYHiQSPjvX2AcFc38PX0CBpr2RCyZhjex+NS/LPOv6YqA=="
    },
    "d3-interpolate": {
      "version": "3.0.1",
      "resolved": "https://registry.npmjs.org/d3-interpolate/-/d3-interpolate-3.0.1.tgz",
      "integrity": "sha512-3bYs1rOD33uo8aqJfKP3JWPAibgw8Zm2+L9vBKEHJ2Rg+viTR7o5Mmv5mZcieN+FRYaAOWX5SJATX6k1PWz72g==",
      "requires": {
        "d3-color": "1 - 3"
      }
    },
    "d3-scale": {
      "version": "4.0.2",
      "resolved": "https://registry.npmjs.org/d3-scale/-/d3-scale-4.0.2.tgz",
      "integrity": "sha512-GZW464g1SH7ag3Y7hXjf8RoUuAFIqklOAq3MRl4OaWabTFJY9PN/E1YklhXLh+OQ3fM9yS2nOkCoS+WLZ6kvxQ==",
      "requires": {
        "d3-array": "2.10.0 - 3",
        "d3-format": "1 - 3",
        "d3-interpolate": "1.2.0 - 3",
        "d3-time": "2.1.1 - 3",
        "d3-time-format": "2 - 4"
      }
    },
    "d3-time": {
      "version": "3.0.0",
      "resolved": "https://registry.npmjs.org/d3-time/-/d3-time-3.0.0.tgz",
      "integrity": "sha512-zmV3lRnlaLI08y9IMRXSDshQb5Nj77smnfpnd2LrBa/2K281Jijactokeak14QacHs/kKq0AQ121nidNYlarbQ==",
      "requires": {
        "d3-array": "2 - 3"
      }
    },
    "d3-time-format": {
      "version": "4.1.0",
      "resolved": "https://registry.npmjs.org/d3-time-format/-/d3-time-format-4.1.0.tgz",
      "integrity": "sha512-dJxPBlzC7NugB2PDLwo9Q8JiTR3M3e4/XANkreKSUxF8vvXKqm1Yfq4Q5dl8budlunRVlUUaDUgFt7eA8D6NLg==",
      "requires": {
        "d3-time": "1 - 3"
      }
    },
    "internmap": {
      "version": "2.0.3",
      "resolved": "https://registry.npmjs.org/internmap/-/internmap-2.0.3.tgz",
      "integrity": "sha512-5Hh7Y1wQbvY5ooGgPbDaL5iYLAPzMTUrjMulskHLH6wnv/A+1q5rgEaiuqEjB+oxGXIVZs1FF+R/KPN3ZSQYYg=="
    },
    "vega-event-selector": {
      "version": "3.0.0",
      "resolved": "https://registry.npmjs.org/vega-event-selector/-/vega-event-selector-3.0.0.tgz",
      "integrity": "sha512-Gls93/+7tEJGE3kUuUnxrBIxtvaNeF01VIFB2Q2Of2hBIBvtHX74jcAdDtkh5UhhoYGD8Q1J30P5cqEBEwtPoQ=="
    },
    "vega-expression": {
      "version": "5.0.0",
      "resolved": "https://registry.npmjs.org/vega-expression/-/vega-expression-5.0.0.tgz",
      "integrity": "sha512-y5+c2frq0tGwJ7vYXzZcfVcIRF/QGfhf2e+bV1Z0iQs+M2lI1II1GPDdmOcMKimpoCVp/D61KUJDIGE1DSmk2w==",
      "requires": {
        "@types/estree": "^0.0.50",
        "vega-util": "^1.16.0"
      }
    },
    "vega-typings": {
      "version": "0.22.3",
      "resolved": "https://registry.npmjs.org/vega-typings/-/vega-typings-0.22.3.tgz",
      "integrity": "sha512-PREcya3nXT9Tk7xU0IhEpOLVTlqizNtKXV55NhI6ApBjJtqVYbJL7IBh2ckKxGBy3YeUQ37BQZl56UqqiYVWBw==",
      "requires": {
        "vega-event-selector": "^3.0.0",
        "vega-expression": "^5.0.0",
        "vega-util": "^1.15.2"
      }
    },
    "vega-util": {
      "version": "1.17.0",
      "resolved": "https://registry.npmjs.org/vega-util/-/vega-util-1.17.0.tgz",
      "integrity": "sha512-HTaydZd9De3yf+8jH66zL4dXJ1d1p5OIFyoBzFiOli4IJbwkL1jrefCKz6AHDm1kYBzDJ0X4bN+CzZSCTvNk1w=="
    }
  }
}
