{
	"name": "@msrvida/sanddance",
	"version": "3.0.0-alpha.1",
	"lockfileVersion": 1,
	"requires": true,
	"dependencies": {
		"@types/d3-color": {
			"version": "1.2.2",
			"resolved": "https://registry.npmjs.org/@types/d3-color/-/d3-color-1.2.2.tgz",
			"integrity": "sha512-6pBxzJ8ZP3dYEQ4YjQ+NVbQaOflfgXq/JbDiS99oLobM2o72uAST4q6yPxHv6FOTCRC/n35ktuo8pvw/S4M7sw==",
			"dev": true
		},
		"@types/d3-ease": {
			"version": "1.0.9",
			"resolved": "https://registry.npmjs.org/@types/d3-ease/-/d3-ease-1.0.9.tgz",
			"integrity": "sha512-U5ADevQ+W6fy32FVZZC9EXallcV/Mi12A5Tkd0My5MrC7T8soMQEhlDAg88XUWm0zoCQlB4XV0en/24LvuDB4Q==",
			"dev": true
		},
		"decamelize": {
			"version": "2.0.0",
			"resolved": "https://registry.npmjs.org/decamelize/-/decamelize-2.0.0.tgz",
			"integrity": "sha512-Ikpp5scV3MSYxY39ymh45ZLEecsTdv/Xj2CaQfI8RLMuwi7XvjX9H/fhraiSuU+C5w5NTDu4ZU72xNiZnurBPg==",
			"requires": {
				"xregexp": "4.0.0"
			}
		},
		"tsx-create-element": {
			"version": "1.1.4",
			"resolved": "https://registry.npmjs.org/tsx-create-element/-/tsx-create-element-1.1.4.tgz",
			"integrity": "sha512-8accSp5pQSCmvpg3a0bnIxqfVBbnW5ZuSzGZcXLZdIgQCg9DkmNRoFxXV6RwT39TpoUVVcDOgAHv7ScPaNzwnw==",
			"requires": {
				"decamelize": "^2.0.0"
			}
		},
		"vega-typings": {
			"version": "0.14.2",
			"resolved": "https://registry.npmjs.org/vega-typings/-/vega-typings-0.14.2.tgz",
			"integrity": "sha512-mx+CaMBk2n8CfCFk0yVYqlBetzyQ7qXaq4l3OzaMO3GOjatkeccD9Gn5dEoemnjrKbVTZOacR+jjURNipsLkdQ==",
			"requires": {
				"vega-util": "^1.13.1"
			}
		},
		"vega-util": {
			"version": "1.13.1",
			"resolved": "https://registry.npmjs.org/vega-util/-/vega-util-1.13.1.tgz",
			"integrity": "sha512-TmvZSMKqhGlS7eAXphqJUhq+NZVYbvXX2ahargTRkVckGWjEUpWhMC7T13vYihrU2Lf/OevKbrruSXKOBxke2w=="
		},
		"xregexp": {
			"version": "4.0.0",
			"resolved": "https://registry.npmjs.org/xregexp/-/xregexp-4.0.0.tgz",
			"integrity": "sha512-PHyM+sQouu7xspQQwELlGwwd05mXUFqwFYfqPO0cC7x4fxyHnnuetmQr6CjJiafIDoH4MogHb9dOoJzR/Y4rFg=="
		}
	}
}
