{
	"name": "@msrvida/search-expression",
	"version": "1.0.1",
	"lockfileVersion": 1,
	"requires": true,
	"dependencies": {
		"vega-typings": {
			"version": "0.19.1",
			"resolved": "https://registry.npmjs.org/vega-typings/-/vega-typings-0.19.1.tgz",
			"integrity": "sha512-OSyNYwMJ8FayTTNU/gohprbt1EFQBpoiMPP9p2vqo1O9z45XVnotQ92jYHAhraI6gWiMIIfo4OjPbSe/GX7etg==",
			"requires": {
				"vega-util": "^1.15.2"
			}
		},
		"vega-util": {
			"version": "1.16.0",
			"resolved": "https://registry.npmjs.org/vega-util/-/vega-util-1.16.0.tgz",
			"integrity": "sha512-6mmz6mI+oU4zDMeKjgvE2Fjz0Oh6zo6WGATcvCfxH2gXBzhBHmy5d25uW5Zjnkc6QBXSWPLV9Xa6SiqMsrsKog=="
		}
	}
}
