{
	"name": "@msrvida/search-expression",
	"version": "1.0.0",
	"lockfileVersion": 1,
	"requires": true,
	"dependencies": {
		"vega-typings": {
			"version": "0.16.0",
			"resolved": "https://registry.npmjs.org/vega-typings/-/vega-typings-0.16.0.tgz",
			"integrity": "sha512-cRvEt2JicJs17eDlL8Dr+Wh55gvtTuyyWiBjp37/ewR8i3tZ9ZZEg7bTS600Z27jX9Ylkc4zINz5FibbrhWvng==",
			"requires": {
				"vega-util": "^1.13.1"
			}
		},
		"vega-util": {
			"version": "1.14.1",
			"resolved": "https://registry.npmjs.org/vega-util/-/vega-util-1.14.1.tgz",
			"integrity": "sha512-pSKJ8OCkgfgHZDTljyj+gmGltgulceWbk1BV6LWrXqp6P3J8qPA/oZA8+a93YNApYxXZ3yzIVUDOo5O27xk0jw=="
		}
	}
}
