{
  "name": "@msrvida/fluentui-react-cdn-typings",
  "version": "2.0.1",
  "lockfileVersion": 2,
  "requires": true,
  "packages": {
    "": {
      "name": "@msrvida/fluentui-react-cdn-typings",
      "version": "2.0.1",
      "license": "MIT",
      "dependencies": {
        "@fluentui/react": "^8"
      },
      "peerDependencies": {
        "@types/react": ">=16.8.0 <18.0.0"
      }
    },
    "node_modules/@fluentui/date-time-utilities": {
      "version": "8.5.13",
      "resolved": "https://registry.npmjs.org/@fluentui/date-time-utilities/-/date-time-utilities-8.5.13.tgz",
      "integrity": "sha512-X3clbPKh0URkDj21QoARw6SNec7dWg7Gt7SkTlkVYFzmZUdC4ZIrYk3n36xKe3U1wcGp26EVmKjhAhB262ugpw==",
      "dependencies": {
        "@fluentui/set-version": "^8.2.11",
        "tslib": "^2.1.0"
      }
    },
    "node_modules/@fluentui/dom-utilities": {
      "version": "2.2.11",
      "resolved": "https://registry.npmjs.org/@fluentui/dom-utilities/-/dom-utilities-2.2.11.tgz",
      "integrity": "sha512-2tXfg7/9PXu9nfU72/P3o3waHEFEQtHUfQbVexUaYqNNAxMj6sOfsqpUx4vd5nPgO+grSWrl+spqlLN2yej51w==",
      "dependencies": {
        "@fluentui/set-version": "^8.2.11",
        "tslib": "^2.1.0"
      }
    },
    "node_modules/@fluentui/font-icons-mdl2": {
      "version": "8.5.25",
      "resolved": "https://registry.npmjs.org/@fluentui/font-icons-mdl2/-/font-icons-mdl2-8.5.25.tgz",
      "integrity": "sha512-L14GBWeRmeVSO1hjollOye+Xl4ULR9yvltTJNkwoNFfrks0nf+HTAOje5QU5+bPCzjR0mCmp/VCArsTtDwL0Zw==",
      "dependencies": {
        "@fluentui/set-version": "^8.2.11",
        "@fluentui/style-utilities": "^8.9.18",
        "@fluentui/utilities": "^8.13.19",
        "tslib": "^2.1.0"
      }
    },
    "node_modules/@fluentui/foundation-legacy": {
      "version": "8.2.45",
      "resolved": "https://registry.npmjs.org/@fluentui/foundation-legacy/-/foundation-legacy-8.2.45.tgz",
      "integrity": "sha512-KVgWNEFIwEUEyoX2x1GBvczPPsi9/st+b2BhcwGR1W7+za7mKe+bYS5nkM2jA7BHV+E9V0rVPNw+jJil9jjT8Q==",
      "dependencies": {
        "@fluentui/merge-styles": "^8.5.12",
        "@fluentui/set-version": "^8.2.11",
        "@fluentui/style-utilities": "^8.9.18",
        "@fluentui/utilities": "^8.13.19",
        "tslib": "^2.1.0"
      },
      "peerDependencies": {
        "@types/react": ">=16.8.0 <19.0.0",
        "react": ">=16.8.0 <19.0.0"
      }
    },
    "node_modules/@fluentui/keyboard-key": {
      "version": "0.4.11",
      "resolved": "https://registry.npmjs.org/@fluentui/keyboard-key/-/keyboard-key-0.4.11.tgz",
      "integrity": "sha512-TVB/EloWado9AVp1niChgcdDOQAHGP5B30Dinmtfe7zi8OnstwPoxwFP6dHJDdpLQ6ZEUTaEHViSzvewl7Chag==",
      "dependencies": {
        "tslib": "^2.1.0"
      }
    },
    "node_modules/@fluentui/merge-styles": {
      "version": "8.5.12",
      "resolved": "https://registry.npmjs.org/@fluentui/merge-styles/-/merge-styles-8.5.12.tgz",
      "integrity": "sha512-ZnUo0YuMP7AYi68dkknFqVxopIAgbrUnqR/MZlemmRvBYyy1SMj1WQeHcoiLFA8mF8YKn7B+jxQgJbN2bfcrRw==",
      "dependencies": {
        "@fluentui/set-version": "^8.2.11",
        "tslib": "^2.1.0"
      }
    },
    "node_modules/@fluentui/react": {
      "version": "8.112.2",
      "resolved": "https://registry.npmjs.org/@fluentui/react/-/react-8.112.2.tgz",
      "integrity": "sha512-NdE2LIsWuhC1jTHAch8+eY3fplivwYfVeP3wKsNCm0aEf6JgbuyQB+ZN1CN7eqCNeSd9TPYaXn1gwfuBxef1mA==",
      "dependencies": {
        "@fluentui/date-time-utilities": "^8.5.13",
        "@fluentui/font-icons-mdl2": "^8.5.25",
        "@fluentui/foundation-legacy": "^8.2.45",
        "@fluentui/merge-styles": "^8.5.12",
        "@fluentui/react-focus": "^8.8.32",
        "@fluentui/react-hooks": "^8.6.30",
        "@fluentui/react-portal-compat-context": "^9.0.9",
        "@fluentui/react-window-provider": "^2.2.15",
        "@fluentui/set-version": "^8.2.11",
        "@fluentui/style-utilities": "^8.9.18",
        "@fluentui/theme": "^2.6.36",
        "@fluentui/utilities": "^8.13.19",
        "@microsoft/load-themed-styles": "^1.10.26",
        "tslib": "^2.1.0"
      },
      "peerDependencies": {
        "@types/react": ">=16.8.0 <19.0.0",
        "@types/react-dom": ">=16.8.0 <19.0.0",
        "react": ">=16.8.0 <19.0.0",
        "react-dom": ">=16.8.0 <19.0.0"
      }
    },
    "node_modules/@fluentui/react-focus": {
      "version": "8.8.32",
      "resolved": "https://registry.npmjs.org/@fluentui/react-focus/-/react-focus-8.8.32.tgz",
      "integrity": "sha512-ALYMkDRG8qKCRuf5f3w5suWLFBT/65e4vC2EXKhYTcb/AGAH4wGMdWC+b4ek12D4u6L6tOegTMqC64fLp/RT3Q==",
      "dependencies": {
        "@fluentui/keyboard-key": "^0.4.11",
        "@fluentui/merge-styles": "^8.5.12",
        "@fluentui/set-version": "^8.2.11",
        "@fluentui/style-utilities": "^8.9.18",
        "@fluentui/utilities": "^8.13.19",
        "tslib": "^2.1.0"
      },
      "peerDependencies": {
        "@types/react": ">=16.8.0 <19.0.0",
        "react": ">=16.8.0 <19.0.0"
      }
    },
    "node_modules/@fluentui/react-hooks": {
      "version": "8.6.30",
      "resolved": "https://registry.npmjs.org/@fluentui/react-hooks/-/react-hooks-8.6.30.tgz",
      "integrity": "sha512-+EhJY2+C7wbWP+36zM4llc1KGY4/XWu36BnDumoKLJdcrnGilJHHQJ3pXhvJPf2f2mc7LoasCtQDmCQ5Tfzi3A==",
      "dependencies": {
        "@fluentui/react-window-provider": "^2.2.15",
        "@fluentui/set-version": "^8.2.11",
        "@fluentui/utilities": "^8.13.19",
        "tslib": "^2.1.0"
      },
      "peerDependencies": {
        "@types/react": ">=16.8.0 <19.0.0",
        "react": ">=16.8.0 <19.0.0"
      }
    },
    "node_modules/@fluentui/react-portal-compat-context": {
      "version": "9.0.9",
      "resolved": "https://registry.npmjs.org/@fluentui/react-portal-compat-context/-/react-portal-compat-context-9.0.9.tgz",
      "integrity": "sha512-Qt4zBJjBf3QihWqDNfZ4D9ha0QdcUvw4zIErp6IkT4uFIkV2VSgEjIKXm0h2iDEZZQtzbGlFG+9hPPhH13HaPQ==",
      "dependencies": {
        "@swc/helpers": "^0.5.1"
      },
      "peerDependencies": {
        "@types/react": ">=16.14.0 <19.0.0",
        "react": ">=16.14.0 <19.0.0"
      }
    },
    "node_modules/@fluentui/react-window-provider": {
      "version": "2.2.15",
      "resolved": "https://registry.npmjs.org/@fluentui/react-window-provider/-/react-window-provider-2.2.15.tgz",
      "integrity": "sha512-RraWvRe7wakpPJRBX2tlCV/cybOKiqLJ1UBLPNf5xq7ZIs0T0g/hh3G3Zb5teOeipjuRnl6srkdDUT9Dy9wrBg==",
      "dependencies": {
        "@fluentui/set-version": "^8.2.11",
        "tslib": "^2.1.0"
      },
      "peerDependencies": {
        "@types/react": ">=16.8.0 <19.0.0",
        "react": ">=16.8.0 <19.0.0"
      }
    },
    "node_modules/@fluentui/set-version": {
      "version": "8.2.11",
      "resolved": "https://registry.npmjs.org/@fluentui/set-version/-/set-version-8.2.11.tgz",
      "integrity": "sha512-UI03tysau/adBO1a3q4uFZWQ3lfkiFcAWIFng4k5odWcCokfCm5IxA0urKqj5W5JRYdyoBUaq8QbcNGkFB4dCw==",
      "dependencies": {
        "tslib": "^2.1.0"
      }
    },
    "node_modules/@fluentui/style-utilities": {
      "version": "8.9.18",
      "resolved": "https://registry.npmjs.org/@fluentui/style-utilities/-/style-utilities-8.9.18.tgz",
      "integrity": "sha512-bWRcN8q2JDLZJOxJ3ov+2MLP+XqK3tHMGyLWjDAkUYUzgsM3ppA0HAroo/MLkn8vrFcoUYCuL/jtv7IXR6SZBw==",
      "dependencies": {
        "@fluentui/merge-styles": "^8.5.12",
        "@fluentui/set-version": "^8.2.11",
        "@fluentui/theme": "^2.6.36",
        "@fluentui/utilities": "^8.13.19",
        "@microsoft/load-themed-styles": "^1.10.26",
        "tslib": "^2.1.0"
      }
    },
    "node_modules/@fluentui/theme": {
      "version": "2.6.36",
      "resolved": "https://registry.npmjs.org/@fluentui/theme/-/theme-2.6.36.tgz",
      "integrity": "sha512-rSP+LNmOJ9woiZzicdgtKFHt8Tyq7Jqu4KpczW0zXOYR9orgwFecpiUwRpZs1zD6lb3pAUNw4oYrM1tc7FH5AA==",
      "dependencies": {
        "@fluentui/merge-styles": "^8.5.12",
        "@fluentui/set-version": "^8.2.11",
        "@fluentui/utilities": "^8.13.19",
        "tslib": "^2.1.0"
      },
      "peerDependencies": {
        "@types/react": ">=16.8.0 <19.0.0",
        "react": ">=16.8.0 <19.0.0"
      }
    },
    "node_modules/@fluentui/utilities": {
      "version": "8.13.19",
      "resolved": "https://registry.npmjs.org/@fluentui/utilities/-/utilities-8.13.19.tgz",
      "integrity": "sha512-v0WNV6NNQKi9nLttvc6btzxX3XOVRA817fZ7zBqsV6JWQGRfyrBwhskh6TUIgANJjPejz5nk05U6rvSWNUM+FQ==",
      "dependencies": {
        "@fluentui/dom-utilities": "^2.2.11",
        "@fluentui/merge-styles": "^8.5.12",
        "@fluentui/set-version": "^8.2.11",
        "tslib": "^2.1.0"
      },
      "peerDependencies": {
        "@types/react": ">=16.8.0 <19.0.0",
        "react": ">=16.8.0 <19.0.0"
      }
    },
    "node_modules/@microsoft/load-themed-styles": {
      "version": "1.10.295",
      "resolved": "https://registry.npmjs.org/@microsoft/load-themed-styles/-/load-themed-styles-1.10.295.tgz",
      "integrity": "sha512-W+IzEBw8a6LOOfRJM02dTT7BDZijxm+Z7lhtOAz1+y9vQm1Kdz9jlAO+qCEKsfxtUOmKilW8DIRqFw2aUgKeGg=="
    },
    "node_modules/@swc/helpers": {
      "version": "0.5.3",
      "resolved": "https://registry.npmjs.org/@swc/helpers/-/helpers-0.5.3.tgz",
      "integrity": "sha512-FaruWX6KdudYloq1AHD/4nU+UsMTdNE8CKyrseXWEcgjDAbvkwJg2QGPAnfIJLIWsjZOSPLOAykK6fuYp4vp4A==",
      "dependencies": {
        "tslib": "^2.4.0"
      }
    },
    "node_modules/@types/prop-types": {
      "version": "15.7.8",
      "resolved": "https://registry.npmjs.org/@types/prop-types/-/prop-types-15.7.8.tgz",
      "integrity": "sha512-kMpQpfZKSCBqltAJwskgePRaYRFukDkm1oItcAbC3gNELR20XIBcN9VRgg4+m8DKsTfkWeA4m4Imp4DDuWy7FQ==",
      "peer": true
    },
    "node_modules/@types/react": {
      "version": "17.0.68",
      "resolved": "https://registry.npmjs.org/@types/react/-/react-17.0.68.tgz",
      "integrity": "sha512-y8heXejd/Gi43S28GOqIFmr6BzhLa3anMlPojRu4rHh3MtRrrpB+BtLEcqP3XPO1urXByzBdkOLU7sodYWnpkA==",
      "peer": true,
      "dependencies": {
        "@types/prop-types": "*",
        "@types/scheduler": "*",
        "csstype": "^3.0.2"
      }
    },
    "node_modules/@types/react-dom": {
      "version": "18.2.13",
      "resolved": "https://registry.npmjs.org/@types/react-dom/-/react-dom-18.2.13.tgz",
      "integrity": "sha512-eJIUv7rPP+EC45uNYp/ThhSpE16k22VJUknt5OLoH9tbXoi8bMhwLf5xRuWMywamNbWzhrSmU7IBJfPup1+3fw==",
      "peer": true,
      "dependencies": {
        "@types/react": "*"
      }
    },
    "node_modules/@types/scheduler": {
      "version": "0.16.4",
      "resolved": "https://registry.npmjs.org/@types/scheduler/-/scheduler-0.16.4.tgz",
      "integrity": "sha512-2L9ifAGl7wmXwP4v3pN4p2FLhD0O1qsJpvKmNin5VA8+UvNVb447UDaAEV6UdrkA+m/Xs58U1RFps44x6TFsVQ==",
      "peer": true
    },
    "node_modules/csstype": {
      "version": "3.1.2",
      "resolved": "https://registry.npmjs.org/csstype/-/csstype-3.1.2.tgz",
      "integrity": "sha512-I7K1Uu0MBPzaFKg4nI5Q7Vs2t+3gWWW648spaF+Rg7pI9ds18Ugn+lvg4SHczUdKlHI5LWBXyqfS8+DufyBsgQ==",
      "peer": true
    },
    "node_modules/js-tokens": {
      "version": "4.0.0",
      "resolved": "https://registry.npmjs.org/js-tokens/-/js-tokens-4.0.0.tgz",
      "integrity": "sha512-RdJUflcE3cUzKiMqQgsCu06FPu9UdIJO0beYbPhHN4k6apgJtifcoCtT9bcxOpYBtpD2kCM6Sbzg4CausW/PKQ==",
      "peer": true
    },
    "node_modules/loose-envify": {
      "version": "1.4.0",
      "resolved": "https://registry.npmjs.org/loose-envify/-/loose-envify-1.4.0.tgz",
      "integrity": "sha512-lyuxPGr/Wfhrlem2CL/UcnUc1zcqKAImBDzukY7Y5F/yQiNdko6+fRLevlw1HgMySw7f611UIY408EtxRSoK3Q==",
      "peer": true,
      "dependencies": {
        "js-tokens": "^3.0.0 || ^4.0.0"
      },
      "bin": {
        "loose-envify": "cli.js"
      }
    },
    "node_modules/react": {
      "version": "18.2.0",
      "resolved": "https://registry.npmjs.org/react/-/react-18.2.0.tgz",
      "integrity": "sha512-/3IjMdb2L9QbBdWiW5e3P2/npwMBaU9mHCSCUzNln0ZCYbcfTsGbTJrU/kGemdH2IWmB2ioZ+zkxtmq6g09fGQ==",
      "peer": true,
      "dependencies": {
        "loose-envify": "^1.1.0"
      },
      "engines": {
        "node": ">=0.10.0"
      }
    },
    "node_modules/react-dom": {
      "version": "18.2.0",
      "resolved": "https://registry.npmjs.org/react-dom/-/react-dom-18.2.0.tgz",
      "integrity": "sha512-6IMTriUmvsjHUjNtEDudZfuDQUoWXVxKHhlEGSk81n4YFS+r/Kl99wXiwlVXtPBtJenozv2P+hxDsw9eA7Xo6g==",
      "peer": true,
      "dependencies": {
        "loose-envify": "^1.1.0",
        "scheduler": "^0.23.0"
      },
      "peerDependencies": {
        "react": "^18.2.0"
      }
    },
    "node_modules/scheduler": {
      "version": "0.23.0",
      "resolved": "https://registry.npmjs.org/scheduler/-/scheduler-0.23.0.tgz",
      "integrity": "sha512-CtuThmgHNg7zIZWAXi3AsyIzA3n4xx7aNyjwC2VJldO2LMVDhFK+63xGqq6CsJH4rTAt6/M+N4GhZiDYPx9eUw==",
      "peer": true,
      "dependencies": {
        "loose-envify": "^1.1.0"
      }
    },
    "node_modules/tslib": {
      "version": "2.6.2",
      "resolved": "https://registry.npmjs.org/tslib/-/tslib-2.6.2.tgz",
      "integrity": "sha512-AEYxH93jGFPn/a2iVAwW87VuUIkR1FVUKB77NwMF7nBTDkDrrT/Hpt/IrCJ0QXhW27jTBDcf5ZY7w6RiqTMw2Q=="
    }
  },
  "dependencies": {
    "@fluentui/date-time-utilities": {
      "version": "8.5.13",
      "resolved": "https://registry.npmjs.org/@fluentui/date-time-utilities/-/date-time-utilities-8.5.13.tgz",
      "integrity": "sha512-X3clbPKh0URkDj21QoARw6SNec7dWg7Gt7SkTlkVYFzmZUdC4ZIrYk3n36xKe3U1wcGp26EVmKjhAhB262ugpw==",
      "requires": {
        "@fluentui/set-version": "^8.2.11",
        "tslib": "^2.1.0"
      }
    },
    "@fluentui/dom-utilities": {
      "version": "2.2.11",
      "resolved": "https://registry.npmjs.org/@fluentui/dom-utilities/-/dom-utilities-2.2.11.tgz",
      "integrity": "sha512-2tXfg7/9PXu9nfU72/P3o3waHEFEQtHUfQbVexUaYqNNAxMj6sOfsqpUx4vd5nPgO+grSWrl+spqlLN2yej51w==",
      "requires": {
        "@fluentui/set-version": "^8.2.11",
        "tslib": "^2.1.0"
      }
    },
    "@fluentui/font-icons-mdl2": {
      "version": "8.5.25",
      "resolved": "https://registry.npmjs.org/@fluentui/font-icons-mdl2/-/font-icons-mdl2-8.5.25.tgz",
      "integrity": "sha512-L14GBWeRmeVSO1hjollOye+Xl4ULR9yvltTJNkwoNFfrks0nf+HTAOje5QU5+bPCzjR0mCmp/VCArsTtDwL0Zw==",
      "requires": {
        "@fluentui/set-version": "^8.2.11",
        "@fluentui/style-utilities": "^8.9.18",
        "@fluentui/utilities": "^8.13.19",
        "tslib": "^2.1.0"
      }
    },
    "@fluentui/foundation-legacy": {
      "version": "8.2.45",
      "resolved": "https://registry.npmjs.org/@fluentui/foundation-legacy/-/foundation-legacy-8.2.45.tgz",
      "integrity": "sha512-KVgWNEFIwEUEyoX2x1GBvczPPsi9/st+b2BhcwGR1W7+za7mKe+bYS5nkM2jA7BHV+E9V0rVPNw+jJil9jjT8Q==",
      "requires": {
        "@fluentui/merge-styles": "^8.5.12",
        "@fluentui/set-version": "^8.2.11",
        "@fluentui/style-utilities": "^8.9.18",
        "@fluentui/utilities": "^8.13.19",
        "tslib": "^2.1.0"
      }
    },
    "@fluentui/keyboard-key": {
      "version": "0.4.11",
      "resolved": "https://registry.npmjs.org/@fluentui/keyboard-key/-/keyboard-key-0.4.11.tgz",
      "integrity": "sha512-TVB/EloWado9AVp1niChgcdDOQAHGP5B30Dinmtfe7zi8OnstwPoxwFP6dHJDdpLQ6ZEUTaEHViSzvewl7Chag==",
      "requires": {
        "tslib": "^2.1.0"
      }
    },
    "@fluentui/merge-styles": {
      "version": "8.5.12",
      "resolved": "https://registry.npmjs.org/@fluentui/merge-styles/-/merge-styles-8.5.12.tgz",
      "integrity": "sha512-ZnUo0YuMP7AYi68dkknFqVxopIAgbrUnqR/MZlemmRvBYyy1SMj1WQeHcoiLFA8mF8YKn7B+jxQgJbN2bfcrRw==",
      "requires": {
        "@fluentui/set-version": "^8.2.11",
        "tslib": "^2.1.0"
      }
    },
    "@fluentui/react": {
      "version": "8.112.2",
      "resolved": "https://registry.npmjs.org/@fluentui/react/-/react-8.112.2.tgz",
      "integrity": "sha512-NdE2LIsWuhC1jTHAch8+eY3fplivwYfVeP3wKsNCm0aEf6JgbuyQB+ZN1CN7eqCNeSd9TPYaXn1gwfuBxef1mA==",
      "requires": {
        "@fluentui/date-time-utilities": "^8.5.13",
        "@fluentui/font-icons-mdl2": "^8.5.25",
        "@fluentui/foundation-legacy": "^8.2.45",
        "@fluentui/merge-styles": "^8.5.12",
        "@fluentui/react-focus": "^8.8.32",
        "@fluentui/react-hooks": "^8.6.30",
        "@fluentui/react-portal-compat-context": "^9.0.9",
        "@fluentui/react-window-provider": "^2.2.15",
        "@fluentui/set-version": "^8.2.11",
        "@fluentui/style-utilities": "^8.9.18",
        "@fluentui/theme": "^2.6.36",
        "@fluentui/utilities": "^8.13.19",
        "@microsoft/load-themed-styles": "^1.10.26",
        "tslib": "^2.1.0"
      }
    },
    "@fluentui/react-focus": {
      "version": "8.8.32",
      "resolved": "https://registry.npmjs.org/@fluentui/react-focus/-/react-focus-8.8.32.tgz",
      "integrity": "sha512-ALYMkDRG8qKCRuf5f3w5suWLFBT/65e4vC2EXKhYTcb/AGAH4wGMdWC+b4ek12D4u6L6tOegTMqC64fLp/RT3Q==",
      "requires": {
        "@fluentui/keyboard-key": "^0.4.11",
        "@fluentui/merge-styles": "^8.5.12",
        "@fluentui/set-version": "^8.2.11",
        "@fluentui/style-utilities": "^8.9.18",
        "@fluentui/utilities": "^8.13.19",
        "tslib": "^2.1.0"
      }
    },
    "@fluentui/react-hooks": {
      "version": "8.6.30",
      "resolved": "https://registry.npmjs.org/@fluentui/react-hooks/-/react-hooks-8.6.30.tgz",
      "integrity": "sha512-+EhJY2+C7wbWP+36zM4llc1KGY4/XWu36BnDumoKLJdcrnGilJHHQJ3pXhvJPf2f2mc7LoasCtQDmCQ5Tfzi3A==",
      "requires": {
        "@fluentui/react-window-provider": "^2.2.15",
        "@fluentui/set-version": "^8.2.11",
        "@fluentui/utilities": "^8.13.19",
        "tslib": "^2.1.0"
      }
    },
    "@fluentui/react-portal-compat-context": {
      "version": "9.0.9",
      "resolved": "https://registry.npmjs.org/@fluentui/react-portal-compat-context/-/react-portal-compat-context-9.0.9.tgz",
      "integrity": "sha512-Qt4zBJjBf3QihWqDNfZ4D9ha0QdcUvw4zIErp6IkT4uFIkV2VSgEjIKXm0h2iDEZZQtzbGlFG+9hPPhH13HaPQ==",
      "requires": {
        "@swc/helpers": "^0.5.1"
      }
    },
    "@fluentui/react-window-provider": {
      "version": "2.2.15",
      "resolved": "https://registry.npmjs.org/@fluentui/react-window-provider/-/react-window-provider-2.2.15.tgz",
      "integrity": "sha512-RraWvRe7wakpPJRBX2tlCV/cybOKiqLJ1UBLPNf5xq7ZIs0T0g/hh3G3Zb5teOeipjuRnl6srkdDUT9Dy9wrBg==",
      "requires": {
        "@fluentui/set-version": "^8.2.11",
        "tslib": "^2.1.0"
      }
    },
    "@fluentui/set-version": {
      "version": "8.2.11",
      "resolved": "https://registry.npmjs.org/@fluentui/set-version/-/set-version-8.2.11.tgz",
      "integrity": "sha512-UI03tysau/adBO1a3q4uFZWQ3lfkiFcAWIFng4k5odWcCokfCm5IxA0urKqj5W5JRYdyoBUaq8QbcNGkFB4dCw==",
      "requires": {
        "tslib": "^2.1.0"
      }
    },
    "@fluentui/style-utilities": {
      "version": "8.9.18",
      "resolved": "https://registry.npmjs.org/@fluentui/style-utilities/-/style-utilities-8.9.18.tgz",
      "integrity": "sha512-bWRcN8q2JDLZJOxJ3ov+2MLP+XqK3tHMGyLWjDAkUYUzgsM3ppA0HAroo/MLkn8vrFcoUYCuL/jtv7IXR6SZBw==",
      "requires": {
        "@fluentui/merge-styles": "^8.5.12",
        "@fluentui/set-version": "^8.2.11",
        "@fluentui/theme": "^2.6.36",
        "@fluentui/utilities": "^8.13.19",
        "@microsoft/load-themed-styles": "^1.10.26",
        "tslib": "^2.1.0"
      }
    },
    "@fluentui/theme": {
      "version": "2.6.36",
      "resolved": "https://registry.npmjs.org/@fluentui/theme/-/theme-2.6.36.tgz",
      "integrity": "sha512-rSP+LNmOJ9woiZzicdgtKFHt8Tyq7Jqu4KpczW0zXOYR9orgwFecpiUwRpZs1zD6lb3pAUNw4oYrM1tc7FH5AA==",
      "requires": {
        "@fluentui/merge-styles": "^8.5.12",
        "@fluentui/set-version": "^8.2.11",
        "@fluentui/utilities": "^8.13.19",
        "tslib": "^2.1.0"
      }
    },
    "@fluentui/utilities": {
      "version": "8.13.19",
      "resolved": "https://registry.npmjs.org/@fluentui/utilities/-/utilities-8.13.19.tgz",
      "integrity": "sha512-v0WNV6NNQKi9nLttvc6btzxX3XOVRA817fZ7zBqsV6JWQGRfyrBwhskh6TUIgANJjPejz5nk05U6rvSWNUM+FQ==",
      "requires": {
        "@fluentui/dom-utilities": "^2.2.11",
        "@fluentui/merge-styles": "^8.5.12",
        "@fluentui/set-version": "^8.2.11",
        "tslib": "^2.1.0"
      }
    },
    "@microsoft/load-themed-styles": {
      "version": "1.10.295",
      "resolved": "https://registry.npmjs.org/@microsoft/load-themed-styles/-/load-themed-styles-1.10.295.tgz",
      "integrity": "sha512-W+IzEBw8a6LOOfRJM02dTT7BDZijxm+Z7lhtOAz1+y9vQm1Kdz9jlAO+qCEKsfxtUOmKilW8DIRqFw2aUgKeGg=="
    },
    "@swc/helpers": {
      "version": "0.5.3",
      "resolved": "https://registry.npmjs.org/@swc/helpers/-/helpers-0.5.3.tgz",
      "integrity": "sha512-FaruWX6KdudYloq1AHD/4nU+UsMTdNE8CKyrseXWEcgjDAbvkwJg2QGPAnfIJLIWsjZOSPLOAykK6fuYp4vp4A==",
      "requires": {
        "tslib": "^2.4.0"
      }
    },
    "@types/prop-types": {
      "version": "15.7.8",
      "resolved": "https://registry.npmjs.org/@types/prop-types/-/prop-types-15.7.8.tgz",
      "integrity": "sha512-kMpQpfZKSCBqltAJwskgePRaYRFukDkm1oItcAbC3gNELR20XIBcN9VRgg4+m8DKsTfkWeA4m4Imp4DDuWy7FQ==",
      "peer": true
    },
    "@types/react": {
      "version": "17.0.68",
      "resolved": "https://registry.npmjs.org/@types/react/-/react-17.0.68.tgz",
      "integrity": "sha512-y8heXejd/Gi43S28GOqIFmr6BzhLa3anMlPojRu4rHh3MtRrrpB+BtLEcqP3XPO1urXByzBdkOLU7sodYWnpkA==",
      "peer": true,
      "requires": {
        "@types/prop-types": "*",
        "@types/scheduler": "*",
        "csstype": "^3.0.2"
      }
    },
    "@types/react-dom": {
      "version": "18.2.13",
      "resolved": "https://registry.npmjs.org/@types/react-dom/-/react-dom-18.2.13.tgz",
      "integrity": "sha512-eJIUv7rPP+EC45uNYp/ThhSpE16k22VJUknt5OLoH9tbXoi8bMhwLf5xRuWMywamNbWzhrSmU7IBJfPup1+3fw==",
      "peer": true,
      "requires": {
        "@types/react": "*"
      }
    },
    "@types/scheduler": {
      "version": "0.16.4",
      "resolved": "https://registry.npmjs.org/@types/scheduler/-/scheduler-0.16.4.tgz",
      "integrity": "sha512-2L9ifAGl7wmXwP4v3pN4p2FLhD0O1qsJpvKmNin5VA8+UvNVb447UDaAEV6UdrkA+m/Xs58U1RFps44x6TFsVQ==",
      "peer": true
    },
    "csstype": {
      "version": "3.1.2",
      "resolved": "https://registry.npmjs.org/csstype/-/csstype-3.1.2.tgz",
      "integrity": "sha512-I7K1Uu0MBPzaFKg4nI5Q7Vs2t+3gWWW648spaF+Rg7pI9ds18Ugn+lvg4SHczUdKlHI5LWBXyqfS8+DufyBsgQ==",
      "peer": true
    },
    "js-tokens": {
      "version": "4.0.0",
      "resolved": "https://registry.npmjs.org/js-tokens/-/js-tokens-4.0.0.tgz",
      "integrity": "sha512-RdJUflcE3cUzKiMqQgsCu06FPu9UdIJO0beYbPhHN4k6apgJtifcoCtT9bcxOpYBtpD2kCM6Sbzg4CausW/PKQ==",
      "peer": true
    },
    "loose-envify": {
      "version": "1.4.0",
      "resolved": "https://registry.npmjs.org/loose-envify/-/loose-envify-1.4.0.tgz",
      "integrity": "sha512-lyuxPGr/Wfhrlem2CL/UcnUc1zcqKAImBDzukY7Y5F/yQiNdko6+fRLevlw1HgMySw7f611UIY408EtxRSoK3Q==",
      "peer": true,
      "requires": {
        "js-tokens": "^3.0.0 || ^4.0.0"
      }
    },
    "react": {
      "version": "18.2.0",
      "resolved": "https://registry.npmjs.org/react/-/react-18.2.0.tgz",
      "integrity": "sha512-/3IjMdb2L9QbBdWiW5e3P2/npwMBaU9mHCSCUzNln0ZCYbcfTsGbTJrU/kGemdH2IWmB2ioZ+zkxtmq6g09fGQ==",
      "peer": true,
      "requires": {
        "loose-envify": "^1.1.0"
      }
    },
    "react-dom": {
      "version": "18.2.0",
      "resolved": "https://registry.npmjs.org/react-dom/-/react-dom-18.2.0.tgz",
      "integrity": "sha512-6IMTriUmvsjHUjNtEDudZfuDQUoWXVxKHhlEGSk81n4YFS+r/Kl99wXiwlVXtPBtJenozv2P+hxDsw9eA7Xo6g==",
      "peer": true,
      "requires": {
        "loose-envify": "^1.1.0",
        "scheduler": "^0.23.0"
      }
    },
    "scheduler": {
      "version": "0.23.0",
      "resolved": "https://registry.npmjs.org/scheduler/-/scheduler-0.23.0.tgz",
      "integrity": "sha512-CtuThmgHNg7zIZWAXi3AsyIzA3n4xx7aNyjwC2VJldO2LMVDhFK+63xGqq6CsJH4rTAt6/M+N4GhZiDYPx9eUw==",
      "peer": true,
      "requires": {
        "loose-envify": "^1.1.0"
      }
    },
    "tslib": {
      "version": "2.6.2",
      "resolved": "https://registry.npmjs.org/tslib/-/tslib-2.6.2.tgz",
      "integrity": "sha512-AEYxH93jGFPn/a2iVAwW87VuUIkR1FVUKB77NwMF7nBTDkDrrT/Hpt/IrCJ0QXhW27jTBDcf5ZY7w6RiqTMw2Q=="
    }
  }
}
