{
	"name": "@msrvida/fluentui-react-cdn-typings",
	"version": "1.0.2",
	"lockfileVersion": 2,
	"requires": true,
	"packages": {
		"": {
			"name": "@msrvida/fluentui-react-cdn-typings",
			"version": "1.0.2",
			"license": "MIT",
			"dependencies": {
				"@fluentui/react": "^7.150.0"
			},
			"peerDependencies": {
				"@types/react": "16.9.34"
			}
		},
		"node_modules/@fluentui/date-time-utilities": {
			"version": "7.9.0",
			"resolved": "https://registry.npmjs.org/@fluentui/date-time-utilities/-/date-time-utilities-7.9.0.tgz",
			"integrity": "sha512-D8p5WWeonqRO1EgIvo7WSlX1rcm87r2VQd62zTJPQImx8rpwc77CRI+iAvfxyVHRZMdt4Qk6Jq99dUaudPWaZw==",
			"dependencies": {
				"@uifabric/set-version": "^7.0.23",
				"tslib": "^1.10.0"
			}
		},
		"node_modules/@fluentui/dom-utilities": {
			"version": "1.1.1",
			"resolved": "https://registry.npmjs.org/@fluentui/dom-utilities/-/dom-utilities-1.1.1.tgz",
			"integrity": "sha512-w40gi8fzCpwa7U8cONiuu8rszPStkVOL/weDf5pCbYEb1gdaV7MDPSNkgM6IV0Kz+k017noDgK9Fv4ru1Dwz1g==",
			"dependencies": {
				"@uifabric/set-version": "^7.0.23",
				"tslib": "^1.10.0"
			}
		},
		"node_modules/@fluentui/keyboard-key": {
			"version": "0.2.12",
			"resolved": "https://registry.npmjs.org/@fluentui/keyboard-key/-/keyboard-key-0.2.12.tgz",
			"integrity": "sha512-t3yIbbPKJubb22vQ/FIWwS9vFAzaPYzFxKWPHVWLtxs/P+5yL+LD3B16DRtYreWAdl9CZvEbos58ChLZ0KHwSQ==",
			"dependencies": {
				"tslib": "^1.10.0"
			}
		},
		"node_modules/@fluentui/react": {
			"version": "7.150.1",
			"resolved": "https://registry.npmjs.org/@fluentui/react/-/react-7.150.1.tgz",
			"integrity": "sha512-DgK9eR7eo/dYUtutkmPBqq7EiBls2L/4yNQO5Sv9JgE7GQPPbMMGvsK4ZAHa42E3K01CC5XO5SnP0BWD62B/RA==",
			"dependencies": {
				"@uifabric/set-version": "^7.0.23",
				"office-ui-fabric-react": "^7.150.1",
				"tslib": "^1.10.0"
			},
			"peerDependencies": {
				"@types/react": ">=16.8.0 <17.0.0",
				"@types/react-dom": ">=16.8.0 <17.0.0",
				"react": ">=16.8.0 <17.0.0",
				"react-dom": ">=16.8.0 <17.0.0"
			}
		},
		"node_modules/@fluentui/react-focus": {
			"version": "7.16.18",
			"resolved": "https://registry.npmjs.org/@fluentui/react-focus/-/react-focus-7.16.18.tgz",
			"integrity": "sha512-3GXZXhEIyX0OF1rBZmpRbx/llcOuKQa6cq5JTEcg7aLy7DWzmyRPm1eJLD/5anPPF8R68W0gT0pd57nhFreatg==",
			"dependencies": {
				"@fluentui/keyboard-key": "^0.2.12",
				"@uifabric/merge-styles": "^7.19.1",
				"@uifabric/set-version": "^7.0.23",
				"@uifabric/styling": "^7.16.18",
				"@uifabric/utilities": "^7.33.2",
				"tslib": "^1.10.0"
			},
			"peerDependencies": {
				"@types/react": ">=16.8.0 <17.0.0",
				"@types/react-dom": ">=16.8.0 <17.0.0",
				"react": ">=16.8.0 <17.0.0",
				"react-dom": ">=16.8.0 <17.0.0"
			}
		},
		"node_modules/@fluentui/react-window-provider": {
			"version": "1.0.1",
			"resolved": "https://registry.npmjs.org/@fluentui/react-window-provider/-/react-window-provider-1.0.1.tgz",
			"integrity": "sha512-5hvruDyF0uE8+6YN6Y+d2sEzexBadxUNxUjDcDreTPsmtHPwF5FPBYLhoD7T84L5U4YNvKxKh25tYJm6E0GE2w==",
			"dependencies": {
				"@uifabric/set-version": "^7.0.23",
				"tslib": "^1.10.0"
			},
			"peerDependencies": {
				"@types/react": ">=16.8.0 <17.0.0",
				"@types/react-dom": ">=16.8.0 <17.0.0",
				"react": ">=16.8.0 <17.0.0",
				"react-dom": ">=16.8.0 <17.0.0"
			}
		},
		"node_modules/@fluentui/theme": {
			"version": "1.7.0",
			"resolved": "https://registry.npmjs.org/@fluentui/theme/-/theme-1.7.0.tgz",
			"integrity": "sha512-pzqDZC2bVD6/S45Bnve4wmrXi4cN7XiCr+OhzvgmoQfDkm5vyXsa82/cVtif/zy1OFU96S9zOTtt3e+QQuGUUg==",
			"dependencies": {
				"@uifabric/merge-styles": "^7.19.1",
				"@uifabric/set-version": "^7.0.23",
				"@uifabric/utilities": "^7.33.2",
				"tslib": "^1.10.0"
			},
			"peerDependencies": {
				"@types/react": ">=16.8.0 <17.0.0",
				"@types/react-dom": ">=16.8.0 <17.0.0",
				"react": ">=16.8.0 <17.0.0",
				"react-dom": ">=16.8.0 <17.0.0"
			}
		},
		"node_modules/@microsoft/load-themed-styles": {
			"version": "1.10.134",
			"resolved": "https://registry.npmjs.org/@microsoft/load-themed-styles/-/load-themed-styles-1.10.134.tgz",
			"integrity": "sha512-TAXG7OEkzzhKcVzoE4p0WrY/2RzdaewzrggogGU38dScLy9eUiJXXs4osIsesMXvzG5BP/v5MS6kAbtb+HM0cQ=="
		},
		"node_modules/@types/prop-types": {
			"version": "15.7.4",
			"resolved": "https://registry.npmjs.org/@types/prop-types/-/prop-types-15.7.4.tgz",
			"integrity": "sha512-rZ5drC/jWjrArrS8BR6SIr4cWpW09RNTYt9AMZo3Jwwif+iacXAqgVjm0B0Bv/S1jhDXKHqRVNCbACkJ89RAnQ==",
			"peer": true
		},
		"node_modules/@types/react": {
			"version": "16.9.34",
			"resolved": "https://registry.npmjs.org/@types/react/-/react-16.9.34.tgz",
			"integrity": "sha512-8AJlYMOfPe1KGLKyHpflCg5z46n0b5DbRfqDksxBLBTUpB75ypDBAO9eCUcjNwE6LCUslwTz00yyG/X9gaVtow==",
			"peer": true,
			"dependencies": {
				"@types/prop-types": "*",
				"csstype": "^2.2.0"
			}
		},
		"node_modules/@uifabric/foundation": {
			"version": "7.9.20",
			"resolved": "https://registry.npmjs.org/@uifabric/foundation/-/foundation-7.9.20.tgz",
			"integrity": "sha512-AcOClWfs+rNK0XyPLKTK2Nqeom7zOESOfL3Tbwl5VuDlSrlGW9yNywuuo6gJSOyXCJQO5dJFVdGExmB0EM4vkw==",
			"dependencies": {
				"@uifabric/merge-styles": "^7.19.1",
				"@uifabric/set-version": "^7.0.23",
				"@uifabric/styling": "^7.16.18",
				"@uifabric/utilities": "^7.33.2",
				"tslib": "^1.10.0"
			},
			"peerDependencies": {
				"@types/react": ">=16.8.0 <17.0.0",
				"@types/react-dom": ">=16.8.0 <17.0.0",
				"react": ">=16.8.0 <17.0.0",
				"react-dom": ">=16.8.0 <17.0.0"
			}
		},
		"node_modules/@uifabric/icons": {
			"version": "7.5.17",
			"resolved": "https://registry.npmjs.org/@uifabric/icons/-/icons-7.5.17.tgz",
			"integrity": "sha512-2S1kse0gtseTuV2r59iWukLxxoOJ6GgP2Yhxt9oxzaP9QubpYdxCUepvJmfPQQvvy4GELdykDUWQ6/hbzliJyw==",
			"dependencies": {
				"@uifabric/set-version": "^7.0.23",
				"@uifabric/styling": "^7.16.18",
				"tslib": "^1.10.0"
			}
		},
		"node_modules/@uifabric/merge-styles": {
			"version": "7.19.1",
			"resolved": "https://registry.npmjs.org/@uifabric/merge-styles/-/merge-styles-7.19.1.tgz",
			"integrity": "sha512-yqUwmk62Kgu216QNPE9vOfS3h0kiSbTvoqM5QcZi+IzpqsBOlzZx3A9Er9UiDaqHRd5lsYF5pO/jeUULmBWF/A==",
			"dependencies": {
				"@uifabric/set-version": "^7.0.23",
				"tslib": "^1.10.0"
			}
		},
		"node_modules/@uifabric/react-hooks": {
			"version": "7.13.9",
			"resolved": "https://registry.npmjs.org/@uifabric/react-hooks/-/react-hooks-7.13.9.tgz",
			"integrity": "sha512-VtDg2b3ypYXX7MLp1STk1Fj6ZIeZktXnm0hu1Os/pGvq6xkuLRly5XP6ZSHitm8K7ZcMo48CcNL8smmiXprBQg==",
			"dependencies": {
				"@fluentui/react-window-provider": "^1.0.1",
				"@uifabric/set-version": "^7.0.23",
				"@uifabric/utilities": "^7.33.2",
				"tslib": "^1.10.0"
			},
			"peerDependencies": {
				"@types/react": ">=16.8.0 <17.0.0",
				"@types/react-dom": ">=16.8.0 <17.0.0",
				"react": ">=16.8.0 <17.0.0",
				"react-dom": ">=16.8.0 <17.0.0"
			}
		},
		"node_modules/@uifabric/set-version": {
			"version": "7.0.23",
			"resolved": "https://registry.npmjs.org/@uifabric/set-version/-/set-version-7.0.23.tgz",
			"integrity": "sha512-9E+YKtnH2kyMKnK9XZZsqyM8OCxEJIIfxtaThTlQpYOzrWAGJxQADFbZ7+Usi0U2xHnWNPFROjq+B9ocEzhqMA==",
			"dependencies": {
				"tslib": "^1.10.0"
			}
		},
		"node_modules/@uifabric/styling": {
			"version": "7.16.18",
			"resolved": "https://registry.npmjs.org/@uifabric/styling/-/styling-7.16.18.tgz",
			"integrity": "sha512-jINFRMWfSIOZ4H29YNBHtwZU4f8JFprnyBX2E0Wq9rjqRzgcmdYbN2yn88gym6aC3houSDcYM0rdfG4ETjRQSA==",
			"dependencies": {
				"@fluentui/theme": "^1.7.0",
				"@microsoft/load-themed-styles": "^1.10.26",
				"@uifabric/merge-styles": "^7.19.1",
				"@uifabric/set-version": "^7.0.23",
				"@uifabric/utilities": "^7.33.2",
				"tslib": "^1.10.0"
			}
		},
		"node_modules/@uifabric/utilities": {
			"version": "7.33.2",
			"resolved": "https://registry.npmjs.org/@uifabric/utilities/-/utilities-7.33.2.tgz",
			"integrity": "sha512-v2c3IUJdpru/hoGNOwIW549O5D4XBAc5sLpB7RREGI5ywoWuIJlNyYtBEGOwhAY62J2blj11qi86Ep+oZDM/Kw==",
			"dependencies": {
				"@fluentui/dom-utilities": "^1.1.1",
				"@uifabric/merge-styles": "^7.19.1",
				"@uifabric/set-version": "^7.0.23",
				"prop-types": "^15.7.2",
				"tslib": "^1.10.0"
			},
			"peerDependencies": {
				"@types/react": ">=16.8.0 <17.0.0",
				"@types/react-dom": ">=16.8.0 <17.0.0",
				"react": ">=16.8.0 <17.0.0",
				"react-dom": ">=16.8.0 <17.0.0"
			}
		},
		"node_modules/csstype": {
			"version": "2.6.19",
			"resolved": "https://registry.npmjs.org/csstype/-/csstype-2.6.19.tgz",
			"integrity": "sha512-ZVxXaNy28/k3kJg0Fou5MiYpp88j7H9hLZp8PDC3jV0WFjfH5E9xHb56L0W59cPbKbcHXeP4qyT8PrHp8t6LcQ==",
			"peer": true
		},
		"node_modules/js-tokens": {
			"version": "4.0.0",
			"resolved": "https://registry.npmjs.org/js-tokens/-/js-tokens-4.0.0.tgz",
			"integrity": "sha512-RdJUflcE3cUzKiMqQgsCu06FPu9UdIJO0beYbPhHN4k6apgJtifcoCtT9bcxOpYBtpD2kCM6Sbzg4CausW/PKQ=="
		},
		"node_modules/loose-envify": {
			"version": "1.4.0",
			"resolved": "https://registry.npmjs.org/loose-envify/-/loose-envify-1.4.0.tgz",
			"integrity": "sha512-lyuxPGr/Wfhrlem2CL/UcnUc1zcqKAImBDzukY7Y5F/yQiNdko6+fRLevlw1HgMySw7f611UIY408EtxRSoK3Q==",
			"dependencies": {
				"js-tokens": "^3.0.0 || ^4.0.0"
			},
			"bin": {
				"loose-envify": "cli.js"
			}
		},
		"node_modules/object-assign": {
			"version": "4.1.1",
			"resolved": "https://registry.npmjs.org/object-assign/-/object-assign-4.1.1.tgz",
			"integrity": "sha1-IQmtx5ZYh8/AXLvUQsrIv7s2CGM=",
			"engines": {
				"node": ">=0.10.0"
			}
		},
		"node_modules/office-ui-fabric-react": {
			"version": "7.150.1",
			"resolved": "https://registry.npmjs.org/office-ui-fabric-react/-/office-ui-fabric-react-7.150.1.tgz",
			"integrity": "sha512-S0ZtEyZs9lHdmVyT2Q9/4Y6XOmltndV4AtAB2dn4oanGMJQ1/o8jio9ZdE9Q2jc1YgK3EEYvXwck0E3kUfWU5w==",
			"dependencies": {
				"@fluentui/date-time-utilities": "^7.9.0",
				"@fluentui/react-focus": "^7.16.18",
				"@fluentui/react-window-provider": "^1.0.1",
				"@microsoft/load-themed-styles": "^1.10.26",
				"@uifabric/foundation": "^7.9.20",
				"@uifabric/icons": "^7.5.17",
				"@uifabric/merge-styles": "^7.19.1",
				"@uifabric/react-hooks": "^7.13.9",
				"@uifabric/set-version": "^7.0.23",
				"@uifabric/styling": "^7.16.18",
				"@uifabric/utilities": "^7.33.2",
				"prop-types": "^15.7.2",
				"tslib": "^1.10.0"
			},
			"peerDependencies": {
				"@types/react": ">=16.8.0 <17.0.0",
				"@types/react-dom": ">=16.8.0 <17.0.0",
				"react": ">=16.8.0 <17.0.0",
				"react-dom": ">=16.8.0 <17.0.0"
			}
		},
		"node_modules/prop-types": {
			"version": "15.7.2",
			"resolved": "https://registry.npmjs.org/prop-types/-/prop-types-15.7.2.tgz",
			"integrity": "sha512-8QQikdH7//R2vurIJSutZ1smHYTcLpRWEOlHnzcWHmBYrOGUysKwSsrC89BCiFj3CbrfJ/nXFdJepOVrY1GCHQ==",
			"dependencies": {
				"loose-envify": "^1.4.0",
				"object-assign": "^4.1.1",
				"react-is": "^16.8.1"
			}
		},
		"node_modules/react-is": {
			"version": "16.13.1",
			"resolved": "https://registry.npmjs.org/react-is/-/react-is-16.13.1.tgz",
			"integrity": "sha512-24e6ynE2H+OKt4kqsOvNd8kBpV65zoxbA4BVsEOB3ARVWQki/DHzaUoC5KuON/BiccDaCCTZBuOcfZs70kR8bQ=="
		},
		"node_modules/tslib": {
			"version": "1.14.1",
			"resolved": "https://registry.npmjs.org/tslib/-/tslib-1.14.1.tgz",
			"integrity": "sha512-Xni35NKzjgMrwevysHTCArtLDpPvye8zV/0E4EyYn43P7/7qvQwPh9BGkHewbMulVntbigmcT7rdX3BNo9wRJg=="
		}
	},
	"dependencies": {
		"@fluentui/date-time-utilities": {
			"version": "7.9.0",
			"resolved": "https://registry.npmjs.org/@fluentui/date-time-utilities/-/date-time-utilities-7.9.0.tgz",
			"integrity": "sha512-D8p5WWeonqRO1EgIvo7WSlX1rcm87r2VQd62zTJPQImx8rpwc77CRI+iAvfxyVHRZMdt4Qk6Jq99dUaudPWaZw==",
			"requires": {
				"@uifabric/set-version": "^7.0.23",
				"tslib": "^1.10.0"
			}
		},
		"@fluentui/dom-utilities": {
			"version": "1.1.1",
			"resolved": "https://registry.npmjs.org/@fluentui/dom-utilities/-/dom-utilities-1.1.1.tgz",
			"integrity": "sha512-w40gi8fzCpwa7U8cONiuu8rszPStkVOL/weDf5pCbYEb1gdaV7MDPSNkgM6IV0Kz+k017noDgK9Fv4ru1Dwz1g==",
			"requires": {
				"@uifabric/set-version": "^7.0.23",
				"tslib": "^1.10.0"
			}
		},
		"@fluentui/keyboard-key": {
			"version": "0.2.12",
			"resolved": "https://registry.npmjs.org/@fluentui/keyboard-key/-/keyboard-key-0.2.12.tgz",
			"integrity": "sha512-t3yIbbPKJubb22vQ/FIWwS9vFAzaPYzFxKWPHVWLtxs/P+5yL+LD3B16DRtYreWAdl9CZvEbos58ChLZ0KHwSQ==",
			"requires": {
				"tslib": "^1.10.0"
			}
		},
		"@fluentui/react": {
			"version": "7.150.1",
			"resolved": "https://registry.npmjs.org/@fluentui/react/-/react-7.150.1.tgz",
			"integrity": "sha512-DgK9eR7eo/dYUtutkmPBqq7EiBls2L/4yNQO5Sv9JgE7GQPPbMMGvsK4ZAHa42E3K01CC5XO5SnP0BWD62B/RA==",
			"requires": {
				"@uifabric/set-version": "^7.0.23",
				"office-ui-fabric-react": "^7.150.1",
				"tslib": "^1.10.0"
			}
		},
		"@fluentui/react-focus": {
			"version": "7.16.18",
			"resolved": "https://registry.npmjs.org/@fluentui/react-focus/-/react-focus-7.16.18.tgz",
			"integrity": "sha512-3GXZXhEIyX0OF1rBZmpRbx/llcOuKQa6cq5JTEcg7aLy7DWzmyRPm1eJLD/5anPPF8R68W0gT0pd57nhFreatg==",
			"requires": {
				"@fluentui/keyboard-key": "^0.2.12",
				"@uifabric/merge-styles": "^7.19.1",
				"@uifabric/set-version": "^7.0.23",
				"@uifabric/styling": "^7.16.18",
				"@uifabric/utilities": "^7.33.2",
				"tslib": "^1.10.0"
			}
		},
		"@fluentui/react-window-provider": {
			"version": "1.0.1",
			"resolved": "https://registry.npmjs.org/@fluentui/react-window-provider/-/react-window-provider-1.0.1.tgz",
			"integrity": "sha512-5hvruDyF0uE8+6YN6Y+d2sEzexBadxUNxUjDcDreTPsmtHPwF5FPBYLhoD7T84L5U4YNvKxKh25tYJm6E0GE2w==",
			"requires": {
				"@uifabric/set-version": "^7.0.23",
				"tslib": "^1.10.0"
			}
		},
		"@fluentui/theme": {
			"version": "1.7.0",
			"resolved": "https://registry.npmjs.org/@fluentui/theme/-/theme-1.7.0.tgz",
			"integrity": "sha512-pzqDZC2bVD6/S45Bnve4wmrXi4cN7XiCr+OhzvgmoQfDkm5vyXsa82/cVtif/zy1OFU96S9zOTtt3e+QQuGUUg==",
			"requires": {
				"@uifabric/merge-styles": "^7.19.1",
				"@uifabric/set-version": "^7.0.23",
				"@uifabric/utilities": "^7.33.2",
				"tslib": "^1.10.0"
			}
		},
		"@microsoft/load-themed-styles": {
			"version": "1.10.134",
			"resolved": "https://registry.npmjs.org/@microsoft/load-themed-styles/-/load-themed-styles-1.10.134.tgz",
			"integrity": "sha512-TAXG7OEkzzhKcVzoE4p0WrY/2RzdaewzrggogGU38dScLy9eUiJXXs4osIsesMXvzG5BP/v5MS6kAbtb+HM0cQ=="
		},
		"@types/prop-types": {
			"version": "15.7.4",
			"resolved": "https://registry.npmjs.org/@types/prop-types/-/prop-types-15.7.4.tgz",
			"integrity": "sha512-rZ5drC/jWjrArrS8BR6SIr4cWpW09RNTYt9AMZo3Jwwif+iacXAqgVjm0B0Bv/S1jhDXKHqRVNCbACkJ89RAnQ==",
			"peer": true
		},
		"@types/react": {
			"version": "16.9.34",
			"resolved": "https://registry.npmjs.org/@types/react/-/react-16.9.34.tgz",
			"integrity": "sha512-8AJlYMOfPe1KGLKyHpflCg5z46n0b5DbRfqDksxBLBTUpB75ypDBAO9eCUcjNwE6LCUslwTz00yyG/X9gaVtow==",
			"peer": true,
			"requires": {
				"@types/prop-types": "*",
				"csstype": "^2.2.0"
			}
		},
		"@uifabric/foundation": {
			"version": "7.9.20",
			"resolved": "https://registry.npmjs.org/@uifabric/foundation/-/foundation-7.9.20.tgz",
			"integrity": "sha512-AcOClWfs+rNK0XyPLKTK2Nqeom7zOESOfL3Tbwl5VuDlSrlGW9yNywuuo6gJSOyXCJQO5dJFVdGExmB0EM4vkw==",
			"requires": {
				"@uifabric/merge-styles": "^7.19.1",
				"@uifabric/set-version": "^7.0.23",
				"@uifabric/styling": "^7.16.18",
				"@uifabric/utilities": "^7.33.2",
				"tslib": "^1.10.0"
			}
		},
		"@uifabric/icons": {
			"version": "7.5.17",
			"resolved": "https://registry.npmjs.org/@uifabric/icons/-/icons-7.5.17.tgz",
			"integrity": "sha512-2S1kse0gtseTuV2r59iWukLxxoOJ6GgP2Yhxt9oxzaP9QubpYdxCUepvJmfPQQvvy4GELdykDUWQ6/hbzliJyw==",
			"requires": {
				"@uifabric/set-version": "^7.0.23",
				"@uifabric/styling": "^7.16.18",
				"tslib": "^1.10.0"
			}
		},
		"@uifabric/merge-styles": {
			"version": "7.19.1",
			"resolved": "https://registry.npmjs.org/@uifabric/merge-styles/-/merge-styles-7.19.1.tgz",
			"integrity": "sha512-yqUwmk62Kgu216QNPE9vOfS3h0kiSbTvoqM5QcZi+IzpqsBOlzZx3A9Er9UiDaqHRd5lsYF5pO/jeUULmBWF/A==",
			"requires": {
				"@uifabric/set-version": "^7.0.23",
				"tslib": "^1.10.0"
			}
		},
		"@uifabric/react-hooks": {
			"version": "7.13.9",
			"resolved": "https://registry.npmjs.org/@uifabric/react-hooks/-/react-hooks-7.13.9.tgz",
			"integrity": "sha512-VtDg2b3ypYXX7MLp1STk1Fj6ZIeZktXnm0hu1Os/pGvq6xkuLRly5XP6ZSHitm8K7ZcMo48CcNL8smmiXprBQg==",
			"requires": {
				"@fluentui/react-window-provider": "^1.0.1",
				"@uifabric/set-version": "^7.0.23",
				"@uifabric/utilities": "^7.33.2",
				"tslib": "^1.10.0"
			}
		},
		"@uifabric/set-version": {
			"version": "7.0.23",
			"resolved": "https://registry.npmjs.org/@uifabric/set-version/-/set-version-7.0.23.tgz",
			"integrity": "sha512-9E+YKtnH2kyMKnK9XZZsqyM8OCxEJIIfxtaThTlQpYOzrWAGJxQADFbZ7+Usi0U2xHnWNPFROjq+B9ocEzhqMA==",
			"requires": {
				"tslib": "^1.10.0"
			}
		},
		"@uifabric/styling": {
			"version": "7.16.18",
			"resolved": "https://registry.npmjs.org/@uifabric/styling/-/styling-7.16.18.tgz",
			"integrity": "sha512-jINFRMWfSIOZ4H29YNBHtwZU4f8JFprnyBX2E0Wq9rjqRzgcmdYbN2yn88gym6aC3houSDcYM0rdfG4ETjRQSA==",
			"requires": {
				"@fluentui/theme": "^1.7.0",
				"@microsoft/load-themed-styles": "^1.10.26",
				"@uifabric/merge-styles": "^7.19.1",
				"@uifabric/set-version": "^7.0.23",
				"@uifabric/utilities": "^7.33.2",
				"tslib": "^1.10.0"
			}
		},
		"@uifabric/utilities": {
			"version": "7.33.2",
			"resolved": "https://registry.npmjs.org/@uifabric/utilities/-/utilities-7.33.2.tgz",
			"integrity": "sha512-v2c3IUJdpru/hoGNOwIW549O5D4XBAc5sLpB7RREGI5ywoWuIJlNyYtBEGOwhAY62J2blj11qi86Ep+oZDM/Kw==",
			"requires": {
				"@fluentui/dom-utilities": "^1.1.1",
				"@uifabric/merge-styles": "^7.19.1",
				"@uifabric/set-version": "^7.0.23",
				"prop-types": "^15.7.2",
				"tslib": "^1.10.0"
			}
		},
		"csstype": {
			"version": "2.6.19",
			"resolved": "https://registry.npmjs.org/csstype/-/csstype-2.6.19.tgz",
			"integrity": "sha512-ZVxXaNy28/k3kJg0Fou5MiYpp88j7H9hLZp8PDC3jV0WFjfH5E9xHb56L0W59cPbKbcHXeP4qyT8PrHp8t6LcQ==",
			"peer": true
		},
		"js-tokens": {
			"version": "4.0.0",
			"resolved": "https://registry.npmjs.org/js-tokens/-/js-tokens-4.0.0.tgz",
			"integrity": "sha512-RdJUflcE3cUzKiMqQgsCu06FPu9UdIJO0beYbPhHN4k6apgJtifcoCtT9bcxOpYBtpD2kCM6Sbzg4CausW/PKQ=="
		},
		"loose-envify": {
			"version": "1.4.0",
			"resolved": "https://registry.npmjs.org/loose-envify/-/loose-envify-1.4.0.tgz",
			"integrity": "sha512-lyuxPGr/Wfhrlem2CL/UcnUc1zcqKAImBDzukY7Y5F/yQiNdko6+fRLevlw1HgMySw7f611UIY408EtxRSoK3Q==",
			"requires": {
				"js-tokens": "^3.0.0 || ^4.0.0"
			}
		},
		"object-assign": {
			"version": "4.1.1",
			"resolved": "https://registry.npmjs.org/object-assign/-/object-assign-4.1.1.tgz",
			"integrity": "sha1-IQmtx5ZYh8/AXLvUQsrIv7s2CGM="
		},
		"office-ui-fabric-react": {
			"version": "7.150.1",
			"resolved": "https://registry.npmjs.org/office-ui-fabric-react/-/office-ui-fabric-react-7.150.1.tgz",
			"integrity": "sha512-S0ZtEyZs9lHdmVyT2Q9/4Y6XOmltndV4AtAB2dn4oanGMJQ1/o8jio9ZdE9Q2jc1YgK3EEYvXwck0E3kUfWU5w==",
			"requires": {
				"@fluentui/date-time-utilities": "^7.9.0",
				"@fluentui/react-focus": "^7.16.18",
				"@fluentui/react-window-provider": "^1.0.1",
				"@microsoft/load-themed-styles": "^1.10.26",
				"@uifabric/foundation": "^7.9.20",
				"@uifabric/icons": "^7.5.17",
				"@uifabric/merge-styles": "^7.19.1",
				"@uifabric/react-hooks": "^7.13.9",
				"@uifabric/set-version": "^7.0.23",
				"@uifabric/styling": "^7.16.18",
				"@uifabric/utilities": "^7.33.2",
				"prop-types": "^15.7.2",
				"tslib": "^1.10.0"
			}
		},
		"prop-types": {
			"version": "15.7.2",
			"resolved": "https://registry.npmjs.org/prop-types/-/prop-types-15.7.2.tgz",
			"integrity": "sha512-8QQikdH7//R2vurIJSutZ1smHYTcLpRWEOlHnzcWHmBYrOGUysKwSsrC89BCiFj3CbrfJ/nXFdJepOVrY1GCHQ==",
			"requires": {
				"loose-envify": "^1.4.0",
				"object-assign": "^4.1.1",
				"react-is": "^16.8.1"
			}
		},
		"react-is": {
			"version": "16.13.1",
			"resolved": "https://registry.npmjs.org/react-is/-/react-is-16.13.1.tgz",
			"integrity": "sha512-24e6ynE2H+OKt4kqsOvNd8kBpV65zoxbA4BVsEOB3ARVWQki/DHzaUoC5KuON/BiccDaCCTZBuOcfZs70kR8bQ=="
		},
		"tslib": {
			"version": "1.14.1",
			"resolved": "https://registry.npmjs.org/tslib/-/tslib-1.14.1.tgz",
			"integrity": "sha512-Xni35NKzjgMrwevysHTCArtLDpPvye8zV/0E4EyYn43P7/7qvQwPh9BGkHewbMulVntbigmcT7rdX3BNo9wRJg=="
		}
	}
}
