{
  "name": "@msrvida/fluentui-react-cdn-typings",
  "version": "2.0.1",
  "lockfileVersion": 2,
  "requires": true,
  "packages": {
    "": {
      "name": "@msrvida/fluentui-react-cdn-typings",
      "version": "2.0.1",
      "license": "MIT",
      "dependencies": {
        "@fluentui/react": "^8"
      },
      "peerDependencies": {
        "@types/react": ">=16.8.0 <18.0.0"
      }
    },
    "node_modules/@fluentui/date-time-utilities": {
      "version": "8.5.12",
      "resolved": "https://registry.npmjs.org/@fluentui/date-time-utilities/-/date-time-utilities-8.5.12.tgz",
      "integrity": "sha512-N4Dt7MDJiEASF73hz1kWkNfGLdGa+joi+f1b5Pi57PI4SBpZ89OGumT+Z/iyuYwcTdz5aVeq03wTJkLdJQo2Gg==",
      "dependencies": {
        "@fluentui/set-version": "^8.2.11",
        "tslib": "^2.1.0"
      }
    },
    "node_modules/@fluentui/dom-utilities": {
      "version": "2.2.11",
      "resolved": "https://registry.npmjs.org/@fluentui/dom-utilities/-/dom-utilities-2.2.11.tgz",
      "integrity": "sha512-2tXfg7/9PXu9nfU72/P3o3waHEFEQtHUfQbVexUaYqNNAxMj6sOfsqpUx4vd5nPgO+grSWrl+spqlLN2yej51w==",
      "dependencies": {
        "@fluentui/set-version": "^8.2.11",
        "tslib": "^2.1.0"
      }
    },
    "node_modules/@fluentui/font-icons-mdl2": {
      "version": "8.5.21",
      "resolved": "https://registry.npmjs.org/@fluentui/font-icons-mdl2/-/font-icons-mdl2-8.5.21.tgz",
      "integrity": "sha512-B4w1jx/gNxDI/AbVwZtmcvb/5lG8HngWVwsDDtP2ZM4HEFZduY1XrQMak5mP1O9lTEpQKD+kv+uK70ocsfpUig==",
      "dependencies": {
        "@fluentui/set-version": "^8.2.11",
        "@fluentui/style-utilities": "^8.9.14",
        "@fluentui/utilities": "^8.13.16",
        "tslib": "^2.1.0"
      }
    },
    "node_modules/@fluentui/foundation-legacy": {
      "version": "8.2.41",
      "resolved": "https://registry.npmjs.org/@fluentui/foundation-legacy/-/foundation-legacy-8.2.41.tgz",
      "integrity": "sha512-HgLWOjNwC0FkV9kN283E8AzGmswFJbu7AKQ+cyefPnOUdH3iopD2oW7Lqz7QBzIPgMV/8FHE+nCa2ZEbhvFPGg==",
      "dependencies": {
        "@fluentui/merge-styles": "^8.5.12",
        "@fluentui/set-version": "^8.2.11",
        "@fluentui/style-utilities": "^8.9.14",
        "@fluentui/utilities": "^8.13.16",
        "tslib": "^2.1.0"
      },
      "peerDependencies": {
        "@types/react": ">=16.8.0 <19.0.0",
        "react": ">=16.8.0 <19.0.0"
      }
    },
    "node_modules/@fluentui/keyboard-key": {
      "version": "0.4.11",
      "resolved": "https://registry.npmjs.org/@fluentui/keyboard-key/-/keyboard-key-0.4.11.tgz",
      "integrity": "sha512-TVB/EloWado9AVp1niChgcdDOQAHGP5B30Dinmtfe7zi8OnstwPoxwFP6dHJDdpLQ6ZEUTaEHViSzvewl7Chag==",
      "dependencies": {
        "tslib": "^2.1.0"
      }
    },
    "node_modules/@fluentui/merge-styles": {
      "version": "8.5.12",
      "resolved": "https://registry.npmjs.org/@fluentui/merge-styles/-/merge-styles-8.5.12.tgz",
      "integrity": "sha512-ZnUo0YuMP7AYi68dkknFqVxopIAgbrUnqR/MZlemmRvBYyy1SMj1WQeHcoiLFA8mF8YKn7B+jxQgJbN2bfcrRw==",
      "dependencies": {
        "@fluentui/set-version": "^8.2.11",
        "tslib": "^2.1.0"
      }
    },
    "node_modules/@fluentui/react": {
      "version": "8.110.3",
      "resolved": "https://registry.npmjs.org/@fluentui/react/-/react-8.110.3.tgz",
      "integrity": "sha512-VXlsLP9ZhwbyRczt/MIjiBONXRc6YxLMDwxMy/YVeLawY/8PC+YRiiKmVwzTq5RVGrOdyWsNBxonbb3GQz0t0w==",
      "dependencies": {
        "@fluentui/date-time-utilities": "^8.5.12",
        "@fluentui/font-icons-mdl2": "^8.5.21",
        "@fluentui/foundation-legacy": "^8.2.41",
        "@fluentui/merge-styles": "^8.5.12",
        "@fluentui/react-focus": "^8.8.28",
        "@fluentui/react-hooks": "^8.6.27",
        "@fluentui/react-portal-compat-context": "^9.0.6",
        "@fluentui/react-window-provider": "^2.2.15",
        "@fluentui/set-version": "^8.2.11",
        "@fluentui/style-utilities": "^8.9.14",
        "@fluentui/theme": "^2.6.32",
        "@fluentui/utilities": "^8.13.16",
        "@microsoft/load-themed-styles": "^1.10.26",
        "tslib": "^2.1.0"
      },
      "peerDependencies": {
        "@types/react": ">=16.8.0 <19.0.0",
        "@types/react-dom": ">=16.8.0 <19.0.0",
        "react": ">=16.8.0 <19.0.0",
        "react-dom": ">=16.8.0 <19.0.0"
      }
    },
    "node_modules/@fluentui/react-focus": {
      "version": "8.8.28",
      "resolved": "https://registry.npmjs.org/@fluentui/react-focus/-/react-focus-8.8.28.tgz",
      "integrity": "sha512-gdBASqKW41tWnrNj3B3WQqYGXqnPOGZvQz9AILCY4g1oWv2QoQV1xRhVmzu6V/vJzUZDqOVyD/RseumGmIh8Yg==",
      "dependencies": {
        "@fluentui/keyboard-key": "^0.4.11",
        "@fluentui/merge-styles": "^8.5.12",
        "@fluentui/set-version": "^8.2.11",
        "@fluentui/style-utilities": "^8.9.14",
        "@fluentui/utilities": "^8.13.16",
        "tslib": "^2.1.0"
      },
      "peerDependencies": {
        "@types/react": ">=16.8.0 <19.0.0",
        "react": ">=16.8.0 <19.0.0"
      }
    },
    "node_modules/@fluentui/react-hooks": {
      "version": "8.6.27",
      "resolved": "https://registry.npmjs.org/@fluentui/react-hooks/-/react-hooks-8.6.27.tgz",
      "integrity": "sha512-4Thtr8LgM3/aGExWrIFtTfPX1sHirPTD9DxEkD2/GOPniN/dFBKYp0q1eyMkRu2/KXV6HUVyQL9hK+yfD9sIQQ==",
      "dependencies": {
        "@fluentui/react-window-provider": "^2.2.15",
        "@fluentui/set-version": "^8.2.11",
        "@fluentui/utilities": "^8.13.16",
        "tslib": "^2.1.0"
      },
      "peerDependencies": {
        "@types/react": ">=16.8.0 <19.0.0",
        "react": ">=16.8.0 <19.0.0"
      }
    },
    "node_modules/@fluentui/react-portal-compat-context": {
      "version": "9.0.6",
      "resolved": "https://registry.npmjs.org/@fluentui/react-portal-compat-context/-/react-portal-compat-context-9.0.6.tgz",
      "integrity": "sha512-HUt0/YXKRB4chtzlGbZ+7y7FHFyqaI0CeMFAe/QBXVOiOwA01QOr2j4Uky+30vupspIt6mjodLanuw1jMybmqQ==",
      "dependencies": {
        "@swc/helpers": "^0.4.14"
      },
      "peerDependencies": {
        "@types/react": ">=16.8.0 <19.0.0",
        "react": ">=16.8.0 <19.0.0"
      }
    },
    "node_modules/@fluentui/react-window-provider": {
      "version": "2.2.15",
      "resolved": "https://registry.npmjs.org/@fluentui/react-window-provider/-/react-window-provider-2.2.15.tgz",
      "integrity": "sha512-RraWvRe7wakpPJRBX2tlCV/cybOKiqLJ1UBLPNf5xq7ZIs0T0g/hh3G3Zb5teOeipjuRnl6srkdDUT9Dy9wrBg==",
      "dependencies": {
        "@fluentui/set-version": "^8.2.11",
        "tslib": "^2.1.0"
      },
      "peerDependencies": {
        "@types/react": ">=16.8.0 <19.0.0",
        "react": ">=16.8.0 <19.0.0"
      }
    },
    "node_modules/@fluentui/set-version": {
      "version": "8.2.11",
      "resolved": "https://registry.npmjs.org/@fluentui/set-version/-/set-version-8.2.11.tgz",
      "integrity": "sha512-UI03tysau/adBO1a3q4uFZWQ3lfkiFcAWIFng4k5odWcCokfCm5IxA0urKqj5W5JRYdyoBUaq8QbcNGkFB4dCw==",
      "dependencies": {
        "tslib": "^2.1.0"
      }
    },
    "node_modules/@fluentui/style-utilities": {
      "version": "8.9.14",
      "resolved": "https://registry.npmjs.org/@fluentui/style-utilities/-/style-utilities-8.9.14.tgz",
      "integrity": "sha512-On48B9biXgV6PgimFdSwRuYLzue9PjwqxT31UP3w5uvwANL+Hqile5AbkR5g9RartoJiDIk1bHAP7QQkqI1jEg==",
      "dependencies": {
        "@fluentui/merge-styles": "^8.5.12",
        "@fluentui/set-version": "^8.2.11",
        "@fluentui/theme": "^2.6.32",
        "@fluentui/utilities": "^8.13.16",
        "@microsoft/load-themed-styles": "^1.10.26",
        "tslib": "^2.1.0"
      }
    },
    "node_modules/@fluentui/theme": {
      "version": "2.6.32",
      "resolved": "https://registry.npmjs.org/@fluentui/theme/-/theme-2.6.32.tgz",
      "integrity": "sha512-UkDsCdQQTQb7Ib+tux2Octz3opTvnRDknXoVnC6yluQVd6ugM8eWDUphOgB7Vnsf1Ou7EhPKdIN6OHXHXuoIyA==",
      "dependencies": {
        "@fluentui/merge-styles": "^8.5.12",
        "@fluentui/set-version": "^8.2.11",
        "@fluentui/utilities": "^8.13.16",
        "tslib": "^2.1.0"
      },
      "peerDependencies": {
        "@types/react": ">=16.8.0 <19.0.0",
        "react": ">=16.8.0 <19.0.0"
      }
    },
    "node_modules/@fluentui/utilities": {
      "version": "8.13.16",
      "resolved": "https://registry.npmjs.org/@fluentui/utilities/-/utilities-8.13.16.tgz",
      "integrity": "sha512-NAz7892Fjf4SNj7QCXuL/WGaZHc5GfCkT2trRFAhduSDXTib1dFANmS/yH2u9dH+27WAtu9pD9p9KbEhrWK4MQ==",
      "dependencies": {
        "@fluentui/dom-utilities": "^2.2.11",
        "@fluentui/merge-styles": "^8.5.12",
        "@fluentui/set-version": "^8.2.11",
        "tslib": "^2.1.0"
      },
      "peerDependencies": {
        "@types/react": ">=16.8.0 <19.0.0",
        "react": ">=16.8.0 <19.0.0"
      }
    },
    "node_modules/@microsoft/load-themed-styles": {
      "version": "1.10.295",
      "resolved": "https://registry.npmjs.org/@microsoft/load-themed-styles/-/load-themed-styles-1.10.295.tgz",
      "integrity": "sha512-W+IzEBw8a6LOOfRJM02dTT7BDZijxm+Z7lhtOAz1+y9vQm1Kdz9jlAO+qCEKsfxtUOmKilW8DIRqFw2aUgKeGg=="
    },
    "node_modules/@swc/helpers": {
      "version": "0.4.14",
      "resolved": "https://registry.npmjs.org/@swc/helpers/-/helpers-0.4.14.tgz",
      "integrity": "sha512-4C7nX/dvpzB7za4Ql9K81xK3HPxCpHMgwTZVyf+9JQ6VUbn9jjZVN7/Nkdz/Ugzs2CSjqnL/UPXroiVBVHUWUw==",
      "dependencies": {
        "tslib": "^2.4.0"
      }
    },
    "node_modules/@types/prop-types": {
      "version": "15.7.5",
      "resolved": "https://registry.npmjs.org/@types/prop-types/-/prop-types-15.7.5.tgz",
      "integrity": "sha512-JCB8C6SnDoQf0cNycqd/35A7MjcnK+ZTqE7judS6o7utxUCg6imJg3QK2qzHKszlTjcj2cn+NwMB2i96ubpj7w==",
      "peer": true
    },
    "node_modules/@types/react": {
      "version": "17.0.62",
      "resolved": "https://registry.npmjs.org/@types/react/-/react-17.0.62.tgz",
      "integrity": "sha512-eANCyz9DG8p/Vdhr0ZKST8JV12PhH2ACCDYlFw6DIO+D+ca+uP4jtEDEpVqXZrh/uZdXQGwk7whJa3ah5DtyLw==",
      "peer": true,
      "dependencies": {
        "@types/prop-types": "*",
        "@types/scheduler": "*",
        "csstype": "^3.0.2"
      }
    },
    "node_modules/@types/react-dom": {
      "version": "18.2.5",
      "resolved": "https://registry.npmjs.org/@types/react-dom/-/react-dom-18.2.5.tgz",
      "integrity": "sha512-sRQsOS/sCLnpQhR4DSKGTtWFE3FZjpQa86KPVbhUqdYMRZ9FEFcfAytKhR/vUG2rH1oFbOOej6cuD7MFSobDRQ==",
      "peer": true,
      "dependencies": {
        "@types/react": "*"
      }
    },
    "node_modules/@types/scheduler": {
      "version": "0.16.3",
      "resolved": "https://registry.npmjs.org/@types/scheduler/-/scheduler-0.16.3.tgz",
      "integrity": "sha512-5cJ8CB4yAx7BH1oMvdU0Jh9lrEXyPkar6F9G/ERswkCuvP4KQZfZkSjcMbAICCpQTN4OuZn8tz0HiKv9TGZgrQ==",
      "peer": true
    },
    "node_modules/csstype": {
      "version": "3.1.2",
      "resolved": "https://registry.npmjs.org/csstype/-/csstype-3.1.2.tgz",
      "integrity": "sha512-I7K1Uu0MBPzaFKg4nI5Q7Vs2t+3gWWW648spaF+Rg7pI9ds18Ugn+lvg4SHczUdKlHI5LWBXyqfS8+DufyBsgQ==",
      "peer": true
    },
    "node_modules/js-tokens": {
      "version": "4.0.0",
      "resolved": "https://registry.npmjs.org/js-tokens/-/js-tokens-4.0.0.tgz",
      "integrity": "sha512-RdJUflcE3cUzKiMqQgsCu06FPu9UdIJO0beYbPhHN4k6apgJtifcoCtT9bcxOpYBtpD2kCM6Sbzg4CausW/PKQ==",
      "peer": true
    },
    "node_modules/loose-envify": {
      "version": "1.4.0",
      "resolved": "https://registry.npmjs.org/loose-envify/-/loose-envify-1.4.0.tgz",
      "integrity": "sha512-lyuxPGr/Wfhrlem2CL/UcnUc1zcqKAImBDzukY7Y5F/yQiNdko6+fRLevlw1HgMySw7f611UIY408EtxRSoK3Q==",
      "peer": true,
      "dependencies": {
        "js-tokens": "^3.0.0 || ^4.0.0"
      },
      "bin": {
        "loose-envify": "cli.js"
      }
    },
    "node_modules/react": {
      "version": "18.2.0",
      "resolved": "https://registry.npmjs.org/react/-/react-18.2.0.tgz",
      "integrity": "sha512-/3IjMdb2L9QbBdWiW5e3P2/npwMBaU9mHCSCUzNln0ZCYbcfTsGbTJrU/kGemdH2IWmB2ioZ+zkxtmq6g09fGQ==",
      "peer": true,
      "dependencies": {
        "loose-envify": "^1.1.0"
      },
      "engines": {
        "node": ">=0.10.0"
      }
    },
    "node_modules/react-dom": {
      "version": "18.2.0",
      "resolved": "https://registry.npmjs.org/react-dom/-/react-dom-18.2.0.tgz",
      "integrity": "sha512-6IMTriUmvsjHUjNtEDudZfuDQUoWXVxKHhlEGSk81n4YFS+r/Kl99wXiwlVXtPBtJenozv2P+hxDsw9eA7Xo6g==",
      "peer": true,
      "dependencies": {
        "loose-envify": "^1.1.0",
        "scheduler": "^0.23.0"
      },
      "peerDependencies": {
        "react": "^18.2.0"
      }
    },
    "node_modules/scheduler": {
      "version": "0.23.0",
      "resolved": "https://registry.npmjs.org/scheduler/-/scheduler-0.23.0.tgz",
      "integrity": "sha512-CtuThmgHNg7zIZWAXi3AsyIzA3n4xx7aNyjwC2VJldO2LMVDhFK+63xGqq6CsJH4rTAt6/M+N4GhZiDYPx9eUw==",
      "peer": true,
      "dependencies": {
        "loose-envify": "^1.1.0"
      }
    },
    "node_modules/tslib": {
      "version": "2.5.3",
      "resolved": "https://registry.npmjs.org/tslib/-/tslib-2.5.3.tgz",
      "integrity": "sha512-mSxlJJwl3BMEQCUNnxXBU9jP4JBktcEGhURcPR6VQVlnP0FdDEsIaz0C35dXNGLyRfrATNofF0F5p2KPxQgB+w=="
    }
  },
  "dependencies": {
    "@fluentui/date-time-utilities": {
      "version": "8.5.12",
      "resolved": "https://registry.npmjs.org/@fluentui/date-time-utilities/-/date-time-utilities-8.5.12.tgz",
      "integrity": "sha512-N4Dt7MDJiEASF73hz1kWkNfGLdGa+joi+f1b5Pi57PI4SBpZ89OGumT+Z/iyuYwcTdz5aVeq03wTJkLdJQo2Gg==",
      "requires": {
        "@fluentui/set-version": "^8.2.11",
        "tslib": "^2.1.0"
      }
    },
    "@fluentui/dom-utilities": {
      "version": "2.2.11",
      "resolved": "https://registry.npmjs.org/@fluentui/dom-utilities/-/dom-utilities-2.2.11.tgz",
      "integrity": "sha512-2tXfg7/9PXu9nfU72/P3o3waHEFEQtHUfQbVexUaYqNNAxMj6sOfsqpUx4vd5nPgO+grSWrl+spqlLN2yej51w==",
      "requires": {
        "@fluentui/set-version": "^8.2.11",
        "tslib": "^2.1.0"
      }
    },
    "@fluentui/font-icons-mdl2": {
      "version": "8.5.21",
      "resolved": "https://registry.npmjs.org/@fluentui/font-icons-mdl2/-/font-icons-mdl2-8.5.21.tgz",
      "integrity": "sha512-B4w1jx/gNxDI/AbVwZtmcvb/5lG8HngWVwsDDtP2ZM4HEFZduY1XrQMak5mP1O9lTEpQKD+kv+uK70ocsfpUig==",
      "requires": {
        "@fluentui/set-version": "^8.2.11",
        "@fluentui/style-utilities": "^8.9.14",
        "@fluentui/utilities": "^8.13.16",
        "tslib": "^2.1.0"
      }
    },
    "@fluentui/foundation-legacy": {
      "version": "8.2.41",
      "resolved": "https://registry.npmjs.org/@fluentui/foundation-legacy/-/foundation-legacy-8.2.41.tgz",
      "integrity": "sha512-HgLWOjNwC0FkV9kN283E8AzGmswFJbu7AKQ+cyefPnOUdH3iopD2oW7Lqz7QBzIPgMV/8FHE+nCa2ZEbhvFPGg==",
      "requires": {
        "@fluentui/merge-styles": "^8.5.12",
        "@fluentui/set-version": "^8.2.11",
        "@fluentui/style-utilities": "^8.9.14",
        "@fluentui/utilities": "^8.13.16",
        "tslib": "^2.1.0"
      }
    },
    "@fluentui/keyboard-key": {
      "version": "0.4.11",
      "resolved": "https://registry.npmjs.org/@fluentui/keyboard-key/-/keyboard-key-0.4.11.tgz",
      "integrity": "sha512-TVB/EloWado9AVp1niChgcdDOQAHGP5B30Dinmtfe7zi8OnstwPoxwFP6dHJDdpLQ6ZEUTaEHViSzvewl7Chag==",
      "requires": {
        "tslib": "^2.1.0"
      }
    },
    "@fluentui/merge-styles": {
      "version": "8.5.12",
      "resolved": "https://registry.npmjs.org/@fluentui/merge-styles/-/merge-styles-8.5.12.tgz",
      "integrity": "sha512-ZnUo0YuMP7AYi68dkknFqVxopIAgbrUnqR/MZlemmRvBYyy1SMj1WQeHcoiLFA8mF8YKn7B+jxQgJbN2bfcrRw==",
      "requires": {
        "@fluentui/set-version": "^8.2.11",
        "tslib": "^2.1.0"
      }
    },
    "@fluentui/react": {
      "version": "8.110.3",
      "resolved": "https://registry.npmjs.org/@fluentui/react/-/react-8.110.3.tgz",
      "integrity": "sha512-VXlsLP9ZhwbyRczt/MIjiBONXRc6YxLMDwxMy/YVeLawY/8PC+YRiiKmVwzTq5RVGrOdyWsNBxonbb3GQz0t0w==",
      "requires": {
        "@fluentui/date-time-utilities": "^8.5.12",
        "@fluentui/font-icons-mdl2": "^8.5.21",
        "@fluentui/foundation-legacy": "^8.2.41",
        "@fluentui/merge-styles": "^8.5.12",
        "@fluentui/react-focus": "^8.8.28",
        "@fluentui/react-hooks": "^8.6.27",
        "@fluentui/react-portal-compat-context": "^9.0.6",
        "@fluentui/react-window-provider": "^2.2.15",
        "@fluentui/set-version": "^8.2.11",
        "@fluentui/style-utilities": "^8.9.14",
        "@fluentui/theme": "^2.6.32",
        "@fluentui/utilities": "^8.13.16",
        "@microsoft/load-themed-styles": "^1.10.26",
        "tslib": "^2.1.0"
      }
    },
    "@fluentui/react-focus": {
      "version": "8.8.28",
      "resolved": "https://registry.npmjs.org/@fluentui/react-focus/-/react-focus-8.8.28.tgz",
      "integrity": "sha512-gdBASqKW41tWnrNj3B3WQqYGXqnPOGZvQz9AILCY4g1oWv2QoQV1xRhVmzu6V/vJzUZDqOVyD/RseumGmIh8Yg==",
      "requires": {
        "@fluentui/keyboard-key": "^0.4.11",
        "@fluentui/merge-styles": "^8.5.12",
        "@fluentui/set-version": "^8.2.11",
        "@fluentui/style-utilities": "^8.9.14",
        "@fluentui/utilities": "^8.13.16",
        "tslib": "^2.1.0"
      }
    },
    "@fluentui/react-hooks": {
      "version": "8.6.27",
      "resolved": "https://registry.npmjs.org/@fluentui/react-hooks/-/react-hooks-8.6.27.tgz",
      "integrity": "sha512-4Thtr8LgM3/aGExWrIFtTfPX1sHirPTD9DxEkD2/GOPniN/dFBKYp0q1eyMkRu2/KXV6HUVyQL9hK+yfD9sIQQ==",
      "requires": {
        "@fluentui/react-window-provider": "^2.2.15",
        "@fluentui/set-version": "^8.2.11",
        "@fluentui/utilities": "^8.13.16",
        "tslib": "^2.1.0"
      }
    },
    "@fluentui/react-portal-compat-context": {
      "version": "9.0.6",
      "resolved": "https://registry.npmjs.org/@fluentui/react-portal-compat-context/-/react-portal-compat-context-9.0.6.tgz",
      "integrity": "sha512-HUt0/YXKRB4chtzlGbZ+7y7FHFyqaI0CeMFAe/QBXVOiOwA01QOr2j4Uky+30vupspIt6mjodLanuw1jMybmqQ==",
      "requires": {
        "@swc/helpers": "^0.4.14"
      }
    },
    "@fluentui/react-window-provider": {
      "version": "2.2.15",
      "resolved": "https://registry.npmjs.org/@fluentui/react-window-provider/-/react-window-provider-2.2.15.tgz",
      "integrity": "sha512-RraWvRe7wakpPJRBX2tlCV/cybOKiqLJ1UBLPNf5xq7ZIs0T0g/hh3G3Zb5teOeipjuRnl6srkdDUT9Dy9wrBg==",
      "requires": {
        "@fluentui/set-version": "^8.2.11",
        "tslib": "^2.1.0"
      }
    },
    "@fluentui/set-version": {
      "version": "8.2.11",
      "resolved": "https://registry.npmjs.org/@fluentui/set-version/-/set-version-8.2.11.tgz",
      "integrity": "sha512-UI03tysau/adBO1a3q4uFZWQ3lfkiFcAWIFng4k5odWcCokfCm5IxA0urKqj5W5JRYdyoBUaq8QbcNGkFB4dCw==",
      "requires": {
        "tslib": "^2.1.0"
      }
    },
    "@fluentui/style-utilities": {
      "version": "8.9.14",
      "resolved": "https://registry.npmjs.org/@fluentui/style-utilities/-/style-utilities-8.9.14.tgz",
      "integrity": "sha512-On48B9biXgV6PgimFdSwRuYLzue9PjwqxT31UP3w5uvwANL+Hqile5AbkR5g9RartoJiDIk1bHAP7QQkqI1jEg==",
      "requires": {
        "@fluentui/merge-styles": "^8.5.12",
        "@fluentui/set-version": "^8.2.11",
        "@fluentui/theme": "^2.6.32",
        "@fluentui/utilities": "^8.13.16",
        "@microsoft/load-themed-styles": "^1.10.26",
        "tslib": "^2.1.0"
      }
    },
    "@fluentui/theme": {
      "version": "2.6.32",
      "resolved": "https://registry.npmjs.org/@fluentui/theme/-/theme-2.6.32.tgz",
      "integrity": "sha512-UkDsCdQQTQb7Ib+tux2Octz3opTvnRDknXoVnC6yluQVd6ugM8eWDUphOgB7Vnsf1Ou7EhPKdIN6OHXHXuoIyA==",
      "requires": {
        "@fluentui/merge-styles": "^8.5.12",
        "@fluentui/set-version": "^8.2.11",
        "@fluentui/utilities": "^8.13.16",
        "tslib": "^2.1.0"
      }
    },
    "@fluentui/utilities": {
      "version": "8.13.16",
      "resolved": "https://registry.npmjs.org/@fluentui/utilities/-/utilities-8.13.16.tgz",
      "integrity": "sha512-NAz7892Fjf4SNj7QCXuL/WGaZHc5GfCkT2trRFAhduSDXTib1dFANmS/yH2u9dH+27WAtu9pD9p9KbEhrWK4MQ==",
      "requires": {
        "@fluentui/dom-utilities": "^2.2.11",
        "@fluentui/merge-styles": "^8.5.12",
        "@fluentui/set-version": "^8.2.11",
        "tslib": "^2.1.0"
      }
    },
    "@microsoft/load-themed-styles": {
      "version": "1.10.295",
      "resolved": "https://registry.npmjs.org/@microsoft/load-themed-styles/-/load-themed-styles-1.10.295.tgz",
      "integrity": "sha512-W+IzEBw8a6LOOfRJM02dTT7BDZijxm+Z7lhtOAz1+y9vQm1Kdz9jlAO+qCEKsfxtUOmKilW8DIRqFw2aUgKeGg=="
    },
    "@swc/helpers": {
      "version": "0.4.14",
      "resolved": "https://registry.npmjs.org/@swc/helpers/-/helpers-0.4.14.tgz",
      "integrity": "sha512-4C7nX/dvpzB7za4Ql9K81xK3HPxCpHMgwTZVyf+9JQ6VUbn9jjZVN7/Nkdz/Ugzs2CSjqnL/UPXroiVBVHUWUw==",
      "requires": {
        "tslib": "^2.4.0"
      }
    },
    "@types/prop-types": {
      "version": "15.7.5",
      "resolved": "https://registry.npmjs.org/@types/prop-types/-/prop-types-15.7.5.tgz",
      "integrity": "sha512-JCB8C6SnDoQf0cNycqd/35A7MjcnK+ZTqE7judS6o7utxUCg6imJg3QK2qzHKszlTjcj2cn+NwMB2i96ubpj7w==",
      "peer": true
    },
    "@types/react": {
      "version": "17.0.62",
      "resolved": "https://registry.npmjs.org/@types/react/-/react-17.0.62.tgz",
      "integrity": "sha512-eANCyz9DG8p/Vdhr0ZKST8JV12PhH2ACCDYlFw6DIO+D+ca+uP4jtEDEpVqXZrh/uZdXQGwk7whJa3ah5DtyLw==",
      "peer": true,
      "requires": {
        "@types/prop-types": "*",
        "@types/scheduler": "*",
        "csstype": "^3.0.2"
      }
    },
    "@types/react-dom": {
      "version": "18.2.5",
      "resolved": "https://registry.npmjs.org/@types/react-dom/-/react-dom-18.2.5.tgz",
      "integrity": "sha512-sRQsOS/sCLnpQhR4DSKGTtWFE3FZjpQa86KPVbhUqdYMRZ9FEFcfAytKhR/vUG2rH1oFbOOej6cuD7MFSobDRQ==",
      "peer": true,
      "requires": {
        "@types/react": "*"
      }
    },
    "@types/scheduler": {
      "version": "0.16.3",
      "resolved": "https://registry.npmjs.org/@types/scheduler/-/scheduler-0.16.3.tgz",
      "integrity": "sha512-5cJ8CB4yAx7BH1oMvdU0Jh9lrEXyPkar6F9G/ERswkCuvP4KQZfZkSjcMbAICCpQTN4OuZn8tz0HiKv9TGZgrQ==",
      "peer": true
    },
    "csstype": {
      "version": "3.1.2",
      "resolved": "https://registry.npmjs.org/csstype/-/csstype-3.1.2.tgz",
      "integrity": "sha512-I7K1Uu0MBPzaFKg4nI5Q7Vs2t+3gWWW648spaF+Rg7pI9ds18Ugn+lvg4SHczUdKlHI5LWBXyqfS8+DufyBsgQ==",
      "peer": true
    },
    "js-tokens": {
      "version": "4.0.0",
      "resolved": "https://registry.npmjs.org/js-tokens/-/js-tokens-4.0.0.tgz",
      "integrity": "sha512-RdJUflcE3cUzKiMqQgsCu06FPu9UdIJO0beYbPhHN4k6apgJtifcoCtT9bcxOpYBtpD2kCM6Sbzg4CausW/PKQ==",
      "peer": true
    },
    "loose-envify": {
      "version": "1.4.0",
      "resolved": "https://registry.npmjs.org/loose-envify/-/loose-envify-1.4.0.tgz",
      "integrity": "sha512-lyuxPGr/Wfhrlem2CL/UcnUc1zcqKAImBDzukY7Y5F/yQiNdko6+fRLevlw1HgMySw7f611UIY408EtxRSoK3Q==",
      "peer": true,
      "requires": {
        "js-tokens": "^3.0.0 || ^4.0.0"
      }
    },
    "react": {
      "version": "18.2.0",
      "resolved": "https://registry.npmjs.org/react/-/react-18.2.0.tgz",
      "integrity": "sha512-/3IjMdb2L9QbBdWiW5e3P2/npwMBaU9mHCSCUzNln0ZCYbcfTsGbTJrU/kGemdH2IWmB2ioZ+zkxtmq6g09fGQ==",
      "peer": true,
      "requires": {
        "loose-envify": "^1.1.0"
      }
    },
    "react-dom": {
      "version": "18.2.0",
      "resolved": "https://registry.npmjs.org/react-dom/-/react-dom-18.2.0.tgz",
      "integrity": "sha512-6IMTriUmvsjHUjNtEDudZfuDQUoWXVxKHhlEGSk81n4YFS+r/Kl99wXiwlVXtPBtJenozv2P+hxDsw9eA7Xo6g==",
      "peer": true,
      "requires": {
        "loose-envify": "^1.1.0",
        "scheduler": "^0.23.0"
      }
    },
    "scheduler": {
      "version": "0.23.0",
      "resolved": "https://registry.npmjs.org/scheduler/-/scheduler-0.23.0.tgz",
      "integrity": "sha512-CtuThmgHNg7zIZWAXi3AsyIzA3n4xx7aNyjwC2VJldO2LMVDhFK+63xGqq6CsJH4rTAt6/M+N4GhZiDYPx9eUw==",
      "peer": true,
      "requires": {
        "loose-envify": "^1.1.0"
      }
    },
    "tslib": {
      "version": "2.5.3",
      "resolved": "https://registry.npmjs.org/tslib/-/tslib-2.5.3.tgz",
      "integrity": "sha512-mSxlJJwl3BMEQCUNnxXBU9jP4JBktcEGhURcPR6VQVlnP0FdDEsIaz0C35dXNGLyRfrATNofF0F5p2KPxQgB+w=="
    }
  }
}
